
Microsoft Visual Studio Solution File, Format Version 12.00
# Visual Studio Version 17
VisualStudioVersion = 17.10.34928.147
MinimumVisualStudioVersion = 10.0.40219.1
Project("{8BC9CEB8-8B4A-11D0-8D11-00A0C91BC942}") = "UPRISE_ENGINE", "UPRISE_ENGINE\UPRISE_ENGINE.vcxproj", "{FC42D7FD-7396-413A-8D7D-7FFC9E44A290}"
	ProjectSection(ProjectDependencies) = postProject
		{1F6C4C2C-0C06-460C-8254-C733DC3FF1C2} = {1F6C4C2C-0C06-460C-8254-C733DC3FF1C2}
		{5257DBE4-217D-4CB6-A0D5-8B072A269FF4} = {5257DBE4-217D-4CB6-A0D5-8B072A269FF4}
		{561A8570-925E-4F32-B7C7-BD5D5EE4E0A0} = {561A8570-925E-4F32-B7C7-BD5D5EE4E0A0}
	EndProjectSection
EndProject
Project("{8BC9CEB8-8B4A-11D0-8D11-00A0C91BC942}") = "UPRISE_GAME", "UPRISE_GAME\UPRISE_GAME.vcxproj", "{1F6C4C2C-0C06-460C-8254-C733DC3FF1C2}"
EndProject
Project("{8BC9CEB8-8B4A-11D0-8D11-00A0C91BC942}") = "blink", "BLINK\blink.vcxproj", "{188B7270-046B-476D-A32D-34390DA1A885}"
EndProject
Project("{2150E333-8FDC-42A3-9474-1A3956D46DE8}") = "Solution Items", "Solution Items", "{6A0F2B59-A3F4-4BBF-9091-783EEEB1362F}"
	ProjectSection(SolutionItems) = preProject
		.editorconfig = .editorconfig
		CONFIG_PLANING.txt = CONFIG_PLANING.txt
		NAMING.txt = NAMING.txt
		Prefab File Type.txt = Prefab File Type.txt
		RegisterScripts.py = RegisterScripts.py
	EndProjectSection
EndProject
Project("{888888A0-9F3D-457C-B088-3A5042F75D52}") = "Custom_Build_Steps", "Custom_Build_Steps\Custom_Build_Steps.pyproj", "{6022CAC1-E539-4231-A413-06ECE5350BD5}"
EndProject
Project("{8BC9CEB8-8B4A-11D0-8D11-00A0C91BC942}") = "UPRISE_EDITOR", "UPRISE_EDITOR\UPRISE_EDITOR.vcxproj", "{5257DBE4-217D-4CB6-A0D5-8B072A269FF4}"
EndProject
Project("{6989167D-11E4-40FE-8C1A-2192A86A7E90}") = "UPRISE_MATH", "UPRISE_MATH\UPRISE_MATH.vfproj", "{561A8570-925E-4F32-B7C7-BD5D5EE4E0A0}"
EndProject
Project("{8BC9CEB8-8B4A-11D0-8D11-00A0C91BC942}") = "UPRISE_PROFILER", "UPRISE_PROFILER\UPRISE_PROFILER.vcxproj", "{72532F54-0C26-47F0-8627-F136A3A81543}"
EndProject
Project("{8BC9CEB8-8B4A-11D0-8D11-00A0C91BC942}") = "UPRISE_API", "UPRISE_API\UPRISE_API.vcxproj", "{AC4134D7-0D98-49B5-8E33-6A1539898730}"
EndProject
Project("{8BC9CEB8-8B4A-11D0-8D11-00A0C91BC942}") = "UPRISE_LINKER", "UPRISE_LINKER\UPRISE_LINKER.vcxproj", "{4AB0825A-D285-464F-95DB-A73A857316DD}"
EndProject
Project("{8BC9CEB8-8B4A-11D0-8D11-00A0C91BC942}") = "UPRISE_PLUGIN_COMPILER", "UPRISE_PLUGIN_COMPILER\UPRISE_PLUGIN_COMPILER.vcxproj", "{9747ED92-88A5-4601-ADCB-7C7E218455CC}"
EndProject
Project("{2150E333-8FDC-42A3-9474-1A3956D46DE8}") = "SHARED ITEMS", "SHARED ITEMS", "{70AAA4E2-F892-46CD-ABA2-3FA76727E2FC}"
EndProject
Project("{2150E333-8FDC-42A3-9474-1A3956D46DE8}") = "modules", "modules", "{B01F7882-1E2C-4D83-BC1E-ED77B9A6F336}"
EndProject
Project("{8BC9CEB8-8B4A-11D0-8D11-00A0C91BC942}") = "SHARED_CODE", "SHARED_CODE\SHARED_CODE.vcxproj", "{CF8B8AFB-7831-46B5-9E19-20AEA7EAB38A}"
EndProject
Project("{2150E333-8FDC-42A3-9474-1A3956D46DE8}") = "LANGUAGE DEF", "LANGUAGE DEF", "{3E5E641B-2E9B-400B-84BD-0F222FF5B069}"
EndProject
Project("{8BC9CEB8-8B4A-11D0-8D11-00A0C91BC942}") = "UPRISE_ENGINE_CORE", "UPRISE_ENGINE_MODULAR\UPRISE_ENGINE_CORE\UPRISE_ENGINE_CORE.vcxproj", "{939E1CEA-0C8C-4AF2-9DDE-0CD88DDC0025}"
EndProject
Project("{8BC9CEB8-8B4A-11D0-8D11-00A0C91BC942}") = "UPRISE_ENGINE_PHYSICS", "UPRISE_ENGINE_MODULAR\UPRISE_ENGINE_PHYSICS\UPRISE_ENGINE_PHYSICS.vcxproj", "{442C713E-CC6D-46A9-B3FB-6D10C46ED910}"
EndProject
Project("{8BC9CEB8-8B4A-11D0-8D11-00A0C91BC942}") = "UPRISE_ENGINE_ECS", "UPRISE_ENGINE_MODULAR\UPRISE_ENGINE_ECS\UPRISE_ENGINE_ECS.vcxproj", "{57B8F89D-B0B9-4666-A7F0-2E81A8FDEA26}"
	ProjectSection(ProjectDependencies) = postProject
		{939E1CEA-0C8C-4AF2-9DDE-0CD88DDC0025} = {939E1CEA-0C8C-4AF2-9DDE-0CD88DDC0025}
		{AB9EE30B-8226-43BC-8687-B6C8D91FC648} = {AB9EE30B-8226-43BC-8687-B6C8D91FC648}
		{CF8B8AFB-7831-46B5-9E19-20AEA7EAB38A} = {CF8B8AFB-7831-46B5-9E19-20AEA7EAB38A}
	EndProjectSection
EndProject
Project("{8BC9CEB8-8B4A-11D0-8D11-00A0C91BC942}") = "UPRISE_ENGINE_RENDER", "UPRISE_ENGINE_MODULAR\UPRISE_ENGINE_RENDER\UPRISE_ENGINE_RENDER.vcxproj", "{C8F1D4B6-D596-4E4E-B305-B4BA9CAE475A}"
	ProjectSection(ProjectDependencies) = postProject
		{939E1CEA-0C8C-4AF2-9DDE-0CD88DDC0025} = {939E1CEA-0C8C-4AF2-9DDE-0CD88DDC0025}
		{AB9EE30B-8226-43BC-8687-B6C8D91FC648} = {AB9EE30B-8226-43BC-8687-B6C8D91FC648}
		{CF8B8AFB-7831-46B5-9E19-20AEA7EAB38A} = {CF8B8AFB-7831-46B5-9E19-20AEA7EAB38A}
	EndProjectSection
EndProject
Project("{8BC9CEB8-8B4A-11D0-8D11-00A0C91BC942}") = "UPRISE_ENGINE_DEBUG", "UPRISE_ENGINE_MODULAR\UPRISE_ENGINE_DEBUG\UPRISE_ENGINE_DEBUG.vcxproj", "{AB9EE30B-8226-43BC-8687-B6C8D91FC648}"
EndProject
Project("{8BC9CEB8-8B4A-11D0-8D11-00A0C91BC942}") = "UPRISE_ENGINE_EE", "UPRISE_ENGINE_MODULAR\UPRISE_ENGINE_EE\UPRISE_ENGINE_EE.vcxproj", "{C884A625-C892-4EE4-89AC-3592F9CAC19D}"
EndProject
Project("{8BC9CEB8-8B4A-11D0-8D11-00A0C91BC942}") = "UPRISE_ENGINE_EDITOR", "UPRISE_ENGINE_MODULAR\UPRISE_ENGINE_EDITOR\UPRISE_ENGINE_EDITOR.vcxproj", "{2A36C48B-AFB0-4883-AB6E-14C31C20B05F}"
EndProject
Project("{8BC9CEB8-8B4A-11D0-8D11-00A0C91BC942}") = "UPRISE_ENGINE_META", "UPRISE_ENGINE_MODULAR\UPRISE_ENGINE_META\UPRISE_ENGINE_META.vcxproj", "{BA2FCD36-58B5-41DC-B76D-98448F5CEB48}"
EndProject
Project("{8BC9CEB8-8B4A-11D0-8D11-00A0C91BC942}") = "UPRISE_EDITOR_APPLICATION", "UPRISE_EDITOR_APPLICATION\UPRISE_EDITOR_APPLICATION.vcxproj", "{3BE6BF9C-DEBF-4E81-9D65-BF01F1A5B84D}"
EndProject
Project("{8BC9CEB8-8B4A-11D0-8D11-00A0C91BC942}") = "UPRISE_ENGINE_OPENGL_RENDER", "UPRISE_ENGINE_MODULAR\UPRISE_ENGINE_OPENGL_RENDER\UPRISE_ENGINE_OPENGL_RENDER.vcxproj", "{CB64DEEA-9DAD-4F46-82B6-77E070E812AE}"
EndProject
Project("{8BC9CEB8-8B4A-11D0-8D11-00A0C91BC942}") = "UPRISE_ENGINE_DX11_RENDER", "UPRISE_ENGINE_MODULAR\UPRISE_ENGINE_DX11_RENDER\UPRISE_ENGINE_DX11_RENDER.vcxproj", "{483B1159-0395-4F95-89D5-239C56A766B2}"
EndProject
Project("{8BC9CEB8-8B4A-11D0-8D11-00A0C91BC942}") = "UPRISE_ENGINE_DX12_RENDER", "UPRISE_ENGINE_MODULAR\UPRISE_ENGINE_DX12_RENDER\UPRISE_ENGINE_DX12_RENDER.vcxproj", "{1AA17C8E-5E34-44C9-B1EC-99CEBB71D081}"
EndProject
Project("{8BC9CEB8-8B4A-11D0-8D11-00A0C91BC942}") = "UPRISE_ENGINE_VULKAN_RENDER", "UPRISE_ENGINE_MODULAR\UPRISE_ENGINE_VULKAN_RENDER\UPRISE_ENGINE_VULKAN_RENDER.vcxproj", "{D348FDC4-8627-4A34-BF46-AF78317C2EA8}"
EndProject
Project("{8BC9CEB8-8B4A-11D0-8D11-00A0C91BC942}") = "UPRISE_ENGINE_COMMON_RENDER_COMPS", "UPRISE_ENGINE_MODULAR\UPRISE_ENGINE_COMMON_RENDER_COMPS\UPRISE_ENGINE_COMMON_RENDER_COMPS.vcxproj", "{1BDCBD72-0108-4821-8882-3646F78E4699}"
EndProject
Global
	GlobalSection(SolutionConfigurationPlatforms) = preSolution
		buils|Any CPU = buils|Any CPU
		buils|x64 = buils|x64
		buils|x86 = buils|x86
		Debug|Any CPU = Debug|Any CPU
		Debug|x64 = Debug|x64
		Debug|x86 = Debug|x86
		Release|Any CPU = Release|Any CPU
		Release|x64 = Release|x64
		Release|x86 = Release|x86
		TEST|Any CPU = TEST|Any CPU
		TEST|x64 = TEST|x64
		TEST|x86 = TEST|x86
	EndGlobalSection
	GlobalSection(ProjectConfigurationPlatforms) = postSolution
		{FC42D7FD-7396-413A-8D7D-7FFC9E44A290}.buils|Any CPU.ActiveCfg = buils|x64
		{FC42D7FD-7396-413A-8D7D-7FFC9E44A290}.buils|Any CPU.Build.0 = buils|x64
		{FC42D7FD-7396-413A-8D7D-7FFC9E44A290}.buils|x64.ActiveCfg = buils|x64
		{FC42D7FD-7396-413A-8D7D-7FFC9E44A290}.buils|x64.Build.0 = buils|x64
		{FC42D7FD-7396-413A-8D7D-7FFC9E44A290}.buils|x86.ActiveCfg = buils|Win32
		{FC42D7FD-7396-413A-8D7D-7FFC9E44A290}.buils|x86.Build.0 = buils|Win32
		{FC42D7FD-7396-413A-8D7D-7FFC9E44A290}.Debug|Any CPU.ActiveCfg = Debug|x64
		{FC42D7FD-7396-413A-8D7D-7FFC9E44A290}.Debug|Any CPU.Build.0 = Debug|x64
		{FC42D7FD-7396-413A-8D7D-7FFC9E44A290}.Debug|x64.ActiveCfg = Debug|x64
		{FC42D7FD-7396-413A-8D7D-7FFC9E44A290}.Debug|x64.Build.0 = Debug|x64
		{FC42D7FD-7396-413A-8D7D-7FFC9E44A290}.Debug|x86.ActiveCfg = Debug|Win32
		{FC42D7FD-7396-413A-8D7D-7FFC9E44A290}.Debug|x86.Build.0 = Debug|Win32
		{FC42D7FD-7396-413A-8D7D-7FFC9E44A290}.Release|Any CPU.ActiveCfg = Release|x64
		{FC42D7FD-7396-413A-8D7D-7FFC9E44A290}.Release|Any CPU.Build.0 = Release|x64
		{FC42D7FD-7396-413A-8D7D-7FFC9E44A290}.Release|x64.ActiveCfg = Release|x64
		{FC42D7FD-7396-413A-8D7D-7FFC9E44A290}.Release|x64.Build.0 = Release|x64
		{FC42D7FD-7396-413A-8D7D-7FFC9E44A290}.Release|x86.ActiveCfg = Release|Win32
		{FC42D7FD-7396-413A-8D7D-7FFC9E44A290}.Release|x86.Build.0 = Release|Win32
		{FC42D7FD-7396-413A-8D7D-7FFC9E44A290}.TEST|Any CPU.ActiveCfg = TEST|x64
		{FC42D7FD-7396-413A-8D7D-7FFC9E44A290}.TEST|Any CPU.Build.0 = TEST|x64
		{FC42D7FD-7396-413A-8D7D-7FFC9E44A290}.TEST|x64.ActiveCfg = TEST|x64
		{FC42D7FD-7396-413A-8D7D-7FFC9E44A290}.TEST|x64.Build.0 = TEST|x64
		{FC42D7FD-7396-413A-8D7D-7FFC9E44A290}.TEST|x86.ActiveCfg = TEST|Win32
		{FC42D7FD-7396-413A-8D7D-7FFC9E44A290}.TEST|x86.Build.0 = TEST|Win32
		{1F6C4C2C-0C06-460C-8254-C733DC3FF1C2}.buils|Any CPU.ActiveCfg = buils|x64
		{1F6C4C2C-0C06-460C-8254-C733DC3FF1C2}.buils|Any CPU.Build.0 = buils|x64
		{1F6C4C2C-0C06-460C-8254-C733DC3FF1C2}.buils|x64.ActiveCfg = buils|x64
		{1F6C4C2C-0C06-460C-8254-C733DC3FF1C2}.buils|x64.Build.0 = buils|x64
		{1F6C4C2C-0C06-460C-8254-C733DC3FF1C2}.buils|x86.ActiveCfg = buils|Win32
		{1F6C4C2C-0C06-460C-8254-C733DC3FF1C2}.buils|x86.Build.0 = buils|Win32
		{1F6C4C2C-0C06-460C-8254-C733DC3FF1C2}.Debug|Any CPU.ActiveCfg = Debug|x64
		{1F6C4C2C-0C06-460C-8254-C733DC3FF1C2}.Debug|Any CPU.Build.0 = Debug|x64
		{1F6C4C2C-0C06-460C-8254-C733DC3FF1C2}.Debug|x64.ActiveCfg = Debug|x64
		{1F6C4C2C-0C06-460C-8254-C733DC3FF1C2}.Debug|x64.Build.0 = Debug|x64
		{1F6C4C2C-0C06-460C-8254-C733DC3FF1C2}.Debug|x86.ActiveCfg = Debug|Win32
		{1F6C4C2C-0C06-460C-8254-C733DC3FF1C2}.Debug|x86.Build.0 = Debug|Win32
		{1F6C4C2C-0C06-460C-8254-C733DC3FF1C2}.Release|Any CPU.ActiveCfg = Release|x64
		{1F6C4C2C-0C06-460C-8254-C733DC3FF1C2}.Release|Any CPU.Build.0 = Release|x64
		{1F6C4C2C-0C06-460C-8254-C733DC3FF1C2}.Release|x64.ActiveCfg = Release|x64
		{1F6C4C2C-0C06-460C-8254-C733DC3FF1C2}.Release|x64.Build.0 = Release|x64
		{1F6C4C2C-0C06-460C-8254-C733DC3FF1C2}.Release|x86.ActiveCfg = Release|Win32
		{1F6C4C2C-0C06-460C-8254-C733DC3FF1C2}.Release|x86.Build.0 = Release|Win32
		{1F6C4C2C-0C06-460C-8254-C733DC3FF1C2}.TEST|Any CPU.ActiveCfg = TEST|x64
		{1F6C4C2C-0C06-460C-8254-C733DC3FF1C2}.TEST|Any CPU.Build.0 = TEST|x64
		{1F6C4C2C-0C06-460C-8254-C733DC3FF1C2}.TEST|x64.ActiveCfg = TEST|x64
		{1F6C4C2C-0C06-460C-8254-C733DC3FF1C2}.TEST|x64.Build.0 = TEST|x64
		{1F6C4C2C-0C06-460C-8254-C733DC3FF1C2}.TEST|x86.ActiveCfg = TEST|Win32
		{1F6C4C2C-0C06-460C-8254-C733DC3FF1C2}.TEST|x86.Build.0 = TEST|Win32
		{188B7270-046B-476D-A32D-34390DA1A885}.buils|Any CPU.ActiveCfg = buils|x64
		{188B7270-046B-476D-A32D-34390DA1A885}.buils|Any CPU.Build.0 = buils|x64
		{188B7270-046B-476D-A32D-34390DA1A885}.buils|x64.ActiveCfg = buils|x64
		{188B7270-046B-476D-A32D-34390DA1A885}.buils|x64.Build.0 = buils|x64
		{188B7270-046B-476D-A32D-34390DA1A885}.buils|x86.ActiveCfg = buils|Win32
		{188B7270-046B-476D-A32D-34390DA1A885}.buils|x86.Build.0 = buils|Win32
		{188B7270-046B-476D-A32D-34390DA1A885}.Debug|Any CPU.ActiveCfg = Debug|x64
		{188B7270-046B-476D-A32D-34390DA1A885}.Debug|Any CPU.Build.0 = Debug|x64
		{188B7270-046B-476D-A32D-34390DA1A885}.Debug|x64.ActiveCfg = Debug|x64
		{188B7270-046B-476D-A32D-34390DA1A885}.Debug|x64.Build.0 = Debug|x64
		{188B7270-046B-476D-A32D-34390DA1A885}.Debug|x86.ActiveCfg = Debug|Win32
		{188B7270-046B-476D-A32D-34390DA1A885}.Debug|x86.Build.0 = Debug|Win32
		{188B7270-046B-476D-A32D-34390DA1A885}.Release|Any CPU.ActiveCfg = Release|x64
		{188B7270-046B-476D-A32D-34390DA1A885}.Release|Any CPU.Build.0 = Release|x64
		{188B7270-046B-476D-A32D-34390DA1A885}.Release|x64.ActiveCfg = Release|x64
		{188B7270-046B-476D-A32D-34390DA1A885}.Release|x64.Build.0 = Release|x64
		{188B7270-046B-476D-A32D-34390DA1A885}.Release|x86.ActiveCfg = Release|Win32
		{188B7270-046B-476D-A32D-34390DA1A885}.Release|x86.Build.0 = Release|Win32
		{188B7270-046B-476D-A32D-34390DA1A885}.TEST|Any CPU.ActiveCfg = TEST|x64
		{188B7270-046B-476D-A32D-34390DA1A885}.TEST|Any CPU.Build.0 = TEST|x64
		{188B7270-046B-476D-A32D-34390DA1A885}.TEST|x64.ActiveCfg = TEST|x64
		{188B7270-046B-476D-A32D-34390DA1A885}.TEST|x64.Build.0 = TEST|x64
		{188B7270-046B-476D-A32D-34390DA1A885}.TEST|x86.ActiveCfg = TEST|Win32
		{188B7270-046B-476D-A32D-34390DA1A885}.TEST|x86.Build.0 = TEST|Win32
		{6022CAC1-E539-4231-A413-06ECE5350BD5}.buils|Any CPU.ActiveCfg = buils|Any CPU
		{6022CAC1-E539-4231-A413-06ECE5350BD5}.buils|x64.ActiveCfg = buils|Any CPU
		{6022CAC1-E539-4231-A413-06ECE5350BD5}.buils|x86.ActiveCfg = buils|Any CPU
		{6022CAC1-E539-4231-A413-06ECE5350BD5}.Debug|Any CPU.ActiveCfg = Debug|Any CPU
		{6022CAC1-E539-4231-A413-06ECE5350BD5}.Debug|x64.ActiveCfg = Debug|Any CPU
		{6022CAC1-E539-4231-A413-06ECE5350BD5}.Debug|x86.ActiveCfg = Debug|Any CPU
		{6022CAC1-E539-4231-A413-06ECE5350BD5}.Release|Any CPU.ActiveCfg = Release|Any CPU
		{6022CAC1-E539-4231-A413-06ECE5350BD5}.Release|x64.ActiveCfg = Release|Any CPU
		{6022CAC1-E539-4231-A413-06ECE5350BD5}.Release|x86.ActiveCfg = Release|Any CPU
		{6022CAC1-E539-4231-A413-06ECE5350BD5}.TEST|Any CPU.ActiveCfg = TEST|Any CPU
		{6022CAC1-E539-4231-A413-06ECE5350BD5}.TEST|x64.ActiveCfg = TEST|Any CPU
		{6022CAC1-E539-4231-A413-06ECE5350BD5}.TEST|x86.ActiveCfg = TEST|Any CPU
		{5257DBE4-217D-4CB6-A0D5-8B072A269FF4}.buils|Any CPU.ActiveCfg = buils|x64
		{5257DBE4-217D-4CB6-A0D5-8B072A269FF4}.buils|Any CPU.Build.0 = buils|x64
		{5257DBE4-217D-4CB6-A0D5-8B072A269FF4}.buils|x64.ActiveCfg = buils|x64
		{5257DBE4-217D-4CB6-A0D5-8B072A269FF4}.buils|x64.Build.0 = buils|x64
		{5257DBE4-217D-4CB6-A0D5-8B072A269FF4}.buils|x86.ActiveCfg = buils|Win32
		{5257DBE4-217D-4CB6-A0D5-8B072A269FF4}.buils|x86.Build.0 = buils|Win32
		{5257DBE4-217D-4CB6-A0D5-8B072A269FF4}.Debug|Any CPU.ActiveCfg = Debug|x64
		{5257DBE4-217D-4CB6-A0D5-8B072A269FF4}.Debug|Any CPU.Build.0 = Debug|x64
		{5257DBE4-217D-4CB6-A0D5-8B072A269FF4}.Debug|x64.ActiveCfg = Debug|x64
		{5257DBE4-217D-4CB6-A0D5-8B072A269FF4}.Debug|x64.Build.0 = Debug|x64
		{5257DBE4-217D-4CB6-A0D5-8B072A269FF4}.Debug|x86.ActiveCfg = Debug|Win32
		{5257DBE4-217D-4CB6-A0D5-8B072A269FF4}.Debug|x86.Build.0 = Debug|Win32
		{5257DBE4-217D-4CB6-A0D5-8B072A269FF4}.Release|Any CPU.ActiveCfg = Release|x64
		{5257DBE4-217D-4CB6-A0D5-8B072A269FF4}.Release|Any CPU.Build.0 = Release|x64
		{5257DBE4-217D-4CB6-A0D5-8B072A269FF4}.Release|x64.ActiveCfg = Release|x64
		{5257DBE4-217D-4CB6-A0D5-8B072A269FF4}.Release|x64.Build.0 = Release|x64
		{5257DBE4-217D-4CB6-A0D5-8B072A269FF4}.Release|x86.ActiveCfg = Release|Win32
		{5257DBE4-217D-4CB6-A0D5-8B072A269FF4}.Release|x86.Build.0 = Release|Win32
		{5257DBE4-217D-4CB6-A0D5-8B072A269FF4}.TEST|Any CPU.ActiveCfg = TEST|x64
		{5257DBE4-217D-4CB6-A0D5-8B072A269FF4}.TEST|Any CPU.Build.0 = TEST|x64
		{5257DBE4-217D-4CB6-A0D5-8B072A269FF4}.TEST|x64.ActiveCfg = TEST|x64
		{5257DBE4-217D-4CB6-A0D5-8B072A269FF4}.TEST|x64.Build.0 = TEST|x64
		{5257DBE4-217D-4CB6-A0D5-8B072A269FF4}.TEST|x86.ActiveCfg = TEST|Win32
		{5257DBE4-217D-4CB6-A0D5-8B072A269FF4}.TEST|x86.Build.0 = TEST|Win32
		{561A8570-925E-4F32-B7C7-BD5D5EE4E0A0}.buils|Any CPU.ActiveCfg = buils|x64
		{561A8570-925E-4F32-B7C7-BD5D5EE4E0A0}.buils|Any CPU.Build.0 = buils|x64
		{561A8570-925E-4F32-B7C7-BD5D5EE4E0A0}.buils|x64.ActiveCfg = buils|x64
		{561A8570-925E-4F32-B7C7-BD5D5EE4E0A0}.buils|x64.Build.0 = buils|x64
		{561A8570-925E-4F32-B7C7-BD5D5EE4E0A0}.buils|x86.ActiveCfg = buils|Win32
		{561A8570-925E-4F32-B7C7-BD5D5EE4E0A0}.buils|x86.Build.0 = buils|Win32
		{561A8570-925E-4F32-B7C7-BD5D5EE4E0A0}.Debug|Any CPU.ActiveCfg = Debug|x64
		{561A8570-925E-4F32-B7C7-BD5D5EE4E0A0}.Debug|Any CPU.Build.0 = Debug|x64
		{561A8570-925E-4F32-B7C7-BD5D5EE4E0A0}.Debug|x64.ActiveCfg = Debug|x64
		{561A8570-925E-4F32-B7C7-BD5D5EE4E0A0}.Debug|x64.Build.0 = Debug|x64
		{561A8570-925E-4F32-B7C7-BD5D5EE4E0A0}.Debug|x86.ActiveCfg = Debug|Win32
		{561A8570-925E-4F32-B7C7-BD5D5EE4E0A0}.Debug|x86.Build.0 = Debug|Win32
		{561A8570-925E-4F32-B7C7-BD5D5EE4E0A0}.Release|Any CPU.ActiveCfg = Release|x64
		{561A8570-925E-4F32-B7C7-BD5D5EE4E0A0}.Release|Any CPU.Build.0 = Release|x64
		{561A8570-925E-4F32-B7C7-BD5D5EE4E0A0}.Release|x64.ActiveCfg = Release|x64
		{561A8570-925E-4F32-B7C7-BD5D5EE4E0A0}.Release|x64.Build.0 = Release|x64
		{561A8570-925E-4F32-B7C7-BD5D5EE4E0A0}.Release|x86.ActiveCfg = Release|Win32
		{561A8570-925E-4F32-B7C7-BD5D5EE4E0A0}.Release|x86.Build.0 = Release|Win32
		{561A8570-925E-4F32-B7C7-BD5D5EE4E0A0}.TEST|Any CPU.ActiveCfg = TEST|x64
		{561A8570-925E-4F32-B7C7-BD5D5EE4E0A0}.TEST|Any CPU.Build.0 = TEST|x64
		{561A8570-925E-4F32-B7C7-BD5D5EE4E0A0}.TEST|x64.ActiveCfg = TEST|x64
		{561A8570-925E-4F32-B7C7-BD5D5EE4E0A0}.TEST|x64.Build.0 = TEST|x64
		{561A8570-925E-4F32-B7C7-BD5D5EE4E0A0}.TEST|x86.ActiveCfg = TEST|Win32
		{561A8570-925E-4F32-B7C7-BD5D5EE4E0A0}.TEST|x86.Build.0 = TEST|Win32
		{72532F54-0C26-47F0-8627-F136A3A81543}.buils|Any CPU.ActiveCfg = buils|x64
		{72532F54-0C26-47F0-8627-F136A3A81543}.buils|Any CPU.Build.0 = buils|x64
		{72532F54-0C26-47F0-8627-F136A3A81543}.buils|x64.ActiveCfg = buils|x64
		{72532F54-0C26-47F0-8627-F136A3A81543}.buils|x64.Build.0 = buils|x64
		{72532F54-0C26-47F0-8627-F136A3A81543}.buils|x86.ActiveCfg = buils|Win32
		{72532F54-0C26-47F0-8627-F136A3A81543}.buils|x86.Build.0 = buils|Win32
		{72532F54-0C26-47F0-8627-F136A3A81543}.Debug|Any CPU.ActiveCfg = Debug|x64
		{72532F54-0C26-47F0-8627-F136A3A81543}.Debug|Any CPU.Build.0 = Debug|x64
		{72532F54-0C26-47F0-8627-F136A3A81543}.Debug|x64.ActiveCfg = Debug|x64
		{72532F54-0C26-47F0-8627-F136A3A81543}.Debug|x64.Build.0 = Debug|x64
		{72532F54-0C26-47F0-8627-F136A3A81543}.Debug|x86.ActiveCfg = Debug|Win32
		{72532F54-0C26-47F0-8627-F136A3A81543}.Debug|x86.Build.0 = Debug|Win32
		{72532F54-0C26-47F0-8627-F136A3A81543}.Release|Any CPU.ActiveCfg = Release|x64
		{72532F54-0C26-47F0-8627-F136A3A81543}.Release|Any CPU.Build.0 = Release|x64
		{72532F54-0C26-47F0-8627-F136A3A81543}.Release|x64.ActiveCfg = Release|x64
		{72532F54-0C26-47F0-8627-F136A3A81543}.Release|x64.Build.0 = Release|x64
		{72532F54-0C26-47F0-8627-F136A3A81543}.Release|x86.ActiveCfg = Release|Win32
		{72532F54-0C26-47F0-8627-F136A3A81543}.Release|x86.Build.0 = Release|Win32
		{72532F54-0C26-47F0-8627-F136A3A81543}.TEST|Any CPU.ActiveCfg = TEST|x64
		{72532F54-0C26-47F0-8627-F136A3A81543}.TEST|Any CPU.Build.0 = TEST|x64
		{72532F54-0C26-47F0-8627-F136A3A81543}.TEST|x64.ActiveCfg = TEST|x64
		{72532F54-0C26-47F0-8627-F136A3A81543}.TEST|x64.Build.0 = TEST|x64
		{72532F54-0C26-47F0-8627-F136A3A81543}.TEST|x86.ActiveCfg = TEST|Win32
		{72532F54-0C26-47F0-8627-F136A3A81543}.TEST|x86.Build.0 = TEST|Win32
		{AC4134D7-0D98-49B5-8E33-6A1539898730}.buils|Any CPU.ActiveCfg = buils|x64
		{AC4134D7-0D98-49B5-8E33-6A1539898730}.buils|Any CPU.Build.0 = buils|x64
		{AC4134D7-0D98-49B5-8E33-6A1539898730}.buils|x64.ActiveCfg = buils|x64
		{AC4134D7-0D98-49B5-8E33-6A1539898730}.buils|x64.Build.0 = buils|x64
		{AC4134D7-0D98-49B5-8E33-6A1539898730}.buils|x86.ActiveCfg = buils|Win32
		{AC4134D7-0D98-49B5-8E33-6A1539898730}.buils|x86.Build.0 = buils|Win32
		{AC4134D7-0D98-49B5-8E33-6A1539898730}.Debug|Any CPU.ActiveCfg = Debug|x64
		{AC4134D7-0D98-49B5-8E33-6A1539898730}.Debug|Any CPU.Build.0 = Debug|x64
		{AC4134D7-0D98-49B5-8E33-6A1539898730}.Debug|x64.ActiveCfg = Debug|x64
		{AC4134D7-0D98-49B5-8E33-6A1539898730}.Debug|x64.Build.0 = Debug|x64
		{AC4134D7-0D98-49B5-8E33-6A1539898730}.Debug|x86.ActiveCfg = Debug|Win32
		{AC4134D7-0D98-49B5-8E33-6A1539898730}.Debug|x86.Build.0 = Debug|Win32
		{AC4134D7-0D98-49B5-8E33-6A1539898730}.Release|Any CPU.ActiveCfg = Release|x64
		{AC4134D7-0D98-49B5-8E33-6A1539898730}.Release|Any CPU.Build.0 = Release|x64
		{AC4134D7-0D98-49B5-8E33-6A1539898730}.Release|x64.ActiveCfg = Release|x64
		{AC4134D7-0D98-49B5-8E33-6A1539898730}.Release|x64.Build.0 = Release|x64
		{AC4134D7-0D98-49B5-8E33-6A1539898730}.Release|x86.ActiveCfg = Release|Win32
		{AC4134D7-0D98-49B5-8E33-6A1539898730}.Release|x86.Build.0 = Release|Win32
		{AC4134D7-0D98-49B5-8E33-6A1539898730}.TEST|Any CPU.ActiveCfg = TEST|x64
		{AC4134D7-0D98-49B5-8E33-6A1539898730}.TEST|Any CPU.Build.0 = TEST|x64
		{AC4134D7-0D98-49B5-8E33-6A1539898730}.TEST|x64.ActiveCfg = TEST|x64
		{AC4134D7-0D98-49B5-8E33-6A1539898730}.TEST|x64.Build.0 = TEST|x64
		{AC4134D7-0D98-49B5-8E33-6A1539898730}.TEST|x86.ActiveCfg = TEST|Win32
		{AC4134D7-0D98-49B5-8E33-6A1539898730}.TEST|x86.Build.0 = TEST|Win32
		{4AB0825A-D285-464F-95DB-A73A857316DD}.buils|Any CPU.ActiveCfg = buils|x64
		{4AB0825A-D285-464F-95DB-A73A857316DD}.buils|Any CPU.Build.0 = buils|x64
		{4AB0825A-D285-464F-95DB-A73A857316DD}.buils|x64.ActiveCfg = buils|x64
		{4AB0825A-D285-464F-95DB-A73A857316DD}.buils|x64.Build.0 = buils|x64
		{4AB0825A-D285-464F-95DB-A73A857316DD}.buils|x86.ActiveCfg = buils|Win32
		{4AB0825A-D285-464F-95DB-A73A857316DD}.buils|x86.Build.0 = buils|Win32
		{4AB0825A-D285-464F-95DB-A73A857316DD}.Debug|Any CPU.ActiveCfg = Debug|x64
		{4AB0825A-D285-464F-95DB-A73A857316DD}.Debug|Any CPU.Build.0 = Debug|x64
		{4AB0825A-D285-464F-95DB-A73A857316DD}.Debug|x64.ActiveCfg = Debug|x64
		{4AB0825A-D285-464F-95DB-A73A857316DD}.Debug|x64.Build.0 = Debug|x64
		{4AB0825A-D285-464F-95DB-A73A857316DD}.Debug|x86.ActiveCfg = Debug|Win32
		{4AB0825A-D285-464F-95DB-A73A857316DD}.Debug|x86.Build.0 = Debug|Win32
		{4AB0825A-D285-464F-95DB-A73A857316DD}.Release|Any CPU.ActiveCfg = Release|x64
		{4AB0825A-D285-464F-95DB-A73A857316DD}.Release|Any CPU.Build.0 = Release|x64
		{4AB0825A-D285-464F-95DB-A73A857316DD}.Release|x64.ActiveCfg = Release|x64
		{4AB0825A-D285-464F-95DB-A73A857316DD}.Release|x64.Build.0 = Release|x64
		{4AB0825A-D285-464F-95DB-A73A857316DD}.Release|x86.ActiveCfg = Release|Win32
		{4AB0825A-D285-464F-95DB-A73A857316DD}.Release|x86.Build.0 = Release|Win32
		{4AB0825A-D285-464F-95DB-A73A857316DD}.TEST|Any CPU.ActiveCfg = TEST|x64
		{4AB0825A-D285-464F-95DB-A73A857316DD}.TEST|Any CPU.Build.0 = TEST|x64
		{4AB0825A-D285-464F-95DB-A73A857316DD}.TEST|x64.ActiveCfg = TEST|x64
		{4AB0825A-D285-464F-95DB-A73A857316DD}.TEST|x64.Build.0 = TEST|x64
		{4AB0825A-D285-464F-95DB-A73A857316DD}.TEST|x86.ActiveCfg = TEST|Win32
		{4AB0825A-D285-464F-95DB-A73A857316DD}.TEST|x86.Build.0 = TEST|Win32
		{9747ED92-88A5-4601-ADCB-7C7E218455CC}.buils|Any CPU.ActiveCfg = buils|x64
		{9747ED92-88A5-4601-ADCB-7C7E218455CC}.buils|Any CPU.Build.0 = buils|x64
		{9747ED92-88A5-4601-ADCB-7C7E218455CC}.buils|x64.ActiveCfg = buils|x64
		{9747ED92-88A5-4601-ADCB-7C7E218455CC}.buils|x64.Build.0 = buils|x64
		{9747ED92-88A5-4601-ADCB-7C7E218455CC}.buils|x86.ActiveCfg = buils|Win32
		{9747ED92-88A5-4601-ADCB-7C7E218455CC}.buils|x86.Build.0 = buils|Win32
		{9747ED92-88A5-4601-ADCB-7C7E218455CC}.Debug|Any CPU.ActiveCfg = Debug|x64
		{9747ED92-88A5-4601-ADCB-7C7E218455CC}.Debug|Any CPU.Build.0 = Debug|x64
		{9747ED92-88A5-4601-ADCB-7C7E218455CC}.Debug|x64.ActiveCfg = Debug|x64
		{9747ED92-88A5-4601-ADCB-7C7E218455CC}.Debug|x64.Build.0 = Debug|x64
		{9747ED92-88A5-4601-ADCB-7C7E218455CC}.Debug|x86.ActiveCfg = Debug|Win32
		{9747ED92-88A5-4601-ADCB-7C7E218455CC}.Debug|x86.Build.0 = Debug|Win32
		{9747ED92-88A5-4601-ADCB-7C7E218455CC}.Release|Any CPU.ActiveCfg = Release|x64
		{9747ED92-88A5-4601-ADCB-7C7E218455CC}.Release|Any CPU.Build.0 = Release|x64
		{9747ED92-88A5-4601-ADCB-7C7E218455CC}.Release|x64.ActiveCfg = Release|x64
		{9747ED92-88A5-4601-ADCB-7C7E218455CC}.Release|x64.Build.0 = Release|x64
		{9747ED92-88A5-4601-ADCB-7C7E218455CC}.Release|x86.ActiveCfg = Release|Win32
		{9747ED92-88A5-4601-ADCB-7C7E218455CC}.Release|x86.Build.0 = Release|Win32
		{9747ED92-88A5-4601-ADCB-7C7E218455CC}.TEST|Any CPU.ActiveCfg = TEST|x64
		{9747ED92-88A5-4601-ADCB-7C7E218455CC}.TEST|Any CPU.Build.0 = TEST|x64
		{9747ED92-88A5-4601-ADCB-7C7E218455CC}.TEST|x64.ActiveCfg = TEST|x64
		{9747ED92-88A5-4601-ADCB-7C7E218455CC}.TEST|x64.Build.0 = TEST|x64
		{9747ED92-88A5-4601-ADCB-7C7E218455CC}.TEST|x86.ActiveCfg = TEST|Win32
		{9747ED92-88A5-4601-ADCB-7C7E218455CC}.TEST|x86.Build.0 = TEST|Win32
		{CF8B8AFB-7831-46B5-9E19-20AEA7EAB38A}.buils|Any CPU.ActiveCfg = buils|x64
		{CF8B8AFB-7831-46B5-9E19-20AEA7EAB38A}.buils|Any CPU.Build.0 = buils|x64
		{CF8B8AFB-7831-46B5-9E19-20AEA7EAB38A}.buils|x64.ActiveCfg = buils|x64
		{CF8B8AFB-7831-46B5-9E19-20AEA7EAB38A}.buils|x64.Build.0 = buils|x64
		{CF8B8AFB-7831-46B5-9E19-20AEA7EAB38A}.buils|x86.ActiveCfg = buils|Win32
		{CF8B8AFB-7831-46B5-9E19-20AEA7EAB38A}.buils|x86.Build.0 = buils|Win32
		{CF8B8AFB-7831-46B5-9E19-20AEA7EAB38A}.Debug|Any CPU.ActiveCfg = Debug|x64
		{CF8B8AFB-7831-46B5-9E19-20AEA7EAB38A}.Debug|Any CPU.Build.0 = Debug|x64
		{CF8B8AFB-7831-46B5-9E19-20AEA7EAB38A}.Debug|x64.ActiveCfg = Debug|x64
		{CF8B8AFB-7831-46B5-9E19-20AEA7EAB38A}.Debug|x64.Build.0 = Debug|x64
		{CF8B8AFB-7831-46B5-9E19-20AEA7EAB38A}.Debug|x86.ActiveCfg = Debug|Win32
		{CF8B8AFB-7831-46B5-9E19-20AEA7EAB38A}.Debug|x86.Build.0 = Debug|Win32
		{CF8B8AFB-7831-46B5-9E19-20AEA7EAB38A}.Release|Any CPU.ActiveCfg = Release|x64
		{CF8B8AFB-7831-46B5-9E19-20AEA7EAB38A}.Release|Any CPU.Build.0 = Release|x64
		{CF8B8AFB-7831-46B5-9E19-20AEA7EAB38A}.Release|x64.ActiveCfg = Release|x64
		{CF8B8AFB-7831-46B5-9E19-20AEA7EAB38A}.Release|x64.Build.0 = Release|x64
		{CF8B8AFB-7831-46B5-9E19-20AEA7EAB38A}.Release|x86.ActiveCfg = Release|Win32
		{CF8B8AFB-7831-46B5-9E19-20AEA7EAB38A}.Release|x86.Build.0 = Release|Win32
		{CF8B8AFB-7831-46B5-9E19-20AEA7EAB38A}.TEST|Any CPU.ActiveCfg = TEST|x64
		{CF8B8AFB-7831-46B5-9E19-20AEA7EAB38A}.TEST|Any CPU.Build.0 = TEST|x64
		{CF8B8AFB-7831-46B5-9E19-20AEA7EAB38A}.TEST|x64.ActiveCfg = TEST|x64
		{CF8B8AFB-7831-46B5-9E19-20AEA7EAB38A}.TEST|x64.Build.0 = TEST|x64
		{CF8B8AFB-7831-46B5-9E19-20AEA7EAB38A}.TEST|x86.ActiveCfg = TEST|Win32
		{CF8B8AFB-7831-46B5-9E19-20AEA7EAB38A}.TEST|x86.Build.0 = TEST|Win32
		{939E1CEA-0C8C-4AF2-9DDE-0CD88DDC0025}.buils|Any CPU.ActiveCfg = buils|x64
		{939E1CEA-0C8C-4AF2-9DDE-0CD88DDC0025}.buils|Any CPU.Build.0 = buils|x64
		{939E1CEA-0C8C-4AF2-9DDE-0CD88DDC0025}.buils|x64.ActiveCfg = buils|x64
		{939E1CEA-0C8C-4AF2-9DDE-0CD88DDC0025}.buils|x64.Build.0 = buils|x64
		{939E1CEA-0C8C-4AF2-9DDE-0CD88DDC0025}.buils|x86.ActiveCfg = buils|Win32
		{939E1CEA-0C8C-4AF2-9DDE-0CD88DDC0025}.buils|x86.Build.0 = buils|Win32
		{939E1CEA-0C8C-4AF2-9DDE-0CD88DDC0025}.Debug|Any CPU.ActiveCfg = Debug|x64
		{939E1CEA-0C8C-4AF2-9DDE-0CD88DDC0025}.Debug|Any CPU.Build.0 = Debug|x64
		{939E1CEA-0C8C-4AF2-9DDE-0CD88DDC0025}.Debug|x64.ActiveCfg = Debug|x64
		{939E1CEA-0C8C-4AF2-9DDE-0CD88DDC0025}.Debug|x64.Build.0 = Debug|x64
		{939E1CEA-0C8C-4AF2-9DDE-0CD88DDC0025}.Debug|x86.ActiveCfg = Debug|Win32
		{939E1CEA-0C8C-4AF2-9DDE-0CD88DDC0025}.Debug|x86.Build.0 = Debug|Win32
		{939E1CEA-0C8C-4AF2-9DDE-0CD88DDC0025}.Release|Any CPU.ActiveCfg = Release|x64
		{939E1CEA-0C8C-4AF2-9DDE-0CD88DDC0025}.Release|Any CPU.Build.0 = Release|x64
		{939E1CEA-0C8C-4AF2-9DDE-0CD88DDC0025}.Release|x64.ActiveCfg = Release|x64
		{939E1CEA-0C8C-4AF2-9DDE-0CD88DDC0025}.Release|x64.Build.0 = Release|x64
		{939E1CEA-0C8C-4AF2-9DDE-0CD88DDC0025}.Release|x86.ActiveCfg = Release|Win32
		{939E1CEA-0C8C-4AF2-9DDE-0CD88DDC0025}.Release|x86.Build.0 = Release|Win32
		{939E1CEA-0C8C-4AF2-9DDE-0CD88DDC0025}.TEST|Any CPU.ActiveCfg = TEST|x64
		{939E1CEA-0C8C-4AF2-9DDE-0CD88DDC0025}.TEST|Any CPU.Build.0 = TEST|x64
		{939E1CEA-0C8C-4AF2-9DDE-0CD88DDC0025}.TEST|x64.ActiveCfg = TEST|x64
		{939E1CEA-0C8C-4AF2-9DDE-0CD88DDC0025}.TEST|x64.Build.0 = TEST|x64
		{939E1CEA-0C8C-4AF2-9DDE-0CD88DDC0025}.TEST|x86.ActiveCfg = TEST|Win32
		{939E1CEA-0C8C-4AF2-9DDE-0CD88DDC0025}.TEST|x86.Build.0 = TEST|Win32
		{442C713E-CC6D-46A9-B3FB-6D10C46ED910}.buils|Any CPU.ActiveCfg = buils|x64
		{442C713E-CC6D-46A9-B3FB-6D10C46ED910}.buils|Any CPU.Build.0 = buils|x64
		{442C713E-CC6D-46A9-B3FB-6D10C46ED910}.buils|x64.ActiveCfg = buils|x64
		{442C713E-CC6D-46A9-B3FB-6D10C46ED910}.buils|x64.Build.0 = buils|x64
		{442C713E-CC6D-46A9-B3FB-6D10C46ED910}.buils|x86.ActiveCfg = buils|Win32
		{442C713E-CC6D-46A9-B3FB-6D10C46ED910}.buils|x86.Build.0 = buils|Win32
		{442C713E-CC6D-46A9-B3FB-6D10C46ED910}.Debug|Any CPU.ActiveCfg = Debug|x64
		{442C713E-CC6D-46A9-B3FB-6D10C46ED910}.Debug|Any CPU.Build.0 = Debug|x64
		{442C713E-CC6D-46A9-B3FB-6D10C46ED910}.Debug|x64.ActiveCfg = Debug|x64
		{442C713E-CC6D-46A9-B3FB-6D10C46ED910}.Debug|x64.Build.0 = Debug|x64
		{442C713E-CC6D-46A9-B3FB-6D10C46ED910}.Debug|x86.ActiveCfg = Debug|Win32
		{442C713E-CC6D-46A9-B3FB-6D10C46ED910}.Debug|x86.Build.0 = Debug|Win32
		{442C713E-CC6D-46A9-B3FB-6D10C46ED910}.Release|Any CPU.ActiveCfg = Release|x64
		{442C713E-CC6D-46A9-B3FB-6D10C46ED910}.Release|Any CPU.Build.0 = Release|x64
		{442C713E-CC6D-46A9-B3FB-6D10C46ED910}.Release|x64.ActiveCfg = Release|x64
		{442C713E-CC6D-46A9-B3FB-6D10C46ED910}.Release|x64.Build.0 = Release|x64
		{442C713E-CC6D-46A9-B3FB-6D10C46ED910}.Release|x86.ActiveCfg = Release|Win32
		{442C713E-CC6D-46A9-B3FB-6D10C46ED910}.Release|x86.Build.0 = Release|Win32
		{442C713E-CC6D-46A9-B3FB-6D10C46ED910}.TEST|Any CPU.ActiveCfg = TEST|x64
		{442C713E-CC6D-46A9-B3FB-6D10C46ED910}.TEST|Any CPU.Build.0 = TEST|x64
		{442C713E-CC6D-46A9-B3FB-6D10C46ED910}.TEST|x64.ActiveCfg = TEST|x64
		{442C713E-CC6D-46A9-B3FB-6D10C46ED910}.TEST|x64.Build.0 = TEST|x64
		{442C713E-CC6D-46A9-B3FB-6D10C46ED910}.TEST|x86.ActiveCfg = TEST|Win32
		{442C713E-CC6D-46A9-B3FB-6D10C46ED910}.TEST|x86.Build.0 = TEST|Win32
		{57B8F89D-B0B9-4666-A7F0-2E81A8FDEA26}.buils|Any CPU.ActiveCfg = buils|x64
		{57B8F89D-B0B9-4666-A7F0-2E81A8FDEA26}.buils|Any CPU.Build.0 = buils|x64
		{57B8F89D-B0B9-4666-A7F0-2E81A8FDEA26}.buils|x64.ActiveCfg = buils|x64
		{57B8F89D-B0B9-4666-A7F0-2E81A8FDEA26}.buils|x64.Build.0 = buils|x64
		{57B8F89D-B0B9-4666-A7F0-2E81A8FDEA26}.buils|x86.ActiveCfg = buils|Win32
		{57B8F89D-B0B9-4666-A7F0-2E81A8FDEA26}.buils|x86.Build.0 = buils|Win32
		{57B8F89D-B0B9-4666-A7F0-2E81A8FDEA26}.Debug|Any CPU.ActiveCfg = Debug|x64
		{57B8F89D-B0B9-4666-A7F0-2E81A8FDEA26}.Debug|Any CPU.Build.0 = Debug|x64
		{57B8F89D-B0B9-4666-A7F0-2E81A8FDEA26}.Debug|x64.ActiveCfg = Debug|x64
		{57B8F89D-B0B9-4666-A7F0-2E81A8FDEA26}.Debug|x64.Build.0 = Debug|x64
		{57B8F89D-B0B9-4666-A7F0-2E81A8FDEA26}.Debug|x86.ActiveCfg = Debug|Win32
		{57B8F89D-B0B9-4666-A7F0-2E81A8FDEA26}.Debug|x86.Build.0 = Debug|Win32
		{57B8F89D-B0B9-4666-A7F0-2E81A8FDEA26}.Release|Any CPU.ActiveCfg = Release|x64
		{57B8F89D-B0B9-4666-A7F0-2E81A8FDEA26}.Release|Any CPU.Build.0 = Release|x64
		{57B8F89D-B0B9-4666-A7F0-2E81A8FDEA26}.Release|x64.ActiveCfg = Release|x64
		{57B8F89D-B0B9-4666-A7F0-2E81A8FDEA26}.Release|x64.Build.0 = Release|x64
		{57B8F89D-B0B9-4666-A7F0-2E81A8FDEA26}.Release|x86.ActiveCfg = Release|Win32
		{57B8F89D-B0B9-4666-A7F0-2E81A8FDEA26}.Release|x86.Build.0 = Release|Win32
		{57B8F89D-B0B9-4666-A7F0-2E81A8FDEA26}.TEST|Any CPU.ActiveCfg = TEST|x64
		{57B8F89D-B0B9-4666-A7F0-2E81A8FDEA26}.TEST|Any CPU.Build.0 = TEST|x64
		{57B8F89D-B0B9-4666-A7F0-2E81A8FDEA26}.TEST|x64.ActiveCfg = TEST|x64
		{57B8F89D-B0B9-4666-A7F0-2E81A8FDEA26}.TEST|x64.Build.0 = TEST|x64
		{57B8F89D-B0B9-4666-A7F0-2E81A8FDEA26}.TEST|x86.ActiveCfg = TEST|Win32
		{57B8F89D-B0B9-4666-A7F0-2E81A8FDEA26}.TEST|x86.Build.0 = TEST|Win32
		{C8F1D4B6-D596-4E4E-B305-B4BA9CAE475A}.buils|Any CPU.ActiveCfg = Debug|x64
		{C8F1D4B6-D596-4E4E-B305-B4BA9CAE475A}.buils|Any CPU.Build.0 = Debug|x64
		{C8F1D4B6-D596-4E4E-B305-B4BA9CAE475A}.buils|x64.ActiveCfg = Debug|x64
		{C8F1D4B6-D596-4E4E-B305-B4BA9CAE475A}.buils|x64.Build.0 = Debug|x64
		{C8F1D4B6-D596-4E4E-B305-B4BA9CAE475A}.buils|x86.ActiveCfg = Debug|Win32
		{C8F1D4B6-D596-4E4E-B305-B4BA9CAE475A}.buils|x86.Build.0 = Debug|Win32
		{C8F1D4B6-D596-4E4E-B305-B4BA9CAE475A}.Debug|Any CPU.ActiveCfg = Debug|x64
		{C8F1D4B6-D596-4E4E-B305-B4BA9CAE475A}.Debug|Any CPU.Build.0 = Debug|x64
		{C8F1D4B6-D596-4E4E-B305-B4BA9CAE475A}.Debug|x64.ActiveCfg = Debug|x64
		{C8F1D4B6-D596-4E4E-B305-B4BA9CAE475A}.Debug|x64.Build.0 = Debug|x64
		{C8F1D4B6-D596-4E4E-B305-B4BA9CAE475A}.Debug|x86.ActiveCfg = Debug|Win32
		{C8F1D4B6-D596-4E4E-B305-B4BA9CAE475A}.Debug|x86.Build.0 = Debug|Win32
		{C8F1D4B6-D596-4E4E-B305-B4BA9CAE475A}.Release|Any CPU.ActiveCfg = Release|x64
		{C8F1D4B6-D596-4E4E-B305-B4BA9CAE475A}.Release|Any CPU.Build.0 = Release|x64
		{C8F1D4B6-D596-4E4E-B305-B4BA9CAE475A}.Release|x64.ActiveCfg = Release|x64
		{C8F1D4B6-D596-4E4E-B305-B4BA9CAE475A}.Release|x64.Build.0 = Release|x64
		{C8F1D4B6-D596-4E4E-B305-B4BA9CAE475A}.Release|x86.ActiveCfg = Release|Win32
		{C8F1D4B6-D596-4E4E-B305-B4BA9CAE475A}.Release|x86.Build.0 = Release|Win32
		{C8F1D4B6-D596-4E4E-B305-B4BA9CAE475A}.TEST|Any CPU.ActiveCfg = TEST|x64
		{C8F1D4B6-D596-4E4E-B305-B4BA9CAE475A}.TEST|Any CPU.Build.0 = TEST|x64
		{C8F1D4B6-D596-4E4E-B305-B4BA9CAE475A}.TEST|x64.ActiveCfg = TEST|x64
		{C8F1D4B6-D596-4E4E-B305-B4BA9CAE475A}.TEST|x64.Build.0 = TEST|x64
		{C8F1D4B6-D596-4E4E-B305-B4BA9CAE475A}.TEST|x86.ActiveCfg = TEST|Win32
		{C8F1D4B6-D596-4E4E-B305-B4BA9CAE475A}.TEST|x86.Build.0 = TEST|Win32
		{AB9EE30B-8226-43BC-8687-B6C8D91FC648}.buils|Any CPU.ActiveCfg = Debug|x64
		{AB9EE30B-8226-43BC-8687-B6C8D91FC648}.buils|Any CPU.Build.0 = Debug|x64
		{AB9EE30B-8226-43BC-8687-B6C8D91FC648}.buils|x64.ActiveCfg = Debug|x64
		{AB9EE30B-8226-43BC-8687-B6C8D91FC648}.buils|x64.Build.0 = Debug|x64
		{AB9EE30B-8226-43BC-8687-B6C8D91FC648}.buils|x86.ActiveCfg = Debug|Win32
		{AB9EE30B-8226-43BC-8687-B6C8D91FC648}.buils|x86.Build.0 = Debug|Win32
		{AB9EE30B-8226-43BC-8687-B6C8D91FC648}.Debug|Any CPU.ActiveCfg = Debug|x64
		{AB9EE30B-8226-43BC-8687-B6C8D91FC648}.Debug|Any CPU.Build.0 = Debug|x64
		{AB9EE30B-8226-43BC-8687-B6C8D91FC648}.Debug|x64.ActiveCfg = Debug|x64
		{AB9EE30B-8226-43BC-8687-B6C8D91FC648}.Debug|x64.Build.0 = Debug|x64
		{AB9EE30B-8226-43BC-8687-B6C8D91FC648}.Debug|x86.ActiveCfg = Debug|Win32
		{AB9EE30B-8226-43BC-8687-B6C8D91FC648}.Debug|x86.Build.0 = Debug|Win32
		{AB9EE30B-8226-43BC-8687-B6C8D91FC648}.Release|Any CPU.ActiveCfg = Release|x64
		{AB9EE30B-8226-43BC-8687-B6C8D91FC648}.Release|Any CPU.Build.0 = Release|x64
		{AB9EE30B-8226-43BC-8687-B6C8D91FC648}.Release|x64.ActiveCfg = Release|x64
		{AB9EE30B-8226-43BC-8687-B6C8D91FC648}.Release|x64.Build.0 = Release|x64
		{AB9EE30B-8226-43BC-8687-B6C8D91FC648}.Release|x86.ActiveCfg = Release|Win32
		{AB9EE30B-8226-43BC-8687-B6C8D91FC648}.Release|x86.Build.0 = Release|Win32
		{AB9EE30B-8226-43BC-8687-B6C8D91FC648}.TEST|Any CPU.ActiveCfg = TEST|x64
		{AB9EE30B-8226-43BC-8687-B6C8D91FC648}.TEST|Any CPU.Build.0 = TEST|x64
		{AB9EE30B-8226-43BC-8687-B6C8D91FC648}.TEST|x64.ActiveCfg = TEST|x64
		{AB9EE30B-8226-43BC-8687-B6C8D91FC648}.TEST|x64.Build.0 = TEST|x64
		{AB9EE30B-8226-43BC-8687-B6C8D91FC648}.TEST|x86.ActiveCfg = TEST|Win32
		{AB9EE30B-8226-43BC-8687-B6C8D91FC648}.TEST|x86.Build.0 = TEST|Win32
		{C884A625-C892-4EE4-89AC-3592F9CAC19D}.buils|Any CPU.ActiveCfg = Debug|x64
		{C884A625-C892-4EE4-89AC-3592F9CAC19D}.buils|Any CPU.Build.0 = Debug|x64
		{C884A625-C892-4EE4-89AC-3592F9CAC19D}.buils|x64.ActiveCfg = Debug|x64
		{C884A625-C892-4EE4-89AC-3592F9CAC19D}.buils|x64.Build.0 = Debug|x64
		{C884A625-C892-4EE4-89AC-3592F9CAC19D}.buils|x86.ActiveCfg = Debug|Win32
		{C884A625-C892-4EE4-89AC-3592F9CAC19D}.buils|x86.Build.0 = Debug|Win32
		{C884A625-C892-4EE4-89AC-3592F9CAC19D}.Debug|Any CPU.ActiveCfg = Debug|x64
		{C884A625-C892-4EE4-89AC-3592F9CAC19D}.Debug|Any CPU.Build.0 = Debug|x64
		{C884A625-C892-4EE4-89AC-3592F9CAC19D}.Debug|x64.ActiveCfg = Debug|x64
		{C884A625-C892-4EE4-89AC-3592F9CAC19D}.Debug|x64.Build.0 = Debug|x64
		{C884A625-C892-4EE4-89AC-3592F9CAC19D}.Debug|x86.ActiveCfg = Debug|Win32
		{C884A625-C892-4EE4-89AC-3592F9CAC19D}.Debug|x86.Build.0 = Debug|Win32
		{C884A625-C892-4EE4-89AC-3592F9CAC19D}.Release|Any CPU.ActiveCfg = Release|x64
		{C884A625-C892-4EE4-89AC-3592F9CAC19D}.Release|Any CPU.Build.0 = Release|x64
		{C884A625-C892-4EE4-89AC-3592F9CAC19D}.Release|x64.ActiveCfg = Release|x64
		{C884A625-C892-4EE4-89AC-3592F9CAC19D}.Release|x64.Build.0 = Release|x64
		{C884A625-C892-4EE4-89AC-3592F9CAC19D}.Release|x86.ActiveCfg = Release|Win32
		{C884A625-C892-4EE4-89AC-3592F9CAC19D}.Release|x86.Build.0 = Release|Win32
		{C884A625-C892-4EE4-89AC-3592F9CAC19D}.TEST|Any CPU.ActiveCfg = TEST|x64
		{C884A625-C892-4EE4-89AC-3592F9CAC19D}.TEST|Any CPU.Build.0 = TEST|x64
		{C884A625-C892-4EE4-89AC-3592F9CAC19D}.TEST|x64.ActiveCfg = TEST|x64
		{C884A625-C892-4EE4-89AC-3592F9CAC19D}.TEST|x64.Build.0 = TEST|x64
		{C884A625-C892-4EE4-89AC-3592F9CAC19D}.TEST|x86.ActiveCfg = TEST|Win32
		{C884A625-C892-4EE4-89AC-3592F9CAC19D}.TEST|x86.Build.0 = TEST|Win32
		{2A36C48B-AFB0-4883-AB6E-14C31C20B05F}.buils|Any CPU.ActiveCfg = Debug|x64
		{2A36C48B-AFB0-4883-AB6E-14C31C20B05F}.buils|Any CPU.Build.0 = Debug|x64
		{2A36C48B-AFB0-4883-AB6E-14C31C20B05F}.buils|x64.ActiveCfg = Debug|x64
		{2A36C48B-AFB0-4883-AB6E-14C31C20B05F}.buils|x64.Build.0 = Debug|x64
		{2A36C48B-AFB0-4883-AB6E-14C31C20B05F}.buils|x86.ActiveCfg = Debug|Win32
		{2A36C48B-AFB0-4883-AB6E-14C31C20B05F}.buils|x86.Build.0 = Debug|Win32
		{2A36C48B-AFB0-4883-AB6E-14C31C20B05F}.Debug|Any CPU.ActiveCfg = Debug|x64
		{2A36C48B-AFB0-4883-AB6E-14C31C20B05F}.Debug|Any CPU.Build.0 = Debug|x64
		{2A36C48B-AFB0-4883-AB6E-14C31C20B05F}.Debug|x64.ActiveCfg = Debug|x64
		{2A36C48B-AFB0-4883-AB6E-14C31C20B05F}.Debug|x64.Build.0 = Debug|x64
		{2A36C48B-AFB0-4883-AB6E-14C31C20B05F}.Debug|x86.ActiveCfg = Debug|Win32
		{2A36C48B-AFB0-4883-AB6E-14C31C20B05F}.Debug|x86.Build.0 = Debug|Win32
		{2A36C48B-AFB0-4883-AB6E-14C31C20B05F}.Release|Any CPU.ActiveCfg = Release|x64
		{2A36C48B-AFB0-4883-AB6E-14C31C20B05F}.Release|Any CPU.Build.0 = Release|x64
		{2A36C48B-AFB0-4883-AB6E-14C31C20B05F}.Release|x64.ActiveCfg = Release|x64
		{2A36C48B-AFB0-4883-AB6E-14C31C20B05F}.Release|x64.Build.0 = Release|x64
		{2A36C48B-AFB0-4883-AB6E-14C31C20B05F}.Release|x86.ActiveCfg = Release|Win32
		{2A36C48B-AFB0-4883-AB6E-14C31C20B05F}.Release|x86.Build.0 = Release|Win32
		{2A36C48B-AFB0-4883-AB6E-14C31C20B05F}.TEST|Any CPU.ActiveCfg = Debug|x64
		{2A36C48B-AFB0-4883-AB6E-14C31C20B05F}.TEST|Any CPU.Build.0 = Debug|x64
		{2A36C48B-AFB0-4883-AB6E-14C31C20B05F}.TEST|x64.ActiveCfg = Debug|x64
		{2A36C48B-AFB0-4883-AB6E-14C31C20B05F}.TEST|x64.Build.0 = Debug|x64
		{2A36C48B-AFB0-4883-AB6E-14C31C20B05F}.TEST|x86.ActiveCfg = Debug|Win32
		{2A36C48B-AFB0-4883-AB6E-14C31C20B05F}.TEST|x86.Build.0 = Debug|Win32
		{BA2FCD36-58B5-41DC-B76D-98448F5CEB48}.buils|Any CPU.ActiveCfg = Debug|x64
		{BA2FCD36-58B5-41DC-B76D-98448F5CEB48}.buils|Any CPU.Build.0 = Debug|x64
		{BA2FCD36-58B5-41DC-B76D-98448F5CEB48}.buils|x64.ActiveCfg = Debug|x64
		{BA2FCD36-58B5-41DC-B76D-98448F5CEB48}.buils|x64.Build.0 = Debug|x64
		{BA2FCD36-58B5-41DC-B76D-98448F5CEB48}.buils|x86.ActiveCfg = Debug|Win32
		{BA2FCD36-58B5-41DC-B76D-98448F5CEB48}.buils|x86.Build.0 = Debug|Win32
		{BA2FCD36-58B5-41DC-B76D-98448F5CEB48}.Debug|Any CPU.ActiveCfg = Debug|x64
		{BA2FCD36-58B5-41DC-B76D-98448F5CEB48}.Debug|Any CPU.Build.0 = Debug|x64
		{BA2FCD36-58B5-41DC-B76D-98448F5CEB48}.Debug|x64.ActiveCfg = Debug|x64
		{BA2FCD36-58B5-41DC-B76D-98448F5CEB48}.Debug|x64.Build.0 = Debug|x64
		{BA2FCD36-58B5-41DC-B76D-98448F5CEB48}.Debug|x86.ActiveCfg = Debug|Win32
		{BA2FCD36-58B5-41DC-B76D-98448F5CEB48}.Debug|x86.Build.0 = Debug|Win32
		{BA2FCD36-58B5-41DC-B76D-98448F5CEB48}.Release|Any CPU.ActiveCfg = Release|x64
		{BA2FCD36-58B5-41DC-B76D-98448F5CEB48}.Release|Any CPU.Build.0 = Release|x64
		{BA2FCD36-58B5-41DC-B76D-98448F5CEB48}.Release|x64.ActiveCfg = Release|x64
		{BA2FCD36-58B5-41DC-B76D-98448F5CEB48}.Release|x64.Build.0 = Release|x64
		{BA2FCD36-58B5-41DC-B76D-98448F5CEB48}.Release|x86.ActiveCfg = Release|Win32
		{BA2FCD36-58B5-41DC-B76D-98448F5CEB48}.Release|x86.Build.0 = Release|Win32
		{BA2FCD36-58B5-41DC-B76D-98448F5CEB48}.TEST|Any CPU.ActiveCfg = Debug|x64
		{BA2FCD36-58B5-41DC-B76D-98448F5CEB48}.TEST|Any CPU.Build.0 = Debug|x64
		{BA2FCD36-58B5-41DC-B76D-98448F5CEB48}.TEST|x64.ActiveCfg = Debug|x64
		{BA2FCD36-58B5-41DC-B76D-98448F5CEB48}.TEST|x64.Build.0 = Debug|x64
		{BA2FCD36-58B5-41DC-B76D-98448F5CEB48}.TEST|x86.ActiveCfg = Debug|Win32
		{BA2FCD36-58B5-41DC-B76D-98448F5CEB48}.TEST|x86.Build.0 = Debug|Win32
		{3BE6BF9C-DEBF-4E81-9D65-BF01F1A5B84D}.buils|Any CPU.ActiveCfg = Debug|x64
		{3BE6BF9C-DEBF-4E81-9D65-BF01F1A5B84D}.buils|Any CPU.Build.0 = Debug|x64
		{3BE6BF9C-DEBF-4E81-9D65-BF01F1A5B84D}.buils|x64.ActiveCfg = Debug|x64
		{3BE6BF9C-DEBF-4E81-9D65-BF01F1A5B84D}.buils|x64.Build.0 = Debug|x64
		{3BE6BF9C-DEBF-4E81-9D65-BF01F1A5B84D}.buils|x86.ActiveCfg = Debug|Win32
		{3BE6BF9C-DEBF-4E81-9D65-BF01F1A5B84D}.buils|x86.Build.0 = Debug|Win32
		{3BE6BF9C-DEBF-4E81-9D65-BF01F1A5B84D}.Debug|Any CPU.ActiveCfg = Debug|x64
		{3BE6BF9C-DEBF-4E81-9D65-BF01F1A5B84D}.Debug|Any CPU.Build.0 = Debug|x64
		{3BE6BF9C-DEBF-4E81-9D65-BF01F1A5B84D}.Debug|x64.ActiveCfg = Debug|x64
		{3BE6BF9C-DEBF-4E81-9D65-BF01F1A5B84D}.Debug|x64.Build.0 = Debug|x64
		{3BE6BF9C-DEBF-4E81-9D65-BF01F1A5B84D}.Debug|x86.ActiveCfg = Debug|Win32
		{3BE6BF9C-DEBF-4E81-9D65-BF01F1A5B84D}.Debug|x86.Build.0 = Debug|Win32
		{3BE6BF9C-DEBF-4E81-9D65-BF01F1A5B84D}.Release|Any CPU.ActiveCfg = Release|x64
		{3BE6BF9C-DEBF-4E81-9D65-BF01F1A5B84D}.Release|Any CPU.Build.0 = Release|x64
		{3BE6BF9C-DEBF-4E81-9D65-BF01F1A5B84D}.Release|x64.ActiveCfg = Release|x64
		{3BE6BF9C-DEBF-4E81-9D65-BF01F1A5B84D}.Release|x64.Build.0 = Release|x64
		{3BE6BF9C-DEBF-4E81-9D65-BF01F1A5B84D}.Release|x86.ActiveCfg = Release|Win32
		{3BE6BF9C-DEBF-4E81-9D65-BF01F1A5B84D}.Release|x86.Build.0 = Release|Win32
		{3BE6BF9C-DEBF-4E81-9D65-BF01F1A5B84D}.TEST|Any CPU.ActiveCfg = Debug|x64
		{3BE6BF9C-DEBF-4E81-9D65-BF01F1A5B84D}.TEST|Any CPU.Build.0 = Debug|x64
		{3BE6BF9C-DEBF-4E81-9D65-BF01F1A5B84D}.TEST|x64.ActiveCfg = Debug|x64
		{3BE6BF9C-DEBF-4E81-9D65-BF01F1A5B84D}.TEST|x64.Build.0 = Debug|x64
		{3BE6BF9C-DEBF-4E81-9D65-BF01F1A5B84D}.TEST|x86.ActiveCfg = Debug|Win32
		{3BE6BF9C-DEBF-4E81-9D65-BF01F1A5B84D}.TEST|x86.Build.0 = Debug|Win32
		{CB64DEEA-9DAD-4F46-82B6-77E070E812AE}.buils|Any CPU.ActiveCfg = Debug|x64
		{CB64DEEA-9DAD-4F46-82B6-77E070E812AE}.buils|Any CPU.Build.0 = Debug|x64
		{CB64DEEA-9DAD-4F46-82B6-77E070E812AE}.buils|x64.ActiveCfg = Debug|x64
		{CB64DEEA-9DAD-4F46-82B6-77E070E812AE}.buils|x64.Build.0 = Debug|x64
		{CB64DEEA-9DAD-4F46-82B6-77E070E812AE}.buils|x86.ActiveCfg = Debug|Win32
		{CB64DEEA-9DAD-4F46-82B6-77E070E812AE}.buils|x86.Build.0 = Debug|Win32
		{CB64DEEA-9DAD-4F46-82B6-77E070E812AE}.Debug|Any CPU.ActiveCfg = Debug|x64
		{CB64DEEA-9DAD-4F46-82B6-77E070E812AE}.Debug|Any CPU.Build.0 = Debug|x64
		{CB64DEEA-9DAD-4F46-82B6-77E070E812AE}.Debug|x64.ActiveCfg = Debug|x64
		{CB64DEEA-9DAD-4F46-82B6-77E070E812AE}.Debug|x64.Build.0 = Debug|x64
		{CB64DEEA-9DAD-4F46-82B6-77E070E812AE}.Debug|x86.ActiveCfg = Debug|Win32
		{CB64DEEA-9DAD-4F46-82B6-77E070E812AE}.Debug|x86.Build.0 = Debug|Win32
		{CB64DEEA-9DAD-4F46-82B6-77E070E812AE}.Release|Any CPU.ActiveCfg = Release|x64
		{CB64DEEA-9DAD-4F46-82B6-77E070E812AE}.Release|Any CPU.Build.0 = Release|x64
		{CB64DEEA-9DAD-4F46-82B6-77E070E812AE}.Release|x64.ActiveCfg = Release|x64
		{CB64DEEA-9DAD-4F46-82B6-77E070E812AE}.Release|x64.Build.0 = Release|x64
		{CB64DEEA-9DAD-4F46-82B6-77E070E812AE}.Release|x86.ActiveCfg = Release|Win32
		{CB64DEEA-9DAD-4F46-82B6-77E070E812AE}.Release|x86.Build.0 = Release|Win32
		{CB64DEEA-9DAD-4F46-82B6-77E070E812AE}.TEST|Any CPU.ActiveCfg = Debug|x64
		{CB64DEEA-9DAD-4F46-82B6-77E070E812AE}.TEST|Any CPU.Build.0 = Debug|x64
		{CB64DEEA-9DAD-4F46-82B6-77E070E812AE}.TEST|x64.ActiveCfg = Debug|x64
		{CB64DEEA-9DAD-4F46-82B6-77E070E812AE}.TEST|x64.Build.0 = Debug|x64
		{CB64DEEA-9DAD-4F46-82B6-77E070E812AE}.TEST|x86.ActiveCfg = Debug|Win32
		{CB64DEEA-9DAD-4F46-82B6-77E070E812AE}.TEST|x86.Build.0 = Debug|Win32
		{483B1159-0395-4F95-89D5-239C56A766B2}.buils|Any CPU.ActiveCfg = Debug|x64
		{483B1159-0395-4F95-89D5-239C56A766B2}.buils|Any CPU.Build.0 = Debug|x64
		{483B1159-0395-4F95-89D5-239C56A766B2}.buils|x64.ActiveCfg = Debug|x64
		{483B1159-0395-4F95-89D5-239C56A766B2}.buils|x64.Build.0 = Debug|x64
		{483B1159-0395-4F95-89D5-239C56A766B2}.buils|x86.ActiveCfg = Debug|Win32
		{483B1159-0395-4F95-89D5-239C56A766B2}.buils|x86.Build.0 = Debug|Win32
		{483B1159-0395-4F95-89D5-239C56A766B2}.Debug|Any CPU.ActiveCfg = Debug|x64
		{483B1159-0395-4F95-89D5-239C56A766B2}.Debug|Any CPU.Build.0 = Debug|x64
		{483B1159-0395-4F95-89D5-239C56A766B2}.Debug|x64.ActiveCfg = Debug|x64
		{483B1159-0395-4F95-89D5-239C56A766B2}.Debug|x64.Build.0 = Debug|x64
		{483B1159-0395-4F95-89D5-239C56A766B2}.Debug|x86.ActiveCfg = Debug|Win32
		{483B1159-0395-4F95-89D5-239C56A766B2}.Debug|x86.Build.0 = Debug|Win32
		{483B1159-0395-4F95-89D5-239C56A766B2}.Release|Any CPU.ActiveCfg = Release|x64
		{483B1159-0395-4F95-89D5-239C56A766B2}.Release|Any CPU.Build.0 = Release|x64
		{483B1159-0395-4F95-89D5-239C56A766B2}.Release|x64.ActiveCfg = Release|x64
		{483B1159-0395-4F95-89D5-239C56A766B2}.Release|x64.Build.0 = Release|x64
		{483B1159-0395-4F95-89D5-239C56A766B2}.Release|x86.ActiveCfg = Release|Win32
		{483B1159-0395-4F95-89D5-239C56A766B2}.Release|x86.Build.0 = Release|Win32
		{483B1159-0395-4F95-89D5-239C56A766B2}.TEST|Any CPU.ActiveCfg = Debug|x64
		{483B1159-0395-4F95-89D5-239C56A766B2}.TEST|Any CPU.Build.0 = Debug|x64
		{483B1159-0395-4F95-89D5-239C56A766B2}.TEST|x64.ActiveCfg = Debug|x64
		{483B1159-0395-4F95-89D5-239C56A766B2}.TEST|x64.Build.0 = Debug|x64
		{483B1159-0395-4F95-89D5-239C56A766B2}.TEST|x86.ActiveCfg = Debug|Win32
		{483B1159-0395-4F95-89D5-239C56A766B2}.TEST|x86.Build.0 = Debug|Win32
		{1AA17C8E-5E34-44C9-B1EC-99CEBB71D081}.buils|Any CPU.ActiveCfg = Debug|x64
		{1AA17C8E-5E34-44C9-B1EC-99CEBB71D081}.buils|Any CPU.Build.0 = Debug|x64
		{1AA17C8E-5E34-44C9-B1EC-99CEBB71D081}.buils|x64.ActiveCfg = Debug|x64
		{1AA17C8E-5E34-44C9-B1EC-99CEBB71D081}.buils|x64.Build.0 = Debug|x64
		{1AA17C8E-5E34-44C9-B1EC-99CEBB71D081}.buils|x86.ActiveCfg = Debug|Win32
		{1AA17C8E-5E34-44C9-B1EC-99CEBB71D081}.buils|x86.Build.0 = Debug|Win32
		{1AA17C8E-5E34-44C9-B1EC-99CEBB71D081}.Debug|Any CPU.ActiveCfg = Debug|x64
		{1AA17C8E-5E34-44C9-B1EC-99CEBB71D081}.Debug|Any CPU.Build.0 = Debug|x64
		{1AA17C8E-5E34-44C9-B1EC-99CEBB71D081}.Debug|x64.ActiveCfg = Debug|x64
		{1AA17C8E-5E34-44C9-B1EC-99CEBB71D081}.Debug|x64.Build.0 = Debug|x64
		{1AA17C8E-5E34-44C9-B1EC-99CEBB71D081}.Debug|x86.ActiveCfg = Debug|Win32
		{1AA17C8E-5E34-44C9-B1EC-99CEBB71D081}.Debug|x86.Build.0 = Debug|Win32
		{1AA17C8E-5E34-44C9-B1EC-99CEBB71D081}.Release|Any CPU.ActiveCfg = Release|x64
		{1AA17C8E-5E34-44C9-B1EC-99CEBB71D081}.Release|Any CPU.Build.0 = Release|x64
		{1AA17C8E-5E34-44C9-B1EC-99CEBB71D081}.Release|x64.ActiveCfg = Release|x64
		{1AA17C8E-5E34-44C9-B1EC-99CEBB71D081}.Release|x64.Build.0 = Release|x64
		{1AA17C8E-5E34-44C9-B1EC-99CEBB71D081}.Release|x86.ActiveCfg = Release|Win32
		{1AA17C8E-5E34-44C9-B1EC-99CEBB71D081}.Release|x86.Build.0 = Release|Win32
		{1AA17C8E-5E34-44C9-B1EC-99CEBB71D081}.TEST|Any CPU.ActiveCfg = Debug|x64
		{1AA17C8E-5E34-44C9-B1EC-99CEBB71D081}.TEST|Any CPU.Build.0 = Debug|x64
		{1AA17C8E-5E34-44C9-B1EC-99CEBB71D081}.TEST|x64.ActiveCfg = Debug|x64
		{1AA17C8E-5E34-44C9-B1EC-99CEBB71D081}.TEST|x64.Build.0 = Debug|x64
		{1AA17C8E-5E34-44C9-B1EC-99CEBB71D081}.TEST|x86.ActiveCfg = Debug|Win32
		{1AA17C8E-5E34-44C9-B1EC-99CEBB71D081}.TEST|x86.Build.0 = Debug|Win32
		{D348FDC4-8627-4A34-BF46-AF78317C2EA8}.buils|Any CPU.ActiveCfg = Debug|x64
		{D348FDC4-8627-4A34-BF46-AF78317C2EA8}.buils|Any CPU.Build.0 = Debug|x64
		{D348FDC4-8627-4A34-BF46-AF78317C2EA8}.buils|x64.ActiveCfg = Debug|x64
		{D348FDC4-8627-4A34-BF46-AF78317C2EA8}.buils|x64.Build.0 = Debug|x64
		{D348FDC4-8627-4A34-BF46-AF78317C2EA8}.buils|x86.ActiveCfg = Debug|Win32
		{D348FDC4-8627-4A34-BF46-AF78317C2EA8}.buils|x86.Build.0 = Debug|Win32
		{D348FDC4-8627-4A34-BF46-AF78317C2EA8}.Debug|Any CPU.ActiveCfg = Debug|x64
		{D348FDC4-8627-4A34-BF46-AF78317C2EA8}.Debug|Any CPU.Build.0 = Debug|x64
		{D348FDC4-8627-4A34-BF46-AF78317C2EA8}.Debug|x64.ActiveCfg = Debug|x64
		{D348FDC4-8627-4A34-BF46-AF78317C2EA8}.Debug|x64.Build.0 = Debug|x64
		{D348FDC4-8627-4A34-BF46-AF78317C2EA8}.Debug|x86.ActiveCfg = Debug|Win32
		{D348FDC4-8627-4A34-BF46-AF78317C2EA8}.Debug|x86.Build.0 = Debug|Win32
		{D348FDC4-8627-4A34-BF46-AF78317C2EA8}.Release|Any CPU.ActiveCfg = Release|x64
		{D348FDC4-8627-4A34-BF46-AF78317C2EA8}.Release|Any CPU.Build.0 = Release|x64
		{D348FDC4-8627-4A34-BF46-AF78317C2EA8}.Release|x64.ActiveCfg = Release|x64
		{D348FDC4-8627-4A34-BF46-AF78317C2EA8}.Release|x64.Build.0 = Release|x64
		{D348FDC4-8627-4A34-BF46-AF78317C2EA8}.Release|x86.ActiveCfg = Release|Win32
		{D348FDC4-8627-4A34-BF46-AF78317C2EA8}.Release|x86.Build.0 = Release|Win32
		{D348FDC4-8627-4A34-BF46-AF78317C2EA8}.TEST|Any CPU.ActiveCfg = Debug|x64
		{D348FDC4-8627-4A34-BF46-AF78317C2EA8}.TEST|Any CPU.Build.0 = Debug|x64
		{D348FDC4-8627-4A34-BF46-AF78317C2EA8}.TEST|x64.ActiveCfg = Debug|x64
		{D348FDC4-8627-4A34-BF46-AF78317C2EA8}.TEST|x64.Build.0 = Debug|x64
		{D348FDC4-8627-4A34-BF46-AF78317C2EA8}.TEST|x86.ActiveCfg = Debug|Win32
		{D348FDC4-8627-4A34-BF46-AF78317C2EA8}.TEST|x86.Build.0 = Debug|Win32
		{1BDCBD72-0108-4821-8882-3646F78E4699}.buils|Any CPU.ActiveCfg = Debug|x64
		{1BDCBD72-0108-4821-8882-3646F78E4699}.buils|Any CPU.Build.0 = Debug|x64
		{1BDCBD72-0108-4821-8882-3646F78E4699}.buils|x64.ActiveCfg = Debug|x64
		{1BDCBD72-0108-4821-8882-3646F78E4699}.buils|x64.Build.0 = Debug|x64
		{1BDCBD72-0108-4821-8882-3646F78E4699}.buils|x86.ActiveCfg = Debug|Win32
		{1BDCBD72-0108-4821-8882-3646F78E4699}.buils|x86.Build.0 = Debug|Win32
		{1BDCBD72-0108-4821-8882-3646F78E4699}.Debug|Any CPU.ActiveCfg = Debug|x64
		{1BDCBD72-0108-4821-8882-3646F78E4699}.Debug|Any CPU.Build.0 = Debug|x64
		{1BDCBD72-0108-4821-8882-3646F78E4699}.Debug|x64.ActiveCfg = Debug|x64
		{1BDCBD72-0108-4821-8882-3646F78E4699}.Debug|x64.Build.0 = Debug|x64
		{1BDCBD72-0108-4821-8882-3646F78E4699}.Debug|x86.ActiveCfg = Debug|Win32
		{1BDCBD72-0108-4821-8882-3646F78E4699}.Debug|x86.Build.0 = Debug|Win32
		{1BDCBD72-0108-4821-8882-3646F78E4699}.Release|Any CPU.ActiveCfg = Release|x64
		{1BDCBD72-0108-4821-8882-3646F78E4699}.Release|Any CPU.Build.0 = Release|x64
		{1BDCBD72-0108-4821-8882-3646F78E4699}.Release|x64.ActiveCfg = Release|x64
		{1BDCBD72-0108-4821-8882-3646F78E4699}.Release|x64.Build.0 = Release|x64
		{1BDCBD72-0108-4821-8882-3646F78E4699}.Release|x86.ActiveCfg = Release|Win32
		{1BDCBD72-0108-4821-8882-3646F78E4699}.Release|x86.Build.0 = Release|Win32
		{1BDCBD72-0108-4821-8882-3646F78E4699}.TEST|Any CPU.ActiveCfg = Debug|x64
		{1BDCBD72-0108-4821-8882-3646F78E4699}.TEST|Any CPU.Build.0 = Debug|x64
		{1BDCBD72-0108-4821-8882-3646F78E4699}.TEST|x64.ActiveCfg = Debug|x64
		{1BDCBD72-0108-4821-8882-3646F78E4699}.TEST|x64.Build.0 = Debug|x64
		{1BDCBD72-0108-4821-8882-3646F78E4699}.TEST|x86.ActiveCfg = Debug|Win32
		{1BDCBD72-0108-4821-8882-3646F78E4699}.TEST|x86.Build.0 = Debug|Win32
	EndGlobalSection
	GlobalSection(SolutionProperties) = preSolution
		HideSolutionNode = FALSE
	EndGlobalSection
	GlobalSection(NestedProjects) = preSolution
		{B01F7882-1E2C-4D83-BC1E-ED77B9A6F336} = {70AAA4E2-F892-46CD-ABA2-3FA76727E2FC}
	EndGlobalSection
	GlobalSection(ExtensibilityGlobals) = postSolution
		SolutionGuid = {AF917704-B70B-45FF-857E-D4CE1F180FDA}
	EndGlobalSection
EndGlobal
