
Microsoft Visual Studio Solution File, Format Version 12.00
# Visual Studio Version 17
VisualStudioVersion = 17.10.34928.147
MinimumVisualStudioVersion = 10.0.40219.1
Project("{8BC9CEB8-8B4A-11D0-8D11-00A0C91BC942}") = "UPRISE_ENGINE", "UPRISE_ENGINE\UPRISE_ENGINE.vcxproj", "{FC42D7FD-7396-413A-8D7D-7FFC9E44A290}"
	ProjectSection(ProjectDependencies) = postProject
		{1F6C4C2C-0C06-460C-8254-C733DC3FF1C2} = {1F6C4C2C-0C06-460C-8254-C733DC3FF1C2}
		{5257DBE4-217D-4CB6-A0D5-8B072A269FF4} = {5257DBE4-217D-4CB6-A0D5-8B072A269FF4}
		{561A8570-925E-4F32-B7C7-BD5D5EE4E0A0} = {561A8570-925E-4F32-B7C7-BD5D5EE4E0A0}
	EndProjectSection
EndProject
Project("{8BC9CEB8-8B4A-11D0-8D11-00A0C91BC942}") = "UPRISE_GAME", "UPRISE_GAME\UPRISE_GAME.vcxproj", "{1F6C4C2C-0C06-460C-8254-C733DC3FF1C2}"
EndProject
Project("{2150E333-8FDC-42A3-9474-1A3956D46DE8}") = "Solution Items", "Solution Items", "{6A0F2B59-A3F4-4BBF-9091-783EEEB1362F}"
	ProjectSection(SolutionItems) = preProject
		.editorconfig = .editorconfig
		Codetemplates.txt = Codetemplates.txt
		CONFIG_PLANING.txt = CONFIG_PLANING.txt
		NAMING.txt = NAMING.txt
		Prefab File Type.txt = Prefab File Type.txt
		README.md = README.md
		RegisterScripts.py = RegisterScripts.py
	EndProjectSection
EndProject
Project("{888888A0-9F3D-457C-B088-3A5042F75D52}") = "Custom_Build_Steps", "Custom_Build_Steps\Custom_Build_Steps.pyproj", "{6022CAC1-E539-4231-A413-06ECE5350BD5}"
EndProject
Project("{8BC9CEB8-8B4A-11D0-8D11-00A0C91BC942}") = "UPRISE_EDITOR", "UPRISE_EDITOR\UPRISE_EDITOR.vcxproj", "{5257DBE4-217D-4CB6-A0D5-8B072A269FF4}"
EndProject
Project("{6989167D-11E4-40FE-8C1A-2192A86A7E90}") = "UPRISE_MATH", "UPRISE_MATH\UPRISE_MATH.vfproj", "{561A8570-925E-4F32-B7C7-BD5D5EE4E0A0}"
EndProject
Project("{8BC9CEB8-8B4A-11D0-8D11-00A0C91BC942}") = "UPRISE_API", "UPRISE_API\UPRISE_API.vcxproj", "{AC4134D7-0D98-49B5-8E33-6A1539898730}"
EndProject
Project("{8BC9CEB8-8B4A-11D0-8D11-00A0C91BC942}") = "UPRISE_LINKER", "UPRISE_LINKER\UPRISE_LINKER.vcxproj", "{4AB0825A-D285-464F-95DB-A73A857316DD}"
EndProject
Project("{8BC9CEB8-8B4A-11D0-8D11-00A0C91BC942}") = "UPRISE_PLUGIN_COMPILER", "UPRISE_PLUGIN_COMPILER\UPRISE_PLUGIN_COMPILER.vcxproj", "{9747ED92-88A5-4601-ADCB-7C7E218455CC}"
EndProject
Project("{2150E333-8FDC-42A3-9474-1A3956D46DE8}") = "SHARED ITEMS", "SHARED ITEMS", "{70AAA4E2-F892-46CD-ABA2-3FA76727E2FC}"
EndProject
Project("{2150E333-8FDC-42A3-9474-1A3956D46DE8}") = "modules", "modules", "{B01F7882-1E2C-4D83-BC1E-ED77B9A6F336}"
EndProject
Project("{8BC9CEB8-8B4A-11D0-8D11-00A0C91BC942}") = "SHARED_CODE", "SHARED_CODE\SHARED_CODE.vcxproj", "{CF8B8AFB-7831-46B5-9E19-20AEA7EAB38A}"
EndProject
Project("{2150E333-8FDC-42A3-9474-1A3956D46DE8}") = "LANGUAGE DEF", "LANGUAGE DEF", "{3E5E641B-2E9B-400B-84BD-0F222FF5B069}"
EndProject
Project("{8BC9CEB8-8B4A-11D0-8D11-00A0C91BC942}") = "UPRISE_ENGINE_CORE", "UPRISE_ENGINE_MODULAR\UPRISE_ENGINE_CORE\UPRISE_ENGINE_CORE.vcxproj", "{939E1CEA-0C8C-4AF2-9DDE-0CD88DDC0025}"
	ProjectSection(ProjectDependencies) = postProject
		{374B5B71-EB13-4B4B-ABA4-CD7A88CA290D} = {374B5B71-EB13-4B4B-ABA4-CD7A88CA290D}
		{C884A625-C892-4EE4-89AC-3592F9CAC19D} = {C884A625-C892-4EE4-89AC-3592F9CAC19D}
	EndProjectSection
EndProject
Project("{8BC9CEB8-8B4A-11D0-8D11-00A0C91BC942}") = "UPRISE_ENGINE_PHYSICS", "UPRISE_ENGINE_MODULAR\UPRISE_ENGINE_PHYSICS\UPRISE_ENGINE_PHYSICS.vcxproj", "{442C713E-CC6D-46A9-B3FB-6D10C46ED910}"
	ProjectSection(ProjectDependencies) = postProject
		{374B5B71-EB13-4B4B-ABA4-CD7A88CA290D} = {374B5B71-EB13-4B4B-ABA4-CD7A88CA290D}
		{939E1CEA-0C8C-4AF2-9DDE-0CD88DDC0025} = {939E1CEA-0C8C-4AF2-9DDE-0CD88DDC0025}
		{AB9EE30B-8226-43BC-8687-B6C8D91FC648} = {AB9EE30B-8226-43BC-8687-B6C8D91FC648}
		{C884A625-C892-4EE4-89AC-3592F9CAC19D} = {C884A625-C892-4EE4-89AC-3592F9CAC19D}
	EndProjectSection
EndProject
Project("{8BC9CEB8-8B4A-11D0-8D11-00A0C91BC942}") = "UPRISE_ENGINE_ECS", "UPRISE_ENGINE_MODULAR\UPRISE_ENGINE_ECS\UPRISE_ENGINE_ECS.vcxproj", "{57B8F89D-B0B9-4666-A7F0-2E81A8FDEA26}"
	ProjectSection(ProjectDependencies) = postProject
		{374B5B71-EB13-4B4B-ABA4-CD7A88CA290D} = {374B5B71-EB13-4B4B-ABA4-CD7A88CA290D}
		{939E1CEA-0C8C-4AF2-9DDE-0CD88DDC0025} = {939E1CEA-0C8C-4AF2-9DDE-0CD88DDC0025}
		{AB9EE30B-8226-43BC-8687-B6C8D91FC648} = {AB9EE30B-8226-43BC-8687-B6C8D91FC648}
		{C884A625-C892-4EE4-89AC-3592F9CAC19D} = {C884A625-C892-4EE4-89AC-3592F9CAC19D}
		{C8F1D4B6-D596-4E4E-B305-B4BA9CAE475A} = {C8F1D4B6-D596-4E4E-B305-B4BA9CAE475A}
		{CF8B8AFB-7831-46B5-9E19-20AEA7EAB38A} = {CF8B8AFB-7831-46B5-9E19-20AEA7EAB38A}
	EndProjectSection
EndProject
Project("{8BC9CEB8-8B4A-11D0-8D11-00A0C91BC942}") = "UPRISE_ENGINE_RENDER", "UPRISE_ENGINE_MODULAR\UPRISE_ENGINE_RENDER\UPRISE_ENGINE_RENDER.vcxproj", "{C8F1D4B6-D596-4E4E-B305-B4BA9CAE475A}"
	ProjectSection(ProjectDependencies) = postProject
		{374B5B71-EB13-4B4B-ABA4-CD7A88CA290D} = {374B5B71-EB13-4B4B-ABA4-CD7A88CA290D}
		{43B72345-9616-4637-8023-D846747A4CD7} = {43B72345-9616-4637-8023-D846747A4CD7}
		{4704560C-9E0E-4FC6-AA06-2640B4ED361B} = {4704560C-9E0E-4FC6-AA06-2640B4ED361B}
		{939E1CEA-0C8C-4AF2-9DDE-0CD88DDC0025} = {939E1CEA-0C8C-4AF2-9DDE-0CD88DDC0025}
		{AB9EE30B-8226-43BC-8687-B6C8D91FC648} = {AB9EE30B-8226-43BC-8687-B6C8D91FC648}
		{C2DA42D6-0667-41D0-9FAF-9BD5DBE77D7B} = {C2DA42D6-0667-41D0-9FAF-9BD5DBE77D7B}
		{C884A625-C892-4EE4-89AC-3592F9CAC19D} = {C884A625-C892-4EE4-89AC-3592F9CAC19D}
		{CF8B8AFB-7831-46B5-9E19-20AEA7EAB38A} = {CF8B8AFB-7831-46B5-9E19-20AEA7EAB38A}
		{E34C3335-A8DE-4332-9992-EF257773B7D5} = {E34C3335-A8DE-4332-9992-EF257773B7D5}
		{F848A5AE-7ACC-4856-B769-DD81D621CAAB} = {F848A5AE-7ACC-4856-B769-DD81D621CAAB}
	EndProjectSection
EndProject
Project("{8BC9CEB8-8B4A-11D0-8D11-00A0C91BC942}") = "UPRISE_ENGINE_DEBUG", "UPRISE_ENGINE_MODULAR\UPRISE_ENGINE_DEBUG\UPRISE_ENGINE_DEBUG.vcxproj", "{AB9EE30B-8226-43BC-8687-B6C8D91FC648}"
	ProjectSection(ProjectDependencies) = postProject
		{374B5B71-EB13-4B4B-ABA4-CD7A88CA290D} = {374B5B71-EB13-4B4B-ABA4-CD7A88CA290D}
		{C884A625-C892-4EE4-89AC-3592F9CAC19D} = {C884A625-C892-4EE4-89AC-3592F9CAC19D}
	EndProjectSection
EndProject
Project("{8BC9CEB8-8B4A-11D0-8D11-00A0C91BC942}") = "UPRISE_ENGINE_EE", "UPRISE_ENGINE_MODULAR\UPRISE_ENGINE_EE\UPRISE_ENGINE_EE.vcxproj", "{C884A625-C892-4EE4-89AC-3592F9CAC19D}"
EndProject
Project("{8BC9CEB8-8B4A-11D0-8D11-00A0C91BC942}") = "UPRISE_ENGINE_EDITOR", "UPRISE_ENGINE_MODULAR\UPRISE_ENGINE_EDITOR\UPRISE_ENGINE_EDITOR.vcxproj", "{2A36C48B-AFB0-4883-AB6E-14C31C20B05F}"
	ProjectSection(ProjectDependencies) = postProject
		{442C713E-CC6D-46A9-B3FB-6D10C46ED910} = {442C713E-CC6D-46A9-B3FB-6D10C46ED910}
		{57B8F89D-B0B9-4666-A7F0-2E81A8FDEA26} = {57B8F89D-B0B9-4666-A7F0-2E81A8FDEA26}
		{939E1CEA-0C8C-4AF2-9DDE-0CD88DDC0025} = {939E1CEA-0C8C-4AF2-9DDE-0CD88DDC0025}
		{AB9EE30B-8226-43BC-8687-B6C8D91FC648} = {AB9EE30B-8226-43BC-8687-B6C8D91FC648}
		{BA2FCD36-58B5-41DC-B76D-98448F5CEB48} = {BA2FCD36-58B5-41DC-B76D-98448F5CEB48}
		{C884A625-C892-4EE4-89AC-3592F9CAC19D} = {C884A625-C892-4EE4-89AC-3592F9CAC19D}
		{C8F1D4B6-D596-4E4E-B305-B4BA9CAE475A} = {C8F1D4B6-D596-4E4E-B305-B4BA9CAE475A}
	EndProjectSection
EndProject
Project("{8BC9CEB8-8B4A-11D0-8D11-00A0C91BC942}") = "UPRISE_ENGINE_META", "UPRISE_ENGINE_MODULAR\UPRISE_ENGINE_META\UPRISE_ENGINE_META.vcxproj", "{BA2FCD36-58B5-41DC-B76D-98448F5CEB48}"
	ProjectSection(ProjectDependencies) = postProject
		{374B5B71-EB13-4B4B-ABA4-CD7A88CA290D} = {374B5B71-EB13-4B4B-ABA4-CD7A88CA290D}
		{AB9EE30B-8226-43BC-8687-B6C8D91FC648} = {AB9EE30B-8226-43BC-8687-B6C8D91FC648}
		{C884A625-C892-4EE4-89AC-3592F9CAC19D} = {C884A625-C892-4EE4-89AC-3592F9CAC19D}
	EndProjectSection
EndProject
Project("{8BC9CEB8-8B4A-11D0-8D11-00A0C91BC942}") = "UPRISE_EDITOR_APPLICATION", "UPRISE_EDITOR_APPLICATION\UPRISE_EDITOR_APPLICATION.vcxproj", "{3BE6BF9C-DEBF-4E81-9D65-BF01F1A5B84D}"
	ProjectSection(ProjectDependencies) = postProject
		{2A36C48B-AFB0-4883-AB6E-14C31C20B05F} = {2A36C48B-AFB0-4883-AB6E-14C31C20B05F}
		{374B5B71-EB13-4B4B-ABA4-CD7A88CA290D} = {374B5B71-EB13-4B4B-ABA4-CD7A88CA290D}
		{43B72345-9616-4637-8023-D846747A4CD7} = {43B72345-9616-4637-8023-D846747A4CD7}
		{442C713E-CC6D-46A9-B3FB-6D10C46ED910} = {442C713E-CC6D-46A9-B3FB-6D10C46ED910}
		{4704560C-9E0E-4FC6-AA06-2640B4ED361B} = {4704560C-9E0E-4FC6-AA06-2640B4ED361B}
		{57B8F89D-B0B9-4666-A7F0-2E81A8FDEA26} = {57B8F89D-B0B9-4666-A7F0-2E81A8FDEA26}
		{939E1CEA-0C8C-4AF2-9DDE-0CD88DDC0025} = {939E1CEA-0C8C-4AF2-9DDE-0CD88DDC0025}
		{AB9EE30B-8226-43BC-8687-B6C8D91FC648} = {AB9EE30B-8226-43BC-8687-B6C8D91FC648}
		{BA2FCD36-58B5-41DC-B76D-98448F5CEB48} = {BA2FCD36-58B5-41DC-B76D-98448F5CEB48}
		{C2DA42D6-0667-41D0-9FAF-9BD5DBE77D7B} = {C2DA42D6-0667-41D0-9FAF-9BD5DBE77D7B}
		{C884A625-C892-4EE4-89AC-3592F9CAC19D} = {C884A625-C892-4EE4-89AC-3592F9CAC19D}
		{C8F1D4B6-D596-4E4E-B305-B4BA9CAE475A} = {C8F1D4B6-D596-4E4E-B305-B4BA9CAE475A}
		{E34C3335-A8DE-4332-9992-EF257773B7D5} = {E34C3335-A8DE-4332-9992-EF257773B7D5}
		{F848A5AE-7ACC-4856-B769-DD81D621CAAB} = {F848A5AE-7ACC-4856-B769-DD81D621CAAB}
	EndProjectSection
EndProject
Project("{8BC9CEB8-8B4A-11D0-8D11-00A0C91BC942}") = "UPRISE_REFLECTION", "UPRISE_REFLECTION\UPRISE_REFLECTION.vcxproj", "{BF53A5E6-0000-4C1E-856E-C1D58ACFDAEA}"
EndProject
Project("{8BC9CEB8-8B4A-11D0-8D11-00A0C91BC942}") = "UPRISE_ENGINE_COMMON_RENDER_COMPS", "UPRISE_ENGINE_MODULAR\UPRISE_ENGINE_COMMON_RENDER_COMPS\UPRISE_ENGINE_COMMON_RENDER_COMPS.vcxproj", "{E34C3335-A8DE-4332-9992-EF257773B7D5}"
	ProjectSection(ProjectDependencies) = postProject
		{374B5B71-EB13-4B4B-ABA4-CD7A88CA290D} = {374B5B71-EB13-4B4B-ABA4-CD7A88CA290D}
		{939E1CEA-0C8C-4AF2-9DDE-0CD88DDC0025} = {939E1CEA-0C8C-4AF2-9DDE-0CD88DDC0025}
		{AB9EE30B-8226-43BC-8687-B6C8D91FC648} = {AB9EE30B-8226-43BC-8687-B6C8D91FC648}
		{C884A625-C892-4EE4-89AC-3592F9CAC19D} = {C884A625-C892-4EE4-89AC-3592F9CAC19D}
	EndProjectSection
EndProject
Project("{8BC9CEB8-8B4A-11D0-8D11-00A0C91BC942}") = "UPRISE_ENGINE_OPENGL_RENDER", "UPRISE_ENGINE_MODULAR\UPRISE_ENGINE_OPENGL_RENDER\UPRISE_ENGINE_OPENGL_RENDER.vcxproj", "{4704560C-9E0E-4FC6-AA06-2640B4ED361B}"
	ProjectSection(ProjectDependencies) = postProject
		{374B5B71-EB13-4B4B-ABA4-CD7A88CA290D} = {374B5B71-EB13-4B4B-ABA4-CD7A88CA290D}
		{939E1CEA-0C8C-4AF2-9DDE-0CD88DDC0025} = {939E1CEA-0C8C-4AF2-9DDE-0CD88DDC0025}
		{C884A625-C892-4EE4-89AC-3592F9CAC19D} = {C884A625-C892-4EE4-89AC-3592F9CAC19D}
		{E34C3335-A8DE-4332-9992-EF257773B7D5} = {E34C3335-A8DE-4332-9992-EF257773B7D5}
	EndProjectSection
EndProject
Project("{8BC9CEB8-8B4A-11D0-8D11-00A0C91BC942}") = "UPRISE_ENGINE_DX11_RENDER", "UPRISE_ENGINE_MODULAR\UPRISE_ENGINE_DX11_RENDER\UPRISE_ENGINE_DX11_RENDER.vcxproj", "{C2DA42D6-0667-41D0-9FAF-9BD5DBE77D7B}"
	ProjectSection(ProjectDependencies) = postProject
		{374B5B71-EB13-4B4B-ABA4-CD7A88CA290D} = {374B5B71-EB13-4B4B-ABA4-CD7A88CA290D}
		{939E1CEA-0C8C-4AF2-9DDE-0CD88DDC0025} = {939E1CEA-0C8C-4AF2-9DDE-0CD88DDC0025}
		{AB9EE30B-8226-43BC-8687-B6C8D91FC648} = {AB9EE30B-8226-43BC-8687-B6C8D91FC648}
		{C884A625-C892-4EE4-89AC-3592F9CAC19D} = {C884A625-C892-4EE4-89AC-3592F9CAC19D}
		{E34C3335-A8DE-4332-9992-EF257773B7D5} = {E34C3335-A8DE-4332-9992-EF257773B7D5}
	EndProjectSection
EndProject
Project("{8BC9CEB8-8B4A-11D0-8D11-00A0C91BC942}") = "UPRISE_ENGINE_DX12_RENDER", "UPRISE_ENGINE_MODULAR\UPRISE_ENGINE_DX12_RENDER\UPRISE_ENGINE_DX12_RENDER.vcxproj", "{F848A5AE-7ACC-4856-B769-DD81D621CAAB}"
	ProjectSection(ProjectDependencies) = postProject
		{374B5B71-EB13-4B4B-ABA4-CD7A88CA290D} = {374B5B71-EB13-4B4B-ABA4-CD7A88CA290D}
		{939E1CEA-0C8C-4AF2-9DDE-0CD88DDC0025} = {939E1CEA-0C8C-4AF2-9DDE-0CD88DDC0025}
		{AB9EE30B-8226-43BC-8687-B6C8D91FC648} = {AB9EE30B-8226-43BC-8687-B6C8D91FC648}
		{C884A625-C892-4EE4-89AC-3592F9CAC19D} = {C884A625-C892-4EE4-89AC-3592F9CAC19D}
		{E34C3335-A8DE-4332-9992-EF257773B7D5} = {E34C3335-A8DE-4332-9992-EF257773B7D5}
	EndProjectSection
EndProject
Project("{8BC9CEB8-8B4A-11D0-8D11-00A0C91BC942}") = "UPRISE_ENGINE_VULKAN_RENDER", "UPRISE_ENGINE_MODULAR\UPRISE_ENGINE_VULKAN_RENDER\UPRISE_ENGINE_VULKAN_RENDER.vcxproj", "{43B72345-9616-4637-8023-D846747A4CD7}"
	ProjectSection(ProjectDependencies) = postProject
		{374B5B71-EB13-4B4B-ABA4-CD7A88CA290D} = {374B5B71-EB13-4B4B-ABA4-CD7A88CA290D}
		{939E1CEA-0C8C-4AF2-9DDE-0CD88DDC0025} = {939E1CEA-0C8C-4AF2-9DDE-0CD88DDC0025}
		{AB9EE30B-8226-43BC-8687-B6C8D91FC648} = {AB9EE30B-8226-43BC-8687-B6C8D91FC648}
		{C884A625-C892-4EE4-89AC-3592F9CAC19D} = {C884A625-C892-4EE4-89AC-3592F9CAC19D}
		{E34C3335-A8DE-4332-9992-EF257773B7D5} = {E34C3335-A8DE-4332-9992-EF257773B7D5}
	EndProjectSection
EndProject
Project("{8BC9CEB8-8B4A-11D0-8D11-00A0C91BC942}") = "UPRISE_ENGINE_PROFILER", "UPRISE_ENGINE_MODULAR\UPRISE_ENGINE_PROFILER\UPRISE_ENGINE_PROFILER.vcxproj", "{374B5B71-EB13-4B4B-ABA4-CD7A88CA290D}"
EndProject
Project("{FAE04EC0-301F-11D3-BF4B-00C04F79EFBC}") = "UPRISE_PROFILER_APPLICATION", "UPRISE_PROFILER_APPLICATION\UPRISE_PROFILER_APPLICATION.csproj", "{D4D4AFD8-92A7-4321-BAA4-E7D44D8019E0}"
EndProject
Project("{2150E333-8FDC-42A3-9474-1A3956D46DE8}") = "UPRISE_ENGINE_MODULAR", "UPRISE_ENGINE_MODULAR", "{E6FA0AFD-C23F-4AA5-B6BF-12C1E930B56A}"
EndProject
Project("{2150E333-8FDC-42A3-9474-1A3956D46DE8}") = "RENDER_APIs", "RENDER_APIs", "{CE725BD4-51B2-46EA-B392-801958C449C0}"
EndProject
Project("{2150E333-8FDC-42A3-9474-1A3956D46DE8}") = "UPRISE_TESTS", "UPRISE_TESTS", "{EFCB4051-D5CB-4839-9A5B-462F9630283F}"
EndProject
Project("{8BC9CEB8-8B4A-11D0-8D11-00A0C91BC942}") = "UPRISE_TEST_FRAMEWORK_LIB", "UPRISE_TESTS\UPRISE_TEST_FRAMEWORK_LIB\UPRISE_TEST_FRAMEWORK_LIB.vcxproj", "{6E127EE7-BF1E-46F7-A947-926EC7DF8376}"
EndProject
Project("{8BC9CEB8-8B4A-11D0-8D11-00A0C91BC942}") = "UPRISE_ENGINE_CORE_TESTS", "UPRISE_TESTS\UPRISE_ENGINE_CORE_TESTS\UPRISE_ENGINE_CORE_TESTS.vcxproj", "{57A0D5D0-24B8-4250-8F4B-7C5764DFAB04}"
	ProjectSection(ProjectDependencies) = postProject
		{6E127EE7-BF1E-46F7-A947-926EC7DF8376} = {6E127EE7-BF1E-46F7-A947-926EC7DF8376}
	EndProjectSection
EndProject
Project("{8BC9CEB8-8B4A-11D0-8D11-00A0C91BC942}") = "UPRISE_ENGINE_DEBUG_TESTS", "UPRISE_TESTS\UPRISE_ENGINE_DEBUG_TESTS\UPRISE_ENGINE_DEBUG_TESTS.vcxproj", "{BF884C7E-680E-4BA0-A0ED-B23DF88843E4}"
EndProject
Project("{8BC9CEB8-8B4A-11D0-8D11-00A0C91BC942}") = "UPRISE_ENGINE_ECS_TESTS", "UPRISE_TESTS\UPRISE_ENGINE_ECS_TESTS\UPRISE_ENGINE_ECS_TESTS.vcxproj", "{74E7FBC7-C7A6-492C-A228-494FCEDB4A1E}"
EndProject
Project("{8BC9CEB8-8B4A-11D0-8D11-00A0C91BC942}") = "UPRISE_ENGINE_FS", "UPRISE_ENGINE_MODULAR\UPRISE_ENGINE_FS\UPRISE_ENGINE_FS.vcxproj", "{EF97AAC6-7B76-4CBA-9F5D-8D88BA9320DC}"
EndProject
Project("{8BC9CEB8-8B4A-11D0-8D11-00A0C91BC942}") = "UPRISE_ENGINE_PROFLER_DRIVER", "UPRISE_ENGINE_PROFLER_DRIVER\UPRISE_ENGINE_PROFLER_DRIVER.vcxproj", "{F20473F8-AC7B-D072-AA2F-92B26A49AA1A}"
EndProject
Project("{2150E333-8FDC-42A3-9474-1A3956D46DE8}") = "Tools", "Tools", "{02EA681E-C7D8-13C7-8484-4AC65E1B71E8}"
EndProject
Project("{8BC9CEB8-8B4A-11D0-8D11-00A0C91BC942}") = "REFLECTION_GENERATOR", "REFLECTION_GENERATOR\REFLECTION_GENERATOR.vcxproj", "{68884C60-46BA-468D-80C5-43D66E870CF3}"
EndProject
Global
	GlobalSection(SolutionConfigurationPlatforms) = preSolution
		Build|Any CPU = Build|Any CPU
		Build|x64 = Build|x64
		Build|x86 = Build|x86
		Debug|Any CPU = Debug|Any CPU
		Debug|x64 = Debug|x64
		Debug|x86 = Debug|x86
		Release|Any CPU = Release|Any CPU
		Release|x64 = Release|x64
		Release|x86 = Release|x86
	EndGlobalSection
	GlobalSection(ProjectConfigurationPlatforms) = postSolution
		{FC42D7FD-7396-413A-8D7D-7FFC9E44A290}.Build|Any CPU.ActiveCfg = Build|x64
		{FC42D7FD-7396-413A-8D7D-7FFC9E44A290}.Build|Any CPU.Build.0 = Build|x64
		{FC42D7FD-7396-413A-8D7D-7FFC9E44A290}.Build|x64.ActiveCfg = Build|x64
		{FC42D7FD-7396-413A-8D7D-7FFC9E44A290}.Build|x64.Build.0 = Build|x64
		{FC42D7FD-7396-413A-8D7D-7FFC9E44A290}.Build|x86.ActiveCfg = Build|Win32
		{FC42D7FD-7396-413A-8D7D-7FFC9E44A290}.Build|x86.Build.0 = Build|Win32
		{FC42D7FD-7396-413A-8D7D-7FFC9E44A290}.Debug|Any CPU.ActiveCfg = Debug|x64
		{FC42D7FD-7396-413A-8D7D-7FFC9E44A290}.Debug|Any CPU.Build.0 = Debug|x64
		{FC42D7FD-7396-413A-8D7D-7FFC9E44A290}.Debug|x64.ActiveCfg = Debug|x64
		{FC42D7FD-7396-413A-8D7D-7FFC9E44A290}.Debug|x64.Build.0 = Debug|x64
		{FC42D7FD-7396-413A-8D7D-7FFC9E44A290}.Debug|x86.ActiveCfg = Debug|Win32
		{FC42D7FD-7396-413A-8D7D-7FFC9E44A290}.Debug|x86.Build.0 = Debug|Win32
		{FC42D7FD-7396-413A-8D7D-7FFC9E44A290}.Release|Any CPU.ActiveCfg = Release|x64
		{FC42D7FD-7396-413A-8D7D-7FFC9E44A290}.Release|Any CPU.Build.0 = Release|x64
		{FC42D7FD-7396-413A-8D7D-7FFC9E44A290}.Release|x64.ActiveCfg = Release|x64
		{FC42D7FD-7396-413A-8D7D-7FFC9E44A290}.Release|x64.Build.0 = Release|x64
		{FC42D7FD-7396-413A-8D7D-7FFC9E44A290}.Release|x86.ActiveCfg = Release|Win32
		{FC42D7FD-7396-413A-8D7D-7FFC9E44A290}.Release|x86.Build.0 = Release|Win32
		{1F6C4C2C-0C06-460C-8254-C733DC3FF1C2}.Build|Any CPU.ActiveCfg = Build|x64
		{1F6C4C2C-0C06-460C-8254-C733DC3FF1C2}.Build|Any CPU.Build.0 = Build|x64
		{1F6C4C2C-0C06-460C-8254-C733DC3FF1C2}.Build|x64.ActiveCfg = Build|x64
		{1F6C4C2C-0C06-460C-8254-C733DC3FF1C2}.Build|x64.Build.0 = Build|x64
		{1F6C4C2C-0C06-460C-8254-C733DC3FF1C2}.Build|x86.ActiveCfg = Build|Win32
		{1F6C4C2C-0C06-460C-8254-C733DC3FF1C2}.Build|x86.Build.0 = Build|Win32
		{1F6C4C2C-0C06-460C-8254-C733DC3FF1C2}.Debug|Any CPU.ActiveCfg = Debug|x64
		{1F6C4C2C-0C06-460C-8254-C733DC3FF1C2}.Debug|Any CPU.Build.0 = Debug|x64
		{1F6C4C2C-0C06-460C-8254-C733DC3FF1C2}.Debug|x64.ActiveCfg = Debug|x64
		{1F6C4C2C-0C06-460C-8254-C733DC3FF1C2}.Debug|x64.Build.0 = Debug|x64
		{1F6C4C2C-0C06-460C-8254-C733DC3FF1C2}.Debug|x86.ActiveCfg = Debug|Win32
		{1F6C4C2C-0C06-460C-8254-C733DC3FF1C2}.Debug|x86.Build.0 = Debug|Win32
		{1F6C4C2C-0C06-460C-8254-C733DC3FF1C2}.Release|Any CPU.ActiveCfg = Release|x64
		{1F6C4C2C-0C06-460C-8254-C733DC3FF1C2}.Release|Any CPU.Build.0 = Release|x64
		{1F6C4C2C-0C06-460C-8254-C733DC3FF1C2}.Release|x64.ActiveCfg = Release|x64
		{1F6C4C2C-0C06-460C-8254-C733DC3FF1C2}.Release|x64.Build.0 = Release|x64
		{1F6C4C2C-0C06-460C-8254-C733DC3FF1C2}.Release|x86.ActiveCfg = Release|Win32
		{1F6C4C2C-0C06-460C-8254-C733DC3FF1C2}.Release|x86.Build.0 = Release|Win32
		{6022CAC1-E539-4231-A413-06ECE5350BD5}.Build|Any CPU.ActiveCfg = Build|Any CPU
		{6022CAC1-E539-4231-A413-06ECE5350BD5}.Build|x64.ActiveCfg = Build|Any CPU
		{6022CAC1-E539-4231-A413-06ECE5350BD5}.Build|x86.ActiveCfg = Build|Any CPU
		{6022CAC1-E539-4231-A413-06ECE5350BD5}.Debug|Any CPU.ActiveCfg = Debug|Any CPU
		{6022CAC1-E539-4231-A413-06ECE5350BD5}.Debug|x64.ActiveCfg = Debug|Any CPU
		{6022CAC1-E539-4231-A413-06ECE5350BD5}.Debug|x86.ActiveCfg = Debug|Any CPU
		{6022CAC1-E539-4231-A413-06ECE5350BD5}.Release|Any CPU.ActiveCfg = Release|Any CPU
		{6022CAC1-E539-4231-A413-06ECE5350BD5}.Release|x64.ActiveCfg = Release|Any CPU
		{6022CAC1-E539-4231-A413-06ECE5350BD5}.Release|x86.ActiveCfg = Release|Any CPU
		{5257DBE4-217D-4CB6-A0D5-8B072A269FF4}.Build|Any CPU.ActiveCfg = Build|x64
		{5257DBE4-217D-4CB6-A0D5-8B072A269FF4}.Build|Any CPU.Build.0 = Build|x64
		{5257DBE4-217D-4CB6-A0D5-8B072A269FF4}.Build|x64.ActiveCfg = Build|x64
		{5257DBE4-217D-4CB6-A0D5-8B072A269FF4}.Build|x64.Build.0 = Build|x64
		{5257DBE4-217D-4CB6-A0D5-8B072A269FF4}.Build|x86.ActiveCfg = Build|Win32
		{5257DBE4-217D-4CB6-A0D5-8B072A269FF4}.Build|x86.Build.0 = Build|Win32
		{5257DBE4-217D-4CB6-A0D5-8B072A269FF4}.Debug|Any CPU.ActiveCfg = Debug|x64
		{5257DBE4-217D-4CB6-A0D5-8B072A269FF4}.Debug|Any CPU.Build.0 = Debug|x64
		{5257DBE4-217D-4CB6-A0D5-8B072A269FF4}.Debug|x64.ActiveCfg = Debug|x64
		{5257DBE4-217D-4CB6-A0D5-8B072A269FF4}.Debug|x64.Build.0 = Debug|x64
		{5257DBE4-217D-4CB6-A0D5-8B072A269FF4}.Debug|x86.ActiveCfg = Debug|Win32
		{5257DBE4-217D-4CB6-A0D5-8B072A269FF4}.Debug|x86.Build.0 = Debug|Win32
		{5257DBE4-217D-4CB6-A0D5-8B072A269FF4}.Release|Any CPU.ActiveCfg = Release|x64
		{5257DBE4-217D-4CB6-A0D5-8B072A269FF4}.Release|Any CPU.Build.0 = Release|x64
		{5257DBE4-217D-4CB6-A0D5-8B072A269FF4}.Release|x64.ActiveCfg = Release|x64
		{5257DBE4-217D-4CB6-A0D5-8B072A269FF4}.Release|x64.Build.0 = Release|x64
		{5257DBE4-217D-4CB6-A0D5-8B072A269FF4}.Release|x86.ActiveCfg = Release|Win32
		{5257DBE4-217D-4CB6-A0D5-8B072A269FF4}.Release|x86.Build.0 = Release|Win32
		{561A8570-925E-4F32-B7C7-BD5D5EE4E0A0}.Build|Any CPU.ActiveCfg = Build|x64
		{561A8570-925E-4F32-B7C7-BD5D5EE4E0A0}.Build|Any CPU.Build.0 = Build|x64
		{561A8570-925E-4F32-B7C7-BD5D5EE4E0A0}.Build|x64.ActiveCfg = Build|x64
		{561A8570-925E-4F32-B7C7-BD5D5EE4E0A0}.Build|x64.Build.0 = Build|x64
		{561A8570-925E-4F32-B7C7-BD5D5EE4E0A0}.Build|x86.ActiveCfg = Build|Win32
		{561A8570-925E-4F32-B7C7-BD5D5EE4E0A0}.Build|x86.Build.0 = Build|Win32
		{561A8570-925E-4F32-B7C7-BD5D5EE4E0A0}.Debug|Any CPU.ActiveCfg = Debug|x64
		{561A8570-925E-4F32-B7C7-BD5D5EE4E0A0}.Debug|Any CPU.Build.0 = Debug|x64
		{561A8570-925E-4F32-B7C7-BD5D5EE4E0A0}.Debug|x64.ActiveCfg = Debug|x64
		{561A8570-925E-4F32-B7C7-BD5D5EE4E0A0}.Debug|x64.Build.0 = Debug|x64
		{561A8570-925E-4F32-B7C7-BD5D5EE4E0A0}.Debug|x86.ActiveCfg = Debug|Win32
		{561A8570-925E-4F32-B7C7-BD5D5EE4E0A0}.Debug|x86.Build.0 = Debug|Win32
		{561A8570-925E-4F32-B7C7-BD5D5EE4E0A0}.Release|Any CPU.ActiveCfg = Release|x64
		{561A8570-925E-4F32-B7C7-BD5D5EE4E0A0}.Release|Any CPU.Build.0 = Release|x64
		{561A8570-925E-4F32-B7C7-BD5D5EE4E0A0}.Release|x64.ActiveCfg = Release|x64
		{561A8570-925E-4F32-B7C7-BD5D5EE4E0A0}.Release|x64.Build.0 = Release|x64
		{561A8570-925E-4F32-B7C7-BD5D5EE4E0A0}.Release|x86.ActiveCfg = Release|Win32
		{561A8570-925E-4F32-B7C7-BD5D5EE4E0A0}.Release|x86.Build.0 = Release|Win32
		{AC4134D7-0D98-49B5-8E33-6A1539898730}.Build|Any CPU.ActiveCfg = Build|x64
		{AC4134D7-0D98-49B5-8E33-6A1539898730}.Build|Any CPU.Build.0 = Build|x64
		{AC4134D7-0D98-49B5-8E33-6A1539898730}.Build|x64.ActiveCfg = Build|x64
		{AC4134D7-0D98-49B5-8E33-6A1539898730}.Build|x64.Build.0 = Build|x64
		{AC4134D7-0D98-49B5-8E33-6A1539898730}.Build|x86.ActiveCfg = Build|Win32
		{AC4134D7-0D98-49B5-8E33-6A1539898730}.Build|x86.Build.0 = Build|Win32
		{AC4134D7-0D98-49B5-8E33-6A1539898730}.Debug|Any CPU.ActiveCfg = Debug|x64
		{AC4134D7-0D98-49B5-8E33-6A1539898730}.Debug|Any CPU.Build.0 = Debug|x64
		{AC4134D7-0D98-49B5-8E33-6A1539898730}.Debug|x64.ActiveCfg = Debug|x64
		{AC4134D7-0D98-49B5-8E33-6A1539898730}.Debug|x64.Build.0 = Debug|x64
		{AC4134D7-0D98-49B5-8E33-6A1539898730}.Debug|x86.ActiveCfg = Debug|Win32
		{AC4134D7-0D98-49B5-8E33-6A1539898730}.Debug|x86.Build.0 = Debug|Win32
		{AC4134D7-0D98-49B5-8E33-6A1539898730}.Release|Any CPU.ActiveCfg = Release|x64
		{AC4134D7-0D98-49B5-8E33-6A1539898730}.Release|Any CPU.Build.0 = Release|x64
		{AC4134D7-0D98-49B5-8E33-6A1539898730}.Release|x64.ActiveCfg = Release|x64
		{AC4134D7-0D98-49B5-8E33-6A1539898730}.Release|x64.Build.0 = Release|x64
		{AC4134D7-0D98-49B5-8E33-6A1539898730}.Release|x86.ActiveCfg = Release|Win32
		{AC4134D7-0D98-49B5-8E33-6A1539898730}.Release|x86.Build.0 = Release|Win32
		{4AB0825A-D285-464F-95DB-A73A857316DD}.Build|Any CPU.ActiveCfg = Build|x64
		{4AB0825A-D285-464F-95DB-A73A857316DD}.Build|Any CPU.Build.0 = Build|x64
		{4AB0825A-D285-464F-95DB-A73A857316DD}.Build|x64.ActiveCfg = Build|x64
		{4AB0825A-D285-464F-95DB-A73A857316DD}.Build|x64.Build.0 = Build|x64
		{4AB0825A-D285-464F-95DB-A73A857316DD}.Build|x86.ActiveCfg = Build|Win32
		{4AB0825A-D285-464F-95DB-A73A857316DD}.Build|x86.Build.0 = Build|Win32
		{4AB0825A-D285-464F-95DB-A73A857316DD}.Debug|Any CPU.ActiveCfg = Debug|x64
		{4AB0825A-D285-464F-95DB-A73A857316DD}.Debug|Any CPU.Build.0 = Debug|x64
		{4AB0825A-D285-464F-95DB-A73A857316DD}.Debug|x64.ActiveCfg = Debug|x64
		{4AB0825A-D285-464F-95DB-A73A857316DD}.Debug|x64.Build.0 = Debug|x64
		{4AB0825A-D285-464F-95DB-A73A857316DD}.Debug|x86.ActiveCfg = Debug|Win32
		{4AB0825A-D285-464F-95DB-A73A857316DD}.Debug|x86.Build.0 = Debug|Win32
		{4AB0825A-D285-464F-95DB-A73A857316DD}.Release|Any CPU.ActiveCfg = Release|x64
		{4AB0825A-D285-464F-95DB-A73A857316DD}.Release|Any CPU.Build.0 = Release|x64
		{4AB0825A-D285-464F-95DB-A73A857316DD}.Release|x64.ActiveCfg = Release|x64
		{4AB0825A-D285-464F-95DB-A73A857316DD}.Release|x64.Build.0 = Release|x64
		{4AB0825A-D285-464F-95DB-A73A857316DD}.Release|x86.ActiveCfg = Release|Win32
		{4AB0825A-D285-464F-95DB-A73A857316DD}.Release|x86.Build.0 = Release|Win32
		{9747ED92-88A5-4601-ADCB-7C7E218455CC}.Build|Any CPU.ActiveCfg = Build|x64
		{9747ED92-88A5-4601-ADCB-7C7E218455CC}.Build|Any CPU.Build.0 = Build|x64
		{9747ED92-88A5-4601-ADCB-7C7E218455CC}.Build|x64.ActiveCfg = Build|x64
		{9747ED92-88A5-4601-ADCB-7C7E218455CC}.Build|x64.Build.0 = Build|x64
		{9747ED92-88A5-4601-ADCB-7C7E218455CC}.Build|x86.ActiveCfg = Build|Win32
		{9747ED92-88A5-4601-ADCB-7C7E218455CC}.Build|x86.Build.0 = Build|Win32
		{9747ED92-88A5-4601-ADCB-7C7E218455CC}.Debug|Any CPU.ActiveCfg = Debug|x64
		{9747ED92-88A5-4601-ADCB-7C7E218455CC}.Debug|Any CPU.Build.0 = Debug|x64
		{9747ED92-88A5-4601-ADCB-7C7E218455CC}.Debug|x64.ActiveCfg = Debug|x64
		{9747ED92-88A5-4601-ADCB-7C7E218455CC}.Debug|x64.Build.0 = Debug|x64
		{9747ED92-88A5-4601-ADCB-7C7E218455CC}.Debug|x86.ActiveCfg = Debug|Win32
		{9747ED92-88A5-4601-ADCB-7C7E218455CC}.Debug|x86.Build.0 = Debug|Win32
		{9747ED92-88A5-4601-ADCB-7C7E218455CC}.Release|Any CPU.ActiveCfg = Release|x64
		{9747ED92-88A5-4601-ADCB-7C7E218455CC}.Release|Any CPU.Build.0 = Release|x64
		{9747ED92-88A5-4601-ADCB-7C7E218455CC}.Release|x64.ActiveCfg = Release|x64
		{9747ED92-88A5-4601-ADCB-7C7E218455CC}.Release|x64.Build.0 = Release|x64
		{9747ED92-88A5-4601-ADCB-7C7E218455CC}.Release|x86.ActiveCfg = Release|Win32
		{9747ED92-88A5-4601-ADCB-7C7E218455CC}.Release|x86.Build.0 = Release|Win32
		{CF8B8AFB-7831-46B5-9E19-20AEA7EAB38A}.Build|Any CPU.ActiveCfg = Build|x64
		{CF8B8AFB-7831-46B5-9E19-20AEA7EAB38A}.Build|Any CPU.Build.0 = Build|x64
		{CF8B8AFB-7831-46B5-9E19-20AEA7EAB38A}.Build|x64.ActiveCfg = Build|x64
		{CF8B8AFB-7831-46B5-9E19-20AEA7EAB38A}.Build|x64.Build.0 = Build|x64
		{CF8B8AFB-7831-46B5-9E19-20AEA7EAB38A}.Build|x86.ActiveCfg = Build|Win32
		{CF8B8AFB-7831-46B5-9E19-20AEA7EAB38A}.Build|x86.Build.0 = Build|Win32
		{CF8B8AFB-7831-46B5-9E19-20AEA7EAB38A}.Debug|Any CPU.ActiveCfg = Debug|x64
		{CF8B8AFB-7831-46B5-9E19-20AEA7EAB38A}.Debug|Any CPU.Build.0 = Debug|x64
		{CF8B8AFB-7831-46B5-9E19-20AEA7EAB38A}.Debug|x64.ActiveCfg = Debug|x64
		{CF8B8AFB-7831-46B5-9E19-20AEA7EAB38A}.Debug|x64.Build.0 = Debug|x64
		{CF8B8AFB-7831-46B5-9E19-20AEA7EAB38A}.Debug|x86.ActiveCfg = Debug|Win32
		{CF8B8AFB-7831-46B5-9E19-20AEA7EAB38A}.Debug|x86.Build.0 = Debug|Win32
		{CF8B8AFB-7831-46B5-9E19-20AEA7EAB38A}.Release|Any CPU.ActiveCfg = Release|x64
		{CF8B8AFB-7831-46B5-9E19-20AEA7EAB38A}.Release|Any CPU.Build.0 = Release|x64
		{CF8B8AFB-7831-46B5-9E19-20AEA7EAB38A}.Release|x64.ActiveCfg = Release|x64
		{CF8B8AFB-7831-46B5-9E19-20AEA7EAB38A}.Release|x64.Build.0 = Release|x64
		{CF8B8AFB-7831-46B5-9E19-20AEA7EAB38A}.Release|x86.ActiveCfg = Release|Win32
		{CF8B8AFB-7831-46B5-9E19-20AEA7EAB38A}.Release|x86.Build.0 = Release|Win32
		{939E1CEA-0C8C-4AF2-9DDE-0CD88DDC0025}.Build|Any CPU.ActiveCfg = Build|x64
		{939E1CEA-0C8C-4AF2-9DDE-0CD88DDC0025}.Build|Any CPU.Build.0 = Build|x64
		{939E1CEA-0C8C-4AF2-9DDE-0CD88DDC0025}.Build|x64.ActiveCfg = Build|x64
		{939E1CEA-0C8C-4AF2-9DDE-0CD88DDC0025}.Build|x64.Build.0 = Build|x64
		{939E1CEA-0C8C-4AF2-9DDE-0CD88DDC0025}.Build|x86.ActiveCfg = Build|Win32
		{939E1CEA-0C8C-4AF2-9DDE-0CD88DDC0025}.Build|x86.Build.0 = Build|Win32
		{939E1CEA-0C8C-4AF2-9DDE-0CD88DDC0025}.Debug|Any CPU.ActiveCfg = Debug|x64
		{939E1CEA-0C8C-4AF2-9DDE-0CD88DDC0025}.Debug|Any CPU.Build.0 = Debug|x64
		{939E1CEA-0C8C-4AF2-9DDE-0CD88DDC0025}.Debug|x64.ActiveCfg = Debug|x64
		{939E1CEA-0C8C-4AF2-9DDE-0CD88DDC0025}.Debug|x64.Build.0 = Debug|x64
		{939E1CEA-0C8C-4AF2-9DDE-0CD88DDC0025}.Debug|x86.ActiveCfg = Debug|Win32
		{939E1CEA-0C8C-4AF2-9DDE-0CD88DDC0025}.Debug|x86.Build.0 = Debug|Win32
		{939E1CEA-0C8C-4AF2-9DDE-0CD88DDC0025}.Release|Any CPU.ActiveCfg = Release|x64
		{939E1CEA-0C8C-4AF2-9DDE-0CD88DDC0025}.Release|Any CPU.Build.0 = Release|x64
		{939E1CEA-0C8C-4AF2-9DDE-0CD88DDC0025}.Release|x64.ActiveCfg = Release|x64
		{939E1CEA-0C8C-4AF2-9DDE-0CD88DDC0025}.Release|x64.Build.0 = Release|x64
		{939E1CEA-0C8C-4AF2-9DDE-0CD88DDC0025}.Release|x86.ActiveCfg = Release|Win32
		{939E1CEA-0C8C-4AF2-9DDE-0CD88DDC0025}.Release|x86.Build.0 = Release|Win32
		{442C713E-CC6D-46A9-B3FB-6D10C46ED910}.Build|Any CPU.ActiveCfg = Build|x64
		{442C713E-CC6D-46A9-B3FB-6D10C46ED910}.Build|Any CPU.Build.0 = Build|x64
		{442C713E-CC6D-46A9-B3FB-6D10C46ED910}.Build|x64.ActiveCfg = Build|x64
		{442C713E-CC6D-46A9-B3FB-6D10C46ED910}.Build|x64.Build.0 = Build|x64
		{442C713E-CC6D-46A9-B3FB-6D10C46ED910}.Build|x86.ActiveCfg = Build|Win32
		{442C713E-CC6D-46A9-B3FB-6D10C46ED910}.Build|x86.Build.0 = Build|Win32
		{442C713E-CC6D-46A9-B3FB-6D10C46ED910}.Debug|Any CPU.ActiveCfg = Debug|x64
		{442C713E-CC6D-46A9-B3FB-6D10C46ED910}.Debug|Any CPU.Build.0 = Debug|x64
		{442C713E-CC6D-46A9-B3FB-6D10C46ED910}.Debug|x64.ActiveCfg = Debug|x64
		{442C713E-CC6D-46A9-B3FB-6D10C46ED910}.Debug|x64.Build.0 = Debug|x64
		{442C713E-CC6D-46A9-B3FB-6D10C46ED910}.Debug|x86.ActiveCfg = Debug|Win32
		{442C713E-CC6D-46A9-B3FB-6D10C46ED910}.Debug|x86.Build.0 = Debug|Win32
		{442C713E-CC6D-46A9-B3FB-6D10C46ED910}.Release|Any CPU.ActiveCfg = Release|x64
		{442C713E-CC6D-46A9-B3FB-6D10C46ED910}.Release|Any CPU.Build.0 = Release|x64
		{442C713E-CC6D-46A9-B3FB-6D10C46ED910}.Release|x64.ActiveCfg = Release|x64
		{442C713E-CC6D-46A9-B3FB-6D10C46ED910}.Release|x64.Build.0 = Release|x64
		{442C713E-CC6D-46A9-B3FB-6D10C46ED910}.Release|x86.ActiveCfg = Release|Win32
		{442C713E-CC6D-46A9-B3FB-6D10C46ED910}.Release|x86.Build.0 = Release|Win32
		{57B8F89D-B0B9-4666-A7F0-2E81A8FDEA26}.Build|Any CPU.ActiveCfg = Build|x64
		{57B8F89D-B0B9-4666-A7F0-2E81A8FDEA26}.Build|Any CPU.Build.0 = Build|x64
		{57B8F89D-B0B9-4666-A7F0-2E81A8FDEA26}.Build|x64.ActiveCfg = Build|x64
		{57B8F89D-B0B9-4666-A7F0-2E81A8FDEA26}.Build|x64.Build.0 = Build|x64
		{57B8F89D-B0B9-4666-A7F0-2E81A8FDEA26}.Build|x86.ActiveCfg = Build|Win32
		{57B8F89D-B0B9-4666-A7F0-2E81A8FDEA26}.Build|x86.Build.0 = Build|Win32
		{57B8F89D-B0B9-4666-A7F0-2E81A8FDEA26}.Debug|Any CPU.ActiveCfg = Debug|x64
		{57B8F89D-B0B9-4666-A7F0-2E81A8FDEA26}.Debug|Any CPU.Build.0 = Debug|x64
		{57B8F89D-B0B9-4666-A7F0-2E81A8FDEA26}.Debug|x64.ActiveCfg = Debug|x64
		{57B8F89D-B0B9-4666-A7F0-2E81A8FDEA26}.Debug|x64.Build.0 = Debug|x64
		{57B8F89D-B0B9-4666-A7F0-2E81A8FDEA26}.Debug|x86.ActiveCfg = Debug|Win32
		{57B8F89D-B0B9-4666-A7F0-2E81A8FDEA26}.Debug|x86.Build.0 = Debug|Win32
		{57B8F89D-B0B9-4666-A7F0-2E81A8FDEA26}.Release|Any CPU.ActiveCfg = Release|x64
		{57B8F89D-B0B9-4666-A7F0-2E81A8FDEA26}.Release|Any CPU.Build.0 = Release|x64
		{57B8F89D-B0B9-4666-A7F0-2E81A8FDEA26}.Release|x64.ActiveCfg = Release|x64
		{57B8F89D-B0B9-4666-A7F0-2E81A8FDEA26}.Release|x64.Build.0 = Release|x64
		{57B8F89D-B0B9-4666-A7F0-2E81A8FDEA26}.Release|x86.ActiveCfg = Release|Win32
		{57B8F89D-B0B9-4666-A7F0-2E81A8FDEA26}.Release|x86.Build.0 = Release|Win32
		{C8F1D4B6-D596-4E4E-B305-B4BA9CAE475A}.Build|Any CPU.ActiveCfg = Build|x64
		{C8F1D4B6-D596-4E4E-B305-B4BA9CAE475A}.Build|Any CPU.Build.0 = Build|x64
		{C8F1D4B6-D596-4E4E-B305-B4BA9CAE475A}.Build|x64.ActiveCfg = Build|x64
		{C8F1D4B6-D596-4E4E-B305-B4BA9CAE475A}.Build|x64.Build.0 = Build|x64
		{C8F1D4B6-D596-4E4E-B305-B4BA9CAE475A}.Build|x86.ActiveCfg = Build|Win32
		{C8F1D4B6-D596-4E4E-B305-B4BA9CAE475A}.Build|x86.Build.0 = Build|Win32
		{C8F1D4B6-D596-4E4E-B305-B4BA9CAE475A}.Debug|Any CPU.ActiveCfg = Debug|x64
		{C8F1D4B6-D596-4E4E-B305-B4BA9CAE475A}.Debug|Any CPU.Build.0 = Debug|x64
		{C8F1D4B6-D596-4E4E-B305-B4BA9CAE475A}.Debug|x64.ActiveCfg = Debug|x64
		{C8F1D4B6-D596-4E4E-B305-B4BA9CAE475A}.Debug|x64.Build.0 = Debug|x64
		{C8F1D4B6-D596-4E4E-B305-B4BA9CAE475A}.Debug|x86.ActiveCfg = Debug|Win32
		{C8F1D4B6-D596-4E4E-B305-B4BA9CAE475A}.Debug|x86.Build.0 = Debug|Win32
		{C8F1D4B6-D596-4E4E-B305-B4BA9CAE475A}.Release|Any CPU.ActiveCfg = Release|x64
		{C8F1D4B6-D596-4E4E-B305-B4BA9CAE475A}.Release|Any CPU.Build.0 = Release|x64
		{C8F1D4B6-D596-4E4E-B305-B4BA9CAE475A}.Release|x64.ActiveCfg = Release|x64
		{C8F1D4B6-D596-4E4E-B305-B4BA9CAE475A}.Release|x64.Build.0 = Release|x64
		{C8F1D4B6-D596-4E4E-B305-B4BA9CAE475A}.Release|x86.ActiveCfg = Release|Win32
		{C8F1D4B6-D596-4E4E-B305-B4BA9CAE475A}.Release|x86.Build.0 = Release|Win32
		{AB9EE30B-8226-43BC-8687-B6C8D91FC648}.Build|Any CPU.ActiveCfg = Build|x64
		{AB9EE30B-8226-43BC-8687-B6C8D91FC648}.Build|Any CPU.Build.0 = Build|x64
		{AB9EE30B-8226-43BC-8687-B6C8D91FC648}.Build|x64.ActiveCfg = Build|x64
		{AB9EE30B-8226-43BC-8687-B6C8D91FC648}.Build|x64.Build.0 = Build|x64
		{AB9EE30B-8226-43BC-8687-B6C8D91FC648}.Build|x86.ActiveCfg = Build|Win32
		{AB9EE30B-8226-43BC-8687-B6C8D91FC648}.Build|x86.Build.0 = Build|Win32
		{AB9EE30B-8226-43BC-8687-B6C8D91FC648}.Debug|Any CPU.ActiveCfg = Debug|x64
		{AB9EE30B-8226-43BC-8687-B6C8D91FC648}.Debug|Any CPU.Build.0 = Debug|x64
		{AB9EE30B-8226-43BC-8687-B6C8D91FC648}.Debug|x64.ActiveCfg = Debug|x64
		{AB9EE30B-8226-43BC-8687-B6C8D91FC648}.Debug|x64.Build.0 = Debug|x64
		{AB9EE30B-8226-43BC-8687-B6C8D91FC648}.Debug|x86.ActiveCfg = Debug|Win32
		{AB9EE30B-8226-43BC-8687-B6C8D91FC648}.Debug|x86.Build.0 = Debug|Win32
		{AB9EE30B-8226-43BC-8687-B6C8D91FC648}.Release|Any CPU.ActiveCfg = Release|x64
		{AB9EE30B-8226-43BC-8687-B6C8D91FC648}.Release|Any CPU.Build.0 = Release|x64
		{AB9EE30B-8226-43BC-8687-B6C8D91FC648}.Release|x64.ActiveCfg = Release|x64
		{AB9EE30B-8226-43BC-8687-B6C8D91FC648}.Release|x64.Build.0 = Release|x64
		{AB9EE30B-8226-43BC-8687-B6C8D91FC648}.Release|x86.ActiveCfg = Release|Win32
		{AB9EE30B-8226-43BC-8687-B6C8D91FC648}.Release|x86.Build.0 = Release|Win32
		{C884A625-C892-4EE4-89AC-3592F9CAC19D}.Build|Any CPU.ActiveCfg = Build|x64
		{C884A625-C892-4EE4-89AC-3592F9CAC19D}.Build|Any CPU.Build.0 = Build|x64
		{C884A625-C892-4EE4-89AC-3592F9CAC19D}.Build|x64.ActiveCfg = Build|x64
		{C884A625-C892-4EE4-89AC-3592F9CAC19D}.Build|x64.Build.0 = Build|x64
		{C884A625-C892-4EE4-89AC-3592F9CAC19D}.Build|x86.ActiveCfg = Build|Win32
		{C884A625-C892-4EE4-89AC-3592F9CAC19D}.Build|x86.Build.0 = Build|Win32
		{C884A625-C892-4EE4-89AC-3592F9CAC19D}.Debug|Any CPU.ActiveCfg = Debug|x64
		{C884A625-C892-4EE4-89AC-3592F9CAC19D}.Debug|Any CPU.Build.0 = Debug|x64
		{C884A625-C892-4EE4-89AC-3592F9CAC19D}.Debug|x64.ActiveCfg = Debug|x64
		{C884A625-C892-4EE4-89AC-3592F9CAC19D}.Debug|x64.Build.0 = Debug|x64
		{C884A625-C892-4EE4-89AC-3592F9CAC19D}.Debug|x86.ActiveCfg = Debug|Win32
		{C884A625-C892-4EE4-89AC-3592F9CAC19D}.Debug|x86.Build.0 = Debug|Win32
		{C884A625-C892-4EE4-89AC-3592F9CAC19D}.Release|Any CPU.ActiveCfg = Release|x64
		{C884A625-C892-4EE4-89AC-3592F9CAC19D}.Release|Any CPU.Build.0 = Release|x64
		{C884A625-C892-4EE4-89AC-3592F9CAC19D}.Release|x64.ActiveCfg = Release|x64
		{C884A625-C892-4EE4-89AC-3592F9CAC19D}.Release|x64.Build.0 = Release|x64
		{C884A625-C892-4EE4-89AC-3592F9CAC19D}.Release|x86.ActiveCfg = Release|Win32
		{C884A625-C892-4EE4-89AC-3592F9CAC19D}.Release|x86.Build.0 = Release|Win32
		{2A36C48B-AFB0-4883-AB6E-14C31C20B05F}.Build|Any CPU.ActiveCfg = Build|x64
		{2A36C48B-AFB0-4883-AB6E-14C31C20B05F}.Build|Any CPU.Build.0 = Build|x64
		{2A36C48B-AFB0-4883-AB6E-14C31C20B05F}.Build|x64.ActiveCfg = Build|x64
		{2A36C48B-AFB0-4883-AB6E-14C31C20B05F}.Build|x64.Build.0 = Build|x64
		{2A36C48B-AFB0-4883-AB6E-14C31C20B05F}.Build|x86.ActiveCfg = Build|Win32
		{2A36C48B-AFB0-4883-AB6E-14C31C20B05F}.Build|x86.Build.0 = Build|Win32
		{2A36C48B-AFB0-4883-AB6E-14C31C20B05F}.Debug|Any CPU.ActiveCfg = Debug|x64
		{2A36C48B-AFB0-4883-AB6E-14C31C20B05F}.Debug|Any CPU.Build.0 = Debug|x64
		{2A36C48B-AFB0-4883-AB6E-14C31C20B05F}.Debug|x64.ActiveCfg = Debug|x64
		{2A36C48B-AFB0-4883-AB6E-14C31C20B05F}.Debug|x64.Build.0 = Debug|x64
		{2A36C48B-AFB0-4883-AB6E-14C31C20B05F}.Debug|x86.ActiveCfg = Debug|Win32
		{2A36C48B-AFB0-4883-AB6E-14C31C20B05F}.Debug|x86.Build.0 = Debug|Win32
		{2A36C48B-AFB0-4883-AB6E-14C31C20B05F}.Release|Any CPU.ActiveCfg = Release|x64
		{2A36C48B-AFB0-4883-AB6E-14C31C20B05F}.Release|Any CPU.Build.0 = Release|x64
		{2A36C48B-AFB0-4883-AB6E-14C31C20B05F}.Release|x64.ActiveCfg = Release|x64
		{2A36C48B-AFB0-4883-AB6E-14C31C20B05F}.Release|x64.Build.0 = Release|x64
		{2A36C48B-AFB0-4883-AB6E-14C31C20B05F}.Release|x86.ActiveCfg = Release|Win32
		{2A36C48B-AFB0-4883-AB6E-14C31C20B05F}.Release|x86.Build.0 = Release|Win32
		{BA2FCD36-58B5-41DC-B76D-98448F5CEB48}.Build|Any CPU.ActiveCfg = Build|x64
		{BA2FCD36-58B5-41DC-B76D-98448F5CEB48}.Build|Any CPU.Build.0 = Build|x64
		{BA2FCD36-58B5-41DC-B76D-98448F5CEB48}.Build|x64.ActiveCfg = Build|x64
		{BA2FCD36-58B5-41DC-B76D-98448F5CEB48}.Build|x64.Build.0 = Build|x64
		{BA2FCD36-58B5-41DC-B76D-98448F5CEB48}.Build|x86.ActiveCfg = Build|Win32
		{BA2FCD36-58B5-41DC-B76D-98448F5CEB48}.Build|x86.Build.0 = Build|Win32
		{BA2FCD36-58B5-41DC-B76D-98448F5CEB48}.Debug|Any CPU.ActiveCfg = Debug|x64
		{BA2FCD36-58B5-41DC-B76D-98448F5CEB48}.Debug|Any CPU.Build.0 = Debug|x64
		{BA2FCD36-58B5-41DC-B76D-98448F5CEB48}.Debug|x64.ActiveCfg = Debug|x64
		{BA2FCD36-58B5-41DC-B76D-98448F5CEB48}.Debug|x64.Build.0 = Debug|x64
		{BA2FCD36-58B5-41DC-B76D-98448F5CEB48}.Debug|x86.ActiveCfg = Debug|Win32
		{BA2FCD36-58B5-41DC-B76D-98448F5CEB48}.Debug|x86.Build.0 = Debug|Win32
		{BA2FCD36-58B5-41DC-B76D-98448F5CEB48}.Release|Any CPU.ActiveCfg = Release|x64
		{BA2FCD36-58B5-41DC-B76D-98448F5CEB48}.Release|Any CPU.Build.0 = Release|x64
		{BA2FCD36-58B5-41DC-B76D-98448F5CEB48}.Release|x64.ActiveCfg = Release|x64
		{BA2FCD36-58B5-41DC-B76D-98448F5CEB48}.Release|x64.Build.0 = Release|x64
		{BA2FCD36-58B5-41DC-B76D-98448F5CEB48}.Release|x86.ActiveCfg = Release|Win32
		{BA2FCD36-58B5-41DC-B76D-98448F5CEB48}.Release|x86.Build.0 = Release|Win32
		{3BE6BF9C-DEBF-4E81-9D65-BF01F1A5B84D}.Build|Any CPU.ActiveCfg = Build|x64
		{3BE6BF9C-DEBF-4E81-9D65-BF01F1A5B84D}.Build|Any CPU.Build.0 = Build|x64
		{3BE6BF9C-DEBF-4E81-9D65-BF01F1A5B84D}.Build|x64.ActiveCfg = Build|x64
		{3BE6BF9C-DEBF-4E81-9D65-BF01F1A5B84D}.Build|x64.Build.0 = Build|x64
		{3BE6BF9C-DEBF-4E81-9D65-BF01F1A5B84D}.Build|x86.ActiveCfg = Build|Win32
		{3BE6BF9C-DEBF-4E81-9D65-BF01F1A5B84D}.Build|x86.Build.0 = Build|Win32
		{3BE6BF9C-DEBF-4E81-9D65-BF01F1A5B84D}.Debug|Any CPU.ActiveCfg = Debug|x64
		{3BE6BF9C-DEBF-4E81-9D65-BF01F1A5B84D}.Debug|Any CPU.Build.0 = Debug|x64
		{3BE6BF9C-DEBF-4E81-9D65-BF01F1A5B84D}.Debug|x64.ActiveCfg = Debug|x64
		{3BE6BF9C-DEBF-4E81-9D65-BF01F1A5B84D}.Debug|x64.Build.0 = Debug|x64
		{3BE6BF9C-DEBF-4E81-9D65-BF01F1A5B84D}.Debug|x86.ActiveCfg = Debug|Win32
		{3BE6BF9C-DEBF-4E81-9D65-BF01F1A5B84D}.Debug|x86.Build.0 = Debug|Win32
		{3BE6BF9C-DEBF-4E81-9D65-BF01F1A5B84D}.Release|Any CPU.ActiveCfg = Release|x64
		{3BE6BF9C-DEBF-4E81-9D65-BF01F1A5B84D}.Release|Any CPU.Build.0 = Release|x64
		{3BE6BF9C-DEBF-4E81-9D65-BF01F1A5B84D}.Release|x64.ActiveCfg = Release|x64
		{3BE6BF9C-DEBF-4E81-9D65-BF01F1A5B84D}.Release|x64.Build.0 = Release|x64
		{3BE6BF9C-DEBF-4E81-9D65-BF01F1A5B84D}.Release|x86.ActiveCfg = Release|Win32
		{3BE6BF9C-DEBF-4E81-9D65-BF01F1A5B84D}.Release|x86.Build.0 = Release|Win32
		{BF53A5E6-0000-4C1E-856E-C1D58ACFDAEA}.Build|Any CPU.ActiveCfg = Build|x64
		{BF53A5E6-0000-4C1E-856E-C1D58ACFDAEA}.Build|Any CPU.Build.0 = Build|x64
		{BF53A5E6-0000-4C1E-856E-C1D58ACFDAEA}.Build|x64.ActiveCfg = Build|x64
		{BF53A5E6-0000-4C1E-856E-C1D58ACFDAEA}.Build|x64.Build.0 = Build|x64
		{BF53A5E6-0000-4C1E-856E-C1D58ACFDAEA}.Build|x86.ActiveCfg = Build|Win32
		{BF53A5E6-0000-4C1E-856E-C1D58ACFDAEA}.Build|x86.Build.0 = Build|Win32
		{BF53A5E6-0000-4C1E-856E-C1D58ACFDAEA}.Debug|Any CPU.ActiveCfg = Debug|x64
		{BF53A5E6-0000-4C1E-856E-C1D58ACFDAEA}.Debug|Any CPU.Build.0 = Debug|x64
		{BF53A5E6-0000-4C1E-856E-C1D58ACFDAEA}.Debug|x64.ActiveCfg = Debug|x64
		{BF53A5E6-0000-4C1E-856E-C1D58ACFDAEA}.Debug|x64.Build.0 = Debug|x64
		{BF53A5E6-0000-4C1E-856E-C1D58ACFDAEA}.Debug|x86.ActiveCfg = Debug|Win32
		{BF53A5E6-0000-4C1E-856E-C1D58ACFDAEA}.Debug|x86.Build.0 = Debug|Win32
		{BF53A5E6-0000-4C1E-856E-C1D58ACFDAEA}.Release|Any CPU.ActiveCfg = Release|x64
		{BF53A5E6-0000-4C1E-856E-C1D58ACFDAEA}.Release|Any CPU.Build.0 = Release|x64
		{BF53A5E6-0000-4C1E-856E-C1D58ACFDAEA}.Release|x64.ActiveCfg = Release|x64
		{BF53A5E6-0000-4C1E-856E-C1D58ACFDAEA}.Release|x64.Build.0 = Release|x64
		{BF53A5E6-0000-4C1E-856E-C1D58ACFDAEA}.Release|x86.ActiveCfg = Release|Win32
		{BF53A5E6-0000-4C1E-856E-C1D58ACFDAEA}.Release|x86.Build.0 = Release|Win32
		{E34C3335-A8DE-4332-9992-EF257773B7D5}.Build|Any CPU.ActiveCfg = Build|x64
		{E34C3335-A8DE-4332-9992-EF257773B7D5}.Build|Any CPU.Build.0 = Build|x64
		{E34C3335-A8DE-4332-9992-EF257773B7D5}.Build|x64.ActiveCfg = Build|x64
		{E34C3335-A8DE-4332-9992-EF257773B7D5}.Build|x64.Build.0 = Build|x64
		{E34C3335-A8DE-4332-9992-EF257773B7D5}.Build|x86.ActiveCfg = Build|Win32
		{E34C3335-A8DE-4332-9992-EF257773B7D5}.Build|x86.Build.0 = Build|Win32
		{E34C3335-A8DE-4332-9992-EF257773B7D5}.Debug|Any CPU.ActiveCfg = Debug|x64
		{E34C3335-A8DE-4332-9992-EF257773B7D5}.Debug|Any CPU.Build.0 = Debug|x64
		{E34C3335-A8DE-4332-9992-EF257773B7D5}.Debug|x64.ActiveCfg = Debug|x64
		{E34C3335-A8DE-4332-9992-EF257773B7D5}.Debug|x64.Build.0 = Debug|x64
		{E34C3335-A8DE-4332-9992-EF257773B7D5}.Debug|x86.ActiveCfg = Debug|Win32
		{E34C3335-A8DE-4332-9992-EF257773B7D5}.Debug|x86.Build.0 = Debug|Win32
		{E34C3335-A8DE-4332-9992-EF257773B7D5}.Release|Any CPU.ActiveCfg = Release|x64
		{E34C3335-A8DE-4332-9992-EF257773B7D5}.Release|Any CPU.Build.0 = Release|x64
		{E34C3335-A8DE-4332-9992-EF257773B7D5}.Release|x64.ActiveCfg = Release|x64
		{E34C3335-A8DE-4332-9992-EF257773B7D5}.Release|x64.Build.0 = Release|x64
		{E34C3335-A8DE-4332-9992-EF257773B7D5}.Release|x86.ActiveCfg = Release|Win32
		{E34C3335-A8DE-4332-9992-EF257773B7D5}.Release|x86.Build.0 = Release|Win32
		{4704560C-9E0E-4FC6-AA06-2640B4ED361B}.Build|Any CPU.ActiveCfg = Build|x64
		{4704560C-9E0E-4FC6-AA06-2640B4ED361B}.Build|Any CPU.Build.0 = Build|x64
		{4704560C-9E0E-4FC6-AA06-2640B4ED361B}.Build|x64.ActiveCfg = Build|x64
		{4704560C-9E0E-4FC6-AA06-2640B4ED361B}.Build|x64.Build.0 = Build|x64
		{4704560C-9E0E-4FC6-AA06-2640B4ED361B}.Build|x86.ActiveCfg = Build|Win32
		{4704560C-9E0E-4FC6-AA06-2640B4ED361B}.Build|x86.Build.0 = Build|Win32
		{4704560C-9E0E-4FC6-AA06-2640B4ED361B}.Debug|Any CPU.ActiveCfg = Debug|x64
		{4704560C-9E0E-4FC6-AA06-2640B4ED361B}.Debug|Any CPU.Build.0 = Debug|x64
		{4704560C-9E0E-4FC6-AA06-2640B4ED361B}.Debug|x64.ActiveCfg = Debug|x64
		{4704560C-9E0E-4FC6-AA06-2640B4ED361B}.Debug|x64.Build.0 = Debug|x64
		{4704560C-9E0E-4FC6-AA06-2640B4ED361B}.Debug|x86.ActiveCfg = Debug|Win32
		{4704560C-9E0E-4FC6-AA06-2640B4ED361B}.Debug|x86.Build.0 = Debug|Win32
		{4704560C-9E0E-4FC6-AA06-2640B4ED361B}.Release|Any CPU.ActiveCfg = Release|x64
		{4704560C-9E0E-4FC6-AA06-2640B4ED361B}.Release|Any CPU.Build.0 = Release|x64
		{4704560C-9E0E-4FC6-AA06-2640B4ED361B}.Release|x64.ActiveCfg = Release|x64
		{4704560C-9E0E-4FC6-AA06-2640B4ED361B}.Release|x64.Build.0 = Release|x64
		{4704560C-9E0E-4FC6-AA06-2640B4ED361B}.Release|x86.ActiveCfg = Release|Win32
		{4704560C-9E0E-4FC6-AA06-2640B4ED361B}.Release|x86.Build.0 = Release|Win32
		{C2DA42D6-0667-41D0-9FAF-9BD5DBE77D7B}.Build|Any CPU.ActiveCfg = Build|x64
		{C2DA42D6-0667-41D0-9FAF-9BD5DBE77D7B}.Build|Any CPU.Build.0 = Build|x64
		{C2DA42D6-0667-41D0-9FAF-9BD5DBE77D7B}.Build|x64.ActiveCfg = Build|x64
		{C2DA42D6-0667-41D0-9FAF-9BD5DBE77D7B}.Build|x64.Build.0 = Build|x64
		{C2DA42D6-0667-41D0-9FAF-9BD5DBE77D7B}.Build|x86.ActiveCfg = Build|Win32
		{C2DA42D6-0667-41D0-9FAF-9BD5DBE77D7B}.Build|x86.Build.0 = Build|Win32
		{C2DA42D6-0667-41D0-9FAF-9BD5DBE77D7B}.Debug|Any CPU.ActiveCfg = Debug|x64
		{C2DA42D6-0667-41D0-9FAF-9BD5DBE77D7B}.Debug|Any CPU.Build.0 = Debug|x64
		{C2DA42D6-0667-41D0-9FAF-9BD5DBE77D7B}.Debug|x64.ActiveCfg = Debug|x64
		{C2DA42D6-0667-41D0-9FAF-9BD5DBE77D7B}.Debug|x64.Build.0 = Debug|x64
		{C2DA42D6-0667-41D0-9FAF-9BD5DBE77D7B}.Debug|x86.ActiveCfg = Debug|Win32
		{C2DA42D6-0667-41D0-9FAF-9BD5DBE77D7B}.Debug|x86.Build.0 = Debug|Win32
		{C2DA42D6-0667-41D0-9FAF-9BD5DBE77D7B}.Release|Any CPU.ActiveCfg = Release|x64
		{C2DA42D6-0667-41D0-9FAF-9BD5DBE77D7B}.Release|Any CPU.Build.0 = Release|x64
		{C2DA42D6-0667-41D0-9FAF-9BD5DBE77D7B}.Release|x64.ActiveCfg = Release|x64
		{C2DA42D6-0667-41D0-9FAF-9BD5DBE77D7B}.Release|x64.Build.0 = Release|x64
		{C2DA42D6-0667-41D0-9FAF-9BD5DBE77D7B}.Release|x86.ActiveCfg = Release|Win32
		{C2DA42D6-0667-41D0-9FAF-9BD5DBE77D7B}.Release|x86.Build.0 = Release|Win32
		{F848A5AE-7ACC-4856-B769-DD81D621CAAB}.Build|Any CPU.ActiveCfg = Build|x64
		{F848A5AE-7ACC-4856-B769-DD81D621CAAB}.Build|Any CPU.Build.0 = Build|x64
		{F848A5AE-7ACC-4856-B769-DD81D621CAAB}.Build|x64.ActiveCfg = Build|x64
		{F848A5AE-7ACC-4856-B769-DD81D621CAAB}.Build|x64.Build.0 = Build|x64
		{F848A5AE-7ACC-4856-B769-DD81D621CAAB}.Build|x86.ActiveCfg = Build|Win32
		{F848A5AE-7ACC-4856-B769-DD81D621CAAB}.Build|x86.Build.0 = Build|Win32
		{F848A5AE-7ACC-4856-B769-DD81D621CAAB}.Debug|Any CPU.ActiveCfg = Debug|x64
		{F848A5AE-7ACC-4856-B769-DD81D621CAAB}.Debug|Any CPU.Build.0 = Debug|x64
		{F848A5AE-7ACC-4856-B769-DD81D621CAAB}.Debug|x64.ActiveCfg = Debug|x64
		{F848A5AE-7ACC-4856-B769-DD81D621CAAB}.Debug|x64.Build.0 = Debug|x64
		{F848A5AE-7ACC-4856-B769-DD81D621CAAB}.Debug|x86.ActiveCfg = Debug|Win32
		{F848A5AE-7ACC-4856-B769-DD81D621CAAB}.Debug|x86.Build.0 = Debug|Win32
		{F848A5AE-7ACC-4856-B769-DD81D621CAAB}.Release|Any CPU.ActiveCfg = Release|x64
		{F848A5AE-7ACC-4856-B769-DD81D621CAAB}.Release|Any CPU.Build.0 = Release|x64
		{F848A5AE-7ACC-4856-B769-DD81D621CAAB}.Release|x64.ActiveCfg = Release|x64
		{F848A5AE-7ACC-4856-B769-DD81D621CAAB}.Release|x64.Build.0 = Release|x64
		{F848A5AE-7ACC-4856-B769-DD81D621CAAB}.Release|x86.ActiveCfg = Release|Win32
		{F848A5AE-7ACC-4856-B769-DD81D621CAAB}.Release|x86.Build.0 = Release|Win32
		{43B72345-9616-4637-8023-D846747A4CD7}.Build|Any CPU.ActiveCfg = Build|x64
		{43B72345-9616-4637-8023-D846747A4CD7}.Build|Any CPU.Build.0 = Build|x64
		{43B72345-9616-4637-8023-D846747A4CD7}.Build|x64.ActiveCfg = Build|x64
		{43B72345-9616-4637-8023-D846747A4CD7}.Build|x64.Build.0 = Build|x64
		{43B72345-9616-4637-8023-D846747A4CD7}.Build|x86.ActiveCfg = Build|Win32
		{43B72345-9616-4637-8023-D846747A4CD7}.Build|x86.Build.0 = Build|Win32
		{43B72345-9616-4637-8023-D846747A4CD7}.Debug|Any CPU.ActiveCfg = Debug|x64
		{43B72345-9616-4637-8023-D846747A4CD7}.Debug|Any CPU.Build.0 = Debug|x64
		{43B72345-9616-4637-8023-D846747A4CD7}.Debug|x64.ActiveCfg = Debug|x64
		{43B72345-9616-4637-8023-D846747A4CD7}.Debug|x64.Build.0 = Debug|x64
		{43B72345-9616-4637-8023-D846747A4CD7}.Debug|x86.ActiveCfg = Debug|Win32
		{43B72345-9616-4637-8023-D846747A4CD7}.Debug|x86.Build.0 = Debug|Win32
		{43B72345-9616-4637-8023-D846747A4CD7}.Release|Any CPU.ActiveCfg = Release|x64
		{43B72345-9616-4637-8023-D846747A4CD7}.Release|Any CPU.Build.0 = Release|x64
		{43B72345-9616-4637-8023-D846747A4CD7}.Release|x64.ActiveCfg = Release|x64
		{43B72345-9616-4637-8023-D846747A4CD7}.Release|x64.Build.0 = Release|x64
		{43B72345-9616-4637-8023-D846747A4CD7}.Release|x86.ActiveCfg = Release|Win32
		{43B72345-9616-4637-8023-D846747A4CD7}.Release|x86.Build.0 = Release|Win32
		{374B5B71-EB13-4B4B-ABA4-CD7A88CA290D}.Build|Any CPU.ActiveCfg = Build|x64
		{374B5B71-EB13-4B4B-ABA4-CD7A88CA290D}.Build|Any CPU.Build.0 = Build|x64
		{374B5B71-EB13-4B4B-ABA4-CD7A88CA290D}.Build|x64.ActiveCfg = Build|x64
		{374B5B71-EB13-4B4B-ABA4-CD7A88CA290D}.Build|x64.Build.0 = Build|x64
		{374B5B71-EB13-4B4B-ABA4-CD7A88CA290D}.Build|x86.ActiveCfg = Build|Win32
		{374B5B71-EB13-4B4B-ABA4-CD7A88CA290D}.Build|x86.Build.0 = Build|Win32
		{374B5B71-EB13-4B4B-ABA4-CD7A88CA290D}.Debug|Any CPU.ActiveCfg = Debug|x64
		{374B5B71-EB13-4B4B-ABA4-CD7A88CA290D}.Debug|Any CPU.Build.0 = Debug|x64
		{374B5B71-EB13-4B4B-ABA4-CD7A88CA290D}.Debug|x64.ActiveCfg = Debug|x64
		{374B5B71-EB13-4B4B-ABA4-CD7A88CA290D}.Debug|x64.Build.0 = Debug|x64
		{374B5B71-EB13-4B4B-ABA4-CD7A88CA290D}.Debug|x86.ActiveCfg = Debug|Win32
		{374B5B71-EB13-4B4B-ABA4-CD7A88CA290D}.Debug|x86.Build.0 = Debug|Win32
		{374B5B71-EB13-4B4B-ABA4-CD7A88CA290D}.Release|Any CPU.ActiveCfg = Release|x64
		{374B5B71-EB13-4B4B-ABA4-CD7A88CA290D}.Release|Any CPU.Build.0 = Release|x64
		{374B5B71-EB13-4B4B-ABA4-CD7A88CA290D}.Release|x64.ActiveCfg = Release|x64
		{374B5B71-EB13-4B4B-ABA4-CD7A88CA290D}.Release|x64.Build.0 = Release|x64
		{374B5B71-EB13-4B4B-ABA4-CD7A88CA290D}.Release|x86.ActiveCfg = Release|Win32
		{374B5B71-EB13-4B4B-ABA4-CD7A88CA290D}.Release|x86.Build.0 = Release|Win32
		{D4D4AFD8-92A7-4321-BAA4-E7D44D8019E0}.Build|Any CPU.ActiveCfg = Debug|Any CPU
		{D4D4AFD8-92A7-4321-BAA4-E7D44D8019E0}.Build|Any CPU.Build.0 = Debug|Any CPU
		{D4D4AFD8-92A7-4321-BAA4-E7D44D8019E0}.Build|x64.ActiveCfg = Debug|Any CPU
		{D4D4AFD8-92A7-4321-BAA4-E7D44D8019E0}.Build|x64.Build.0 = Debug|Any CPU
		{D4D4AFD8-92A7-4321-BAA4-E7D44D8019E0}.Build|x86.ActiveCfg = Debug|Any CPU
		{D4D4AFD8-92A7-4321-BAA4-E7D44D8019E0}.Build|x86.Build.0 = Debug|Any CPU
		{D4D4AFD8-92A7-4321-BAA4-E7D44D8019E0}.Debug|Any CPU.ActiveCfg = Debug|Any CPU
		{D4D4AFD8-92A7-4321-BAA4-E7D44D8019E0}.Debug|Any CPU.Build.0 = Debug|Any CPU
		{D4D4AFD8-92A7-4321-BAA4-E7D44D8019E0}.Debug|x64.ActiveCfg = Debug|Any CPU
		{D4D4AFD8-92A7-4321-BAA4-E7D44D8019E0}.Debug|x64.Build.0 = Debug|Any CPU
		{D4D4AFD8-92A7-4321-BAA4-E7D44D8019E0}.Debug|x86.ActiveCfg = Debug|Any CPU
		{D4D4AFD8-92A7-4321-BAA4-E7D44D8019E0}.Debug|x86.Build.0 = Debug|Any CPU
		{D4D4AFD8-92A7-4321-BAA4-E7D44D8019E0}.Release|Any CPU.ActiveCfg = Release|Any CPU
		{D4D4AFD8-92A7-4321-BAA4-E7D44D8019E0}.Release|Any CPU.Build.0 = Release|Any CPU
		{D4D4AFD8-92A7-4321-BAA4-E7D44D8019E0}.Release|x64.ActiveCfg = Release|Any CPU
		{D4D4AFD8-92A7-4321-BAA4-E7D44D8019E0}.Release|x64.Build.0 = Release|Any CPU
		{D4D4AFD8-92A7-4321-BAA4-E7D44D8019E0}.Release|x86.ActiveCfg = Release|Any CPU
		{D4D4AFD8-92A7-4321-BAA4-E7D44D8019E0}.Release|x86.Build.0 = Release|Any CPU
		{6E127EE7-BF1E-46F7-A947-926EC7DF8376}.Build|Any CPU.ActiveCfg = Debug|x64
		{6E127EE7-BF1E-46F7-A947-926EC7DF8376}.Build|Any CPU.Build.0 = Debug|x64
		{6E127EE7-BF1E-46F7-A947-926EC7DF8376}.Build|x64.ActiveCfg = Debug|x64
		{6E127EE7-BF1E-46F7-A947-926EC7DF8376}.Build|x64.Build.0 = Debug|x64
		{6E127EE7-BF1E-46F7-A947-926EC7DF8376}.Build|x86.ActiveCfg = Debug|Win32
		{6E127EE7-BF1E-46F7-A947-926EC7DF8376}.Build|x86.Build.0 = Debug|Win32
		{6E127EE7-BF1E-46F7-A947-926EC7DF8376}.Debug|Any CPU.ActiveCfg = Debug|x64
		{6E127EE7-BF1E-46F7-A947-926EC7DF8376}.Debug|Any CPU.Build.0 = Debug|x64
		{6E127EE7-BF1E-46F7-A947-926EC7DF8376}.Debug|x64.ActiveCfg = Debug|x64
		{6E127EE7-BF1E-46F7-A947-926EC7DF8376}.Debug|x64.Build.0 = Debug|x64
		{6E127EE7-BF1E-46F7-A947-926EC7DF8376}.Debug|x86.ActiveCfg = Debug|Win32
		{6E127EE7-BF1E-46F7-A947-926EC7DF8376}.Debug|x86.Build.0 = Debug|Win32
		{6E127EE7-BF1E-46F7-A947-926EC7DF8376}.Release|Any CPU.ActiveCfg = Release|x64
		{6E127EE7-BF1E-46F7-A947-926EC7DF8376}.Release|Any CPU.Build.0 = Release|x64
		{6E127EE7-BF1E-46F7-A947-926EC7DF8376}.Release|x64.ActiveCfg = Release|x64
		{6E127EE7-BF1E-46F7-A947-926EC7DF8376}.Release|x64.Build.0 = Release|x64
		{6E127EE7-BF1E-46F7-A947-926EC7DF8376}.Release|x86.ActiveCfg = Release|Win32
		{6E127EE7-BF1E-46F7-A947-926EC7DF8376}.Release|x86.Build.0 = Release|Win32
		{57A0D5D0-24B8-4250-8F4B-7C5764DFAB04}.Build|Any CPU.ActiveCfg = Debug|x64
		{57A0D5D0-24B8-4250-8F4B-7C5764DFAB04}.Build|Any CPU.Build.0 = Debug|x64
		{57A0D5D0-24B8-4250-8F4B-7C5764DFAB04}.Build|x64.ActiveCfg = Debug|x64
		{57A0D5D0-24B8-4250-8F4B-7C5764DFAB04}.Build|x64.Build.0 = Debug|x64
		{57A0D5D0-24B8-4250-8F4B-7C5764DFAB04}.Build|x86.ActiveCfg = Debug|Win32
		{57A0D5D0-24B8-4250-8F4B-7C5764DFAB04}.Build|x86.Build.0 = Debug|Win32
		{57A0D5D0-24B8-4250-8F4B-7C5764DFAB04}.Debug|Any CPU.ActiveCfg = Debug|x64
		{57A0D5D0-24B8-4250-8F4B-7C5764DFAB04}.Debug|Any CPU.Build.0 = Debug|x64
		{57A0D5D0-24B8-4250-8F4B-7C5764DFAB04}.Debug|x64.ActiveCfg = Debug|x64
		{57A0D5D0-24B8-4250-8F4B-7C5764DFAB04}.Debug|x64.Build.0 = Debug|x64
		{57A0D5D0-24B8-4250-8F4B-7C5764DFAB04}.Debug|x86.ActiveCfg = Debug|Win32
		{57A0D5D0-24B8-4250-8F4B-7C5764DFAB04}.Debug|x86.Build.0 = Debug|Win32
		{57A0D5D0-24B8-4250-8F4B-7C5764DFAB04}.Release|Any CPU.ActiveCfg = Release|x64
		{57A0D5D0-24B8-4250-8F4B-7C5764DFAB04}.Release|Any CPU.Build.0 = Release|x64
		{57A0D5D0-24B8-4250-8F4B-7C5764DFAB04}.Release|x64.ActiveCfg = Release|x64
		{57A0D5D0-24B8-4250-8F4B-7C5764DFAB04}.Release|x64.Build.0 = Release|x64
		{57A0D5D0-24B8-4250-8F4B-7C5764DFAB04}.Release|x86.ActiveCfg = Release|Win32
		{57A0D5D0-24B8-4250-8F4B-7C5764DFAB04}.Release|x86.Build.0 = Release|Win32
		{BF884C7E-680E-4BA0-A0ED-B23DF88843E4}.Build|Any CPU.ActiveCfg = Debug|x64
		{BF884C7E-680E-4BA0-A0ED-B23DF88843E4}.Build|Any CPU.Build.0 = Debug|x64
		{BF884C7E-680E-4BA0-A0ED-B23DF88843E4}.Build|x64.ActiveCfg = Debug|x64
		{BF884C7E-680E-4BA0-A0ED-B23DF88843E4}.Build|x64.Build.0 = Debug|x64
		{BF884C7E-680E-4BA0-A0ED-B23DF88843E4}.Build|x86.ActiveCfg = Debug|Win32
		{BF884C7E-680E-4BA0-A0ED-B23DF88843E4}.Build|x86.Build.0 = Debug|Win32
		{BF884C7E-680E-4BA0-A0ED-B23DF88843E4}.Debug|Any CPU.ActiveCfg = Debug|x64
		{BF884C7E-680E-4BA0-A0ED-B23DF88843E4}.Debug|Any CPU.Build.0 = Debug|x64
		{BF884C7E-680E-4BA0-A0ED-B23DF88843E4}.Debug|x64.ActiveCfg = Debug|x64
		{BF884C7E-680E-4BA0-A0ED-B23DF88843E4}.Debug|x64.Build.0 = Debug|x64
		{BF884C7E-680E-4BA0-A0ED-B23DF88843E4}.Debug|x86.ActiveCfg = Debug|Win32
		{BF884C7E-680E-4BA0-A0ED-B23DF88843E4}.Debug|x86.Build.0 = Debug|Win32
		{BF884C7E-680E-4BA0-A0ED-B23DF88843E4}.Release|Any CPU.ActiveCfg = Release|x64
		{BF884C7E-680E-4BA0-A0ED-B23DF88843E4}.Release|Any CPU.Build.0 = Release|x64
		{BF884C7E-680E-4BA0-A0ED-B23DF88843E4}.Release|x64.ActiveCfg = Release|x64
		{BF884C7E-680E-4BA0-A0ED-B23DF88843E4}.Release|x64.Build.0 = Release|x64
		{BF884C7E-680E-4BA0-A0ED-B23DF88843E4}.Release|x86.ActiveCfg = Release|Win32
		{BF884C7E-680E-4BA0-A0ED-B23DF88843E4}.Release|x86.Build.0 = Release|Win32
		{74E7FBC7-C7A6-492C-A228-494FCEDB4A1E}.Build|Any CPU.ActiveCfg = Debug|x64
		{74E7FBC7-C7A6-492C-A228-494FCEDB4A1E}.Build|Any CPU.Build.0 = Debug|x64
		{74E7FBC7-C7A6-492C-A228-494FCEDB4A1E}.Build|x64.ActiveCfg = Debug|x64
		{74E7FBC7-C7A6-492C-A228-494FCEDB4A1E}.Build|x64.Build.0 = Debug|x64
		{74E7FBC7-C7A6-492C-A228-494FCEDB4A1E}.Build|x86.ActiveCfg = Debug|Win32
		{74E7FBC7-C7A6-492C-A228-494FCEDB4A1E}.Build|x86.Build.0 = Debug|Win32
		{74E7FBC7-C7A6-492C-A228-494FCEDB4A1E}.Debug|Any CPU.ActiveCfg = Debug|x64
		{74E7FBC7-C7A6-492C-A228-494FCEDB4A1E}.Debug|Any CPU.Build.0 = Debug|x64
		{74E7FBC7-C7A6-492C-A228-494FCEDB4A1E}.Debug|x64.ActiveCfg = Debug|x64
		{74E7FBC7-C7A6-492C-A228-494FCEDB4A1E}.Debug|x64.Build.0 = Debug|x64
		{74E7FBC7-C7A6-492C-A228-494FCEDB4A1E}.Debug|x86.ActiveCfg = Debug|Win32
		{74E7FBC7-C7A6-492C-A228-494FCEDB4A1E}.Debug|x86.Build.0 = Debug|Win32
		{74E7FBC7-C7A6-492C-A228-494FCEDB4A1E}.Release|Any CPU.ActiveCfg = Release|x64
		{74E7FBC7-C7A6-492C-A228-494FCEDB4A1E}.Release|Any CPU.Build.0 = Release|x64
		{74E7FBC7-C7A6-492C-A228-494FCEDB4A1E}.Release|x64.ActiveCfg = Release|x64
		{74E7FBC7-C7A6-492C-A228-494FCEDB4A1E}.Release|x64.Build.0 = Release|x64
		{74E7FBC7-C7A6-492C-A228-494FCEDB4A1E}.Release|x86.ActiveCfg = Release|Win32
		{74E7FBC7-C7A6-492C-A228-494FCEDB4A1E}.Release|x86.Build.0 = Release|Win32
		{EF97AAC6-7B76-4CBA-9F5D-8D88BA9320DC}.Build|Any CPU.ActiveCfg = Debug|x64
		{EF97AAC6-7B76-4CBA-9F5D-8D88BA9320DC}.Build|Any CPU.Build.0 = Debug|x64
		{EF97AAC6-7B76-4CBA-9F5D-8D88BA9320DC}.Build|x64.ActiveCfg = Debug|x64
		{EF97AAC6-7B76-4CBA-9F5D-8D88BA9320DC}.Build|x64.Build.0 = Debug|x64
		{EF97AAC6-7B76-4CBA-9F5D-8D88BA9320DC}.Build|x86.ActiveCfg = Debug|Win32
		{EF97AAC6-7B76-4CBA-9F5D-8D88BA9320DC}.Build|x86.Build.0 = Debug|Win32
		{EF97AAC6-7B76-4CBA-9F5D-8D88BA9320DC}.Debug|Any CPU.ActiveCfg = Debug|x64
		{EF97AAC6-7B76-4CBA-9F5D-8D88BA9320DC}.Debug|Any CPU.Build.0 = Debug|x64
		{EF97AAC6-7B76-4CBA-9F5D-8D88BA9320DC}.Debug|x64.ActiveCfg = Debug|x64
		{EF97AAC6-7B76-4CBA-9F5D-8D88BA9320DC}.Debug|x64.Build.0 = Debug|x64
		{EF97AAC6-7B76-4CBA-9F5D-8D88BA9320DC}.Debug|x86.ActiveCfg = Debug|Win32
		{EF97AAC6-7B76-4CBA-9F5D-8D88BA9320DC}.Debug|x86.Build.0 = Debug|Win32
		{EF97AAC6-7B76-4CBA-9F5D-8D88BA9320DC}.Release|Any CPU.ActiveCfg = Release|x64
		{EF97AAC6-7B76-4CBA-9F5D-8D88BA9320DC}.Release|Any CPU.Build.0 = Release|x64
		{EF97AAC6-7B76-4CBA-9F5D-8D88BA9320DC}.Release|x64.ActiveCfg = Release|x64
		{EF97AAC6-7B76-4CBA-9F5D-8D88BA9320DC}.Release|x64.Build.0 = Release|x64
		{EF97AAC6-7B76-4CBA-9F5D-8D88BA9320DC}.Release|x86.ActiveCfg = Release|Win32
		{EF97AAC6-7B76-4CBA-9F5D-8D88BA9320DC}.Release|x86.Build.0 = Release|Win32
		{F20473F8-AC7B-D072-AA2F-92B26A49AA1A}.Build|Any CPU.ActiveCfg = Debug|x64
		{F20473F8-AC7B-D072-AA2F-92B26A49AA1A}.Build|Any CPU.Build.0 = Debug|x64
		{F20473F8-AC7B-D072-AA2F-92B26A49AA1A}.Build|Any CPU.Deploy.0 = Debug|x64
		{F20473F8-AC7B-D072-AA2F-92B26A49AA1A}.Build|x64.ActiveCfg = Debug|x64
		{F20473F8-AC7B-D072-AA2F-92B26A49AA1A}.Build|x64.Build.0 = Debug|x64
		{F20473F8-AC7B-D072-AA2F-92B26A49AA1A}.Build|x64.Deploy.0 = Debug|x64
		{F20473F8-AC7B-D072-AA2F-92B26A49AA1A}.Build|x86.ActiveCfg = Debug|x64
		{F20473F8-AC7B-D072-AA2F-92B26A49AA1A}.Build|x86.Build.0 = Debug|x64
		{F20473F8-AC7B-D072-AA2F-92B26A49AA1A}.Build|x86.Deploy.0 = Debug|x64
		{F20473F8-AC7B-D072-AA2F-92B26A49AA1A}.Debug|Any CPU.ActiveCfg = Debug|x64
		{F20473F8-AC7B-D072-AA2F-92B26A49AA1A}.Debug|Any CPU.Build.0 = Debug|x64
		{F20473F8-AC7B-D072-AA2F-92B26A49AA1A}.Debug|Any CPU.Deploy.0 = Debug|x64
		{F20473F8-AC7B-D072-AA2F-92B26A49AA1A}.Debug|x64.ActiveCfg = Debug|x64
		{F20473F8-AC7B-D072-AA2F-92B26A49AA1A}.Debug|x64.Build.0 = Debug|x64
		{F20473F8-AC7B-D072-AA2F-92B26A49AA1A}.Debug|x64.Deploy.0 = Debug|x64
		{F20473F8-AC7B-D072-AA2F-92B26A49AA1A}.Debug|x86.ActiveCfg = Debug|x64
		{F20473F8-AC7B-D072-AA2F-92B26A49AA1A}.Debug|x86.Build.0 = Debug|x64
		{F20473F8-AC7B-D072-AA2F-92B26A49AA1A}.Debug|x86.Deploy.0 = Debug|x64
		{F20473F8-AC7B-D072-AA2F-92B26A49AA1A}.Release|Any CPU.ActiveCfg = Release|x64
		{F20473F8-AC7B-D072-AA2F-92B26A49AA1A}.Release|Any CPU.Build.0 = Release|x64
		{F20473F8-AC7B-D072-AA2F-92B26A49AA1A}.Release|Any CPU.Deploy.0 = Release|x64
		{F20473F8-AC7B-D072-AA2F-92B26A49AA1A}.Release|x64.ActiveCfg = Release|x64
		{F20473F8-AC7B-D072-AA2F-92B26A49AA1A}.Release|x64.Build.0 = Release|x64
		{F20473F8-AC7B-D072-AA2F-92B26A49AA1A}.Release|x64.Deploy.0 = Release|x64
		{F20473F8-AC7B-D072-AA2F-92B26A49AA1A}.Release|x86.ActiveCfg = Release|x64
		{F20473F8-AC7B-D072-AA2F-92B26A49AA1A}.Release|x86.Build.0 = Release|x64
		{F20473F8-AC7B-D072-AA2F-92B26A49AA1A}.Release|x86.Deploy.0 = Release|x64
		{68884C60-46BA-468D-80C5-43D66E870CF3}.Build|Any CPU.ActiveCfg = Debug|x64
		{68884C60-46BA-468D-80C5-43D66E870CF3}.Build|Any CPU.Build.0 = Debug|x64
		{68884C60-46BA-468D-80C5-43D66E870CF3}.Build|x64.ActiveCfg = Debug|x64
		{68884C60-46BA-468D-80C5-43D66E870CF3}.Build|x64.Build.0 = Debug|x64
		{68884C60-46BA-468D-80C5-43D66E870CF3}.Build|x86.ActiveCfg = Debug|Win32
		{68884C60-46BA-468D-80C5-43D66E870CF3}.Build|x86.Build.0 = Debug|Win32
		{68884C60-46BA-468D-80C5-43D66E870CF3}.Debug|Any CPU.ActiveCfg = Debug|x64
		{68884C60-46BA-468D-80C5-43D66E870CF3}.Debug|Any CPU.Build.0 = Debug|x64
		{68884C60-46BA-468D-80C5-43D66E870CF3}.Debug|x64.ActiveCfg = Debug|x64
		{68884C60-46BA-468D-80C5-43D66E870CF3}.Debug|x64.Build.0 = Debug|x64
		{68884C60-46BA-468D-80C5-43D66E870CF3}.Debug|x86.ActiveCfg = Debug|Win32
		{68884C60-46BA-468D-80C5-43D66E870CF3}.Debug|x86.Build.0 = Debug|Win32
		{68884C60-46BA-468D-80C5-43D66E870CF3}.Release|Any CPU.ActiveCfg = Release|x64
		{68884C60-46BA-468D-80C5-43D66E870CF3}.Release|Any CPU.Build.0 = Release|x64
		{68884C60-46BA-468D-80C5-43D66E870CF3}.Release|x64.ActiveCfg = Release|x64
		{68884C60-46BA-468D-80C5-43D66E870CF3}.Release|x64.Build.0 = Release|x64
		{68884C60-46BA-468D-80C5-43D66E870CF3}.Release|x86.ActiveCfg = Release|Win32
		{68884C60-46BA-468D-80C5-43D66E870CF3}.Release|x86.Build.0 = Release|Win32
	EndGlobalSection
	GlobalSection(SolutionProperties) = preSolution
		HideSolutionNode = FALSE
	EndGlobalSection
	GlobalSection(NestedProjects) = preSolution
		{B01F7882-1E2C-4D83-BC1E-ED77B9A6F336} = {70AAA4E2-F892-46CD-ABA2-3FA76727E2FC}
		{939E1CEA-0C8C-4AF2-9DDE-0CD88DDC0025} = {E6FA0AFD-C23F-4AA5-B6BF-12C1E930B56A}
		{442C713E-CC6D-46A9-B3FB-6D10C46ED910} = {E6FA0AFD-C23F-4AA5-B6BF-12C1E930B56A}
		{57B8F89D-B0B9-4666-A7F0-2E81A8FDEA26} = {E6FA0AFD-C23F-4AA5-B6BF-12C1E930B56A}
		{C8F1D4B6-D596-4E4E-B305-B4BA9CAE475A} = {E6FA0AFD-C23F-4AA5-B6BF-12C1E930B56A}
		{AB9EE30B-8226-43BC-8687-B6C8D91FC648} = {E6FA0AFD-C23F-4AA5-B6BF-12C1E930B56A}
		{C884A625-C892-4EE4-89AC-3592F9CAC19D} = {E6FA0AFD-C23F-4AA5-B6BF-12C1E930B56A}
		{2A36C48B-AFB0-4883-AB6E-14C31C20B05F} = {E6FA0AFD-C23F-4AA5-B6BF-12C1E930B56A}
		{BA2FCD36-58B5-41DC-B76D-98448F5CEB48} = {E6FA0AFD-C23F-4AA5-B6BF-12C1E930B56A}
		{E34C3335-A8DE-4332-9992-EF257773B7D5} = {CE725BD4-51B2-46EA-B392-801958C449C0}
		{4704560C-9E0E-4FC6-AA06-2640B4ED361B} = {CE725BD4-51B2-46EA-B392-801958C449C0}
		{C2DA42D6-0667-41D0-9FAF-9BD5DBE77D7B} = {CE725BD4-51B2-46EA-B392-801958C449C0}
		{F848A5AE-7ACC-4856-B769-DD81D621CAAB} = {CE725BD4-51B2-46EA-B392-801958C449C0}
		{43B72345-9616-4637-8023-D846747A4CD7} = {CE725BD4-51B2-46EA-B392-801958C449C0}
		{374B5B71-EB13-4B4B-ABA4-CD7A88CA290D} = {E6FA0AFD-C23F-4AA5-B6BF-12C1E930B56A}
		{CE725BD4-51B2-46EA-B392-801958C449C0} = {E6FA0AFD-C23F-4AA5-B6BF-12C1E930B56A}
		{6E127EE7-BF1E-46F7-A947-926EC7DF8376} = {EFCB4051-D5CB-4839-9A5B-462F9630283F}
		{57A0D5D0-24B8-4250-8F4B-7C5764DFAB04} = {EFCB4051-D5CB-4839-9A5B-462F9630283F}
		{BF884C7E-680E-4BA0-A0ED-B23DF88843E4} = {EFCB4051-D5CB-4839-9A5B-462F9630283F}
		{74E7FBC7-C7A6-492C-A228-494FCEDB4A1E} = {EFCB4051-D5CB-4839-9A5B-462F9630283F}
		{EF97AAC6-7B76-4CBA-9F5D-8D88BA9320DC} = {E6FA0AFD-C23F-4AA5-B6BF-12C1E930B56A}
		{68884C60-46BA-468D-80C5-43D66E870CF3} = {02EA681E-C7D8-13C7-8484-4AC65E1B71E8}
	EndGlobalSection
	GlobalSection(ExtensibilityGlobals) = postSolution
		SolutionGuid = {AF917704-B70B-45FF-857E-D4CE1F180FDA}
	EndGlobalSection
EndGlobal
