<?xml version="1.0" encoding="utf-8"?>
<Project ToolsVersion="4.0" xmlns="http://schemas.microsoft.com/developer/msbuild/2003">
  <ItemGroup>
    <Filter Include="Source Files">
      <UniqueIdentifier>{4FC737F1-C7A5-4376-A066-2A32D752A2FF}</UniqueIdentifier>
      <Extensions>cpp;c;cc;cxx;c++;cppm;ixx;def;odl;idl;hpj;bat;asm;asmx</Extensions>
    </Filter>
    <Filter Include="Header Files">
      <UniqueIdentifier>{93995380-89BD-4b04-88EB-625FBE52EBFB}</UniqueIdentifier>
      <Extensions>h;hh;hpp;hxx;h++;hm;inl;inc;ipp;xsd</Extensions>
    </Filter>
    <Filter Include="Resource Files">
      <UniqueIdentifier>{67DA6AB6-F800-4c08-8B7A-83BB121AAD01}</UniqueIdentifier>
      <Extensions>rc;ico;cur;bmp;dlg;rc2;rct;bin;rgs;gif;jpg;jpeg;jpe;resx;tiff;tif;png;wav;mfcribbon-ms</Extensions>
    </Filter>
    <Filter Include="Source Files\MESSAGES">
      <UniqueIdentifier>{0d986ac3-5c25-4410-b2d9-717cd28d4d8f}</UniqueIdentifier>
    </Filter>
    <Filter Include="Source Files\RENDER">
      <UniqueIdentifier>{c2679334-ae57-4520-8768-54cf47d43ce6}</UniqueIdentifier>
    </Filter>
    <Filter Include="Source Files\PHYSICS">
      <UniqueIdentifier>{5edd7a58-5ded-42ba-8ff0-74cfda494ea1}</UniqueIdentifier>
    </Filter>
    <Filter Include="Source Files\UnitTests">
      <UniqueIdentifier>{73e610c0-66bd-47ba-95a4-a49eef57d92e}</UniqueIdentifier>
    </Filter>
    <Filter Include="Source Files\UnitTests\MESSAGE TESTS">
      <UniqueIdentifier>{1ee514c0-275c-4db9-815b-7650c6be9cd6}</UniqueIdentifier>
    </Filter>
    <Filter Include="Source Files\UnitTests\RENDER TESTS">
      <UniqueIdentifier>{80ae68f3-0f01-4662-90dd-dd7e0b08f639}</UniqueIdentifier>
    </Filter>
    <Filter Include="Source Files\UnitTests\PHYSICS TESTS">
      <UniqueIdentifier>{0d0129a2-4120-4e29-9627-dc83a9ab5335}</UniqueIdentifier>
    </Filter>
    <Filter Include="Source Files\CORE">
      <UniqueIdentifier>{8a234d12-5021-4bed-a45c-327280c83462}</UniqueIdentifier>
    </Filter>
    <Filter Include="Source Files\ECS">
      <UniqueIdentifier>{5d9a6a3a-2793-4542-ad9f-9646157b430c}</UniqueIdentifier>
    </Filter>
    <Filter Include="Source Files\DATATYPES">
      <UniqueIdentifier>{4ab81231-bc93-4181-b5a6-7a88a0f342de}</UniqueIdentifier>
    </Filter>
    <Filter Include="Header Files\CORE">
      <UniqueIdentifier>{ab08d8a1-66b9-422f-93dd-ac23bff3ab1c}</UniqueIdentifier>
    </Filter>
    <Filter Include="Header Files\DATATYPES">
      <UniqueIdentifier>{5076e0f2-1366-444c-b2fc-f41dcf579012}</UniqueIdentifier>
    </Filter>
    <Filter Include="Header Files\ECS">
      <UniqueIdentifier>{922078e4-e2a6-4ba9-a838-a73ce98927b5}</UniqueIdentifier>
    </Filter>
    <Filter Include="Header Files\RENDER">
      <UniqueIdentifier>{d59cfc7e-dfad-424e-bdd0-6f1be79370f2}</UniqueIdentifier>
    </Filter>
    <Filter Include="Header Files\ECS\ENTITYS">
      <UniqueIdentifier>{0eafd7a6-1200-47f9-8ce9-b40a578e063f}</UniqueIdentifier>
    </Filter>
    <Filter Include="Header Files\ECS\COMPONENTS">
      <UniqueIdentifier>{de1a0f5c-20af-42c4-8d9c-34daef8571ea}</UniqueIdentifier>
    </Filter>
    <Filter Include="Header Files\MESSAGES">
      <UniqueIdentifier>{23723160-96d7-4c08-a6f0-10338c151c62}</UniqueIdentifier>
    </Filter>
    <Filter Include="Header Files\PHYSICS">
      <UniqueIdentifier>{cb80f102-d030-481a-ae05-51c2431a0650}</UniqueIdentifier>
    </Filter>
    <Filter Include="Source Files\Scripts">
      <UniqueIdentifier>{0bd6e986-5417-41ce-b996-3ea67716877d}</UniqueIdentifier>
    </Filter>
    <Filter Include="Source Files\ECS\ENTITYS">
      <UniqueIdentifier>{4ae2c0e7-47c8-4188-a21f-6f5c80803036}</UniqueIdentifier>
    </Filter>
    <Filter Include="Source Files\ECS\COMPONENTS">
      <UniqueIdentifier>{c4869ca9-1b9c-49ff-9f2e-cd3523ce6365}</UniqueIdentifier>
    </Filter>
    <Filter Include="Header Files\SCRIPTS">
      <UniqueIdentifier>{ce65e4bc-6cc6-49ab-8049-5702777a8340}</UniqueIdentifier>
    </Filter>
    <Filter Include="Header Files\SCRIPTS\PARRALEL">
      <UniqueIdentifier>{2c18a0be-91ca-416c-a09f-ad841be96d0e}</UniqueIdentifier>
    </Filter>
    <Filter Include="Source Files\Scripts\PARALLEL">
      <UniqueIdentifier>{f9e1593b-d395-40d2-84a1-ecc988f5b350}</UniqueIdentifier>
    </Filter>
    <Filter Include="Header Files\ALLOCATOR">
      <UniqueIdentifier>{ded27317-3860-4325-96c2-bb7154b9fcaa}</UniqueIdentifier>
    </Filter>
    <Filter Include="Header Files\RENDER\RENDER_DATATYPES">
      <UniqueIdentifier>{80e087be-8cb0-4a7d-ae00-9164c7d833a9}</UniqueIdentifier>
    </Filter>
    <Filter Include="Header Files\DEBUG">
      <UniqueIdentifier>{1a6c5bd8-a109-4508-b172-9ad1610628be}</UniqueIdentifier>
    </Filter>
    <Filter Include="Source Files\ECS\COMPONENTS\UI">
      <UniqueIdentifier>{7a27bb2a-38d3-4104-8a17-962a8ca4b593}</UniqueIdentifier>
    </Filter>
    <Filter Include="Header Files\ECS\COMPONENTS\UI">
      <UniqueIdentifier>{b64df64f-acfa-473f-9ef4-18b9e93485ef}</UniqueIdentifier>
    </Filter>
    <Filter Include="Source Files\IMGUI">
      <UniqueIdentifier>{09747dba-23b0-4db0-bb6e-70d6df70a140}</UniqueIdentifier>
    </Filter>
    <Filter Include="Source Files\EDITOR">
      <UniqueIdentifier>{c0231637-0333-49b3-8d31-424ebac153be}</UniqueIdentifier>
    </Filter>
    <Filter Include="Header Files\EDITOR">
      <UniqueIdentifier>{3ee8a589-a9a4-4c03-a9c1-58b768217329}</UniqueIdentifier>
    </Filter>
    <Filter Include="SHAREDCODE">
      <UniqueIdentifier>{d41bb587-370c-4e9e-bfb6-aec058d7d567}</UniqueIdentifier>
    </Filter>
    <Filter Include="MODULES">
      <UniqueIdentifier>{761baf58-c78a-42c5-9e07-a7ffd3b5f32f}</UniqueIdentifier>
    </Filter>
  </ItemGroup>
  <ItemGroup>
    <ClCompile Include="UPRISE_ENGINE_MAIN.cpp">
      <Filter>Source Files</Filter>
    </ClCompile>
    <ClCompile Include="pch.cpp">
      <Filter>Source Files</Filter>
    </ClCompile>
    <ClCompile Include="MESSAGE_BUS.cpp">
      <Filter>Source Files\MESSAGES</Filter>
    </ClCompile>
    <ClCompile Include="RenderSetup.cpp">
      <Filter>Source Files\RENDER</Filter>
    </ClCompile>
    <ClCompile Include="src\DATATYPES\D_TS_P_VECTOR3.cpp">
      <Filter>Source Files\DATATYPES</Filter>
    </ClCompile>
    <ClCompile Include="GAMEOBJECT.cpp">
      <Filter>Source Files\ECS\ENTITYS</Filter>
    </ClCompile>
    <ClCompile Include="TRANSFORM.cpp">
      <Filter>Source Files\ECS\COMPONENTS</Filter>
    </ClCompile>
    <ClCompile Include="src\CORE\C_COMPONENTS.cpp">
      <Filter>Source Files\CORE</Filter>
    </ClCompile>
    <ClCompile Include="..\adhed\glad.c">
      <Filter>Source Files</Filter>
    </ClCompile>
    <ClCompile Include="RENDER_DATATYPES.cpp">
      <Filter>Source Files\RENDER</Filter>
    </ClCompile>
    <ClCompile Include="sth.cpp">
      <Filter>Source Files\RENDER</Filter>
    </ClCompile>
    <ClCompile Include="TEST.cpp">
      <Filter>Source Files\Scripts</Filter>
    </ClCompile>
    <ClCompile Include="CAMERA.cpp">
      <Filter>Source Files\Scripts</Filter>
    </ClCompile>
    <ClCompile Include="src\CORE\C_BEHAVIOUR.cpp">
      <Filter>Source Files\CORE</Filter>
    </ClCompile>
    <ClCompile Include="src\CORE\CORE.cpp">
      <Filter>Source Files\CORE</Filter>
    </ClCompile>
    <ClCompile Include="src\CORE\C_CPUFEATURES.cpp">
      <Filter>Source Files\CORE</Filter>
    </ClCompile>
    <ClCompile Include="src\CORE\C_INPUT.cpp">
      <Filter>Source Files\CORE</Filter>
    </ClCompile>
    <ClCompile Include="src\CORE\C_SCENE.cpp">
      <Filter>Source Files\CORE</Filter>
    </ClCompile>
    <ClCompile Include="src\CORE\C_OBJECT.cpp">
      <Filter>Source Files\CORE</Filter>
    </ClCompile>
    <ClCompile Include="C_STARTUP.cpp">
      <Filter>Source Files\CORE</Filter>
    </ClCompile>
    <ClCompile Include="MESH.cpp">
      <Filter>Source Files\ECS\COMPONENTS</Filter>
    </ClCompile>
    <ClCompile Include="src\DATATYPES\D_MESH.cpp">
      <Filter>Source Files\DATATYPES</Filter>
    </ClCompile>
    <ClCompile Include="RENDER_MATERIAL.cpp">
      <Filter>Source Files\RENDER</Filter>
    </ClCompile>
    <ClCompile Include="RENDER_SHADER_UTILLS.cpp">
      <Filter>Source Files\RENDER</Filter>
    </ClCompile>
    <ClCompile Include="src\CORE\C_FILELOADER.cpp">
      <Filter>Source Files\CORE</Filter>
    </ClCompile>
    <ClCompile Include="PARRALEL_UPDATE.cpp">
      <Filter>Source Files\Scripts\PARALLEL</Filter>
    </ClCompile>
    <ClCompile Include="src\CORE\C_THREADING.cpp">
      <Filter>Source Files\CORE</Filter>
    </ClCompile>
    <ClCompile Include="src\ALLOCATOR\ALLOCATOR.cpp">
      <Filter>Source Files</Filter>
    </ClCompile>
    <ClCompile Include="src\DATATYPES\D_TS_P_VECOTR2.cpp">
      <Filter>Source Files\DATATYPES</Filter>
    </ClCompile>
    <ClCompile Include="RENDER_CAMERA.cpp">
      <Filter>Source Files\RENDER</Filter>
    </ClCompile>
    <ClCompile Include="PHYSICS_MANAGER.cpp">
      <Filter>Source Files\PHYSICS</Filter>
    </ClCompile>
    <ClCompile Include="src\DATATYPES\D_TS_P_QUATERION.cpp">
      <Filter>Source Files\DATATYPES</Filter>
    </ClCompile>
    <ClCompile Include="Empty.cpp">
      <Filter>Source Files\Scripts</Filter>
    </ClCompile>
    <ClCompile Include="src\CORE\C_CONFIGLOADER.cpp">
      <Filter>Source Files\CORE</Filter>
    </ClCompile>
    <ClCompile Include="TERRAIN.cpp">
      <Filter>Source Files\ECS\COMPONENTS</Filter>
    </ClCompile>
    <ClCompile Include="src\DATATYPES\D_TERRAIN_DATA.cpp">
      <Filter>Source Files\DATATYPES</Filter>
    </ClCompile>
    <ClCompile Include="DEBUG_LOGGER.cpp">
      <Filter>Source Files</Filter>
    </ClCompile>
    <ClCompile Include="STARTUP_CONFIG.cpp">
      <Filter>Source Files</Filter>
    </ClCompile>
    <ClCompile Include="src\DATATYPES\D_CONFIGFILE.cpp">
      <Filter>Source Files\DATATYPES</Filter>
    </ClCompile>
    <ClCompile Include="imgui.cpp">
      <Filter>Source Files\IMGUI</Filter>
    </ClCompile>
    <ClCompile Include="imgui_impl_opengl3.cpp">
      <Filter>Source Files\IMGUI</Filter>
    </ClCompile>
    <ClCompile Include="imgui_draw.cpp">
      <Filter>Source Files\IMGUI</Filter>
    </ClCompile>
    <ClCompile Include="imgui_tables.cpp">
      <Filter>Source Files\IMGUI</Filter>
    </ClCompile>
    <ClCompile Include="imgui_widgets.cpp">
      <Filter>Source Files\IMGUI</Filter>
    </ClCompile>
    <ClCompile Include="imgui_impl_glfw.cpp">
      <Filter>Source Files\IMGUI</Filter>
    </ClCompile>
    <ClCompile Include="PHYSICS_OBJECT.cpp">
      <Filter>Source Files\PHYSICS</Filter>
    </ClCompile>
    <ClCompile Include="RAYCAST.cpp">
      <Filter>Source Files\PHYSICS</Filter>
    </ClCompile>
    <ClCompile Include="imgui_stdlib.cpp">
      <Filter>Source Files\IMGUI</Filter>
    </ClCompile>
    <ClCompile Include="imgui_demo.cpp">
      <Filter>Source Files\IMGUI</Filter>
    </ClCompile>
    <ClCompile Include="Teleport.cpp">
      <Filter>Source Files</Filter>
    </ClCompile>
    <ClCompile Include="EDITOR.cpp">
      <Filter>Source Files</Filter>
    </ClCompile>
    <ClCompile Include="..\SHARED_CODE\MODULES\STD_MODULE.ixx">
      <Filter>SHAREDCODE</Filter>
    </ClCompile>
    <ClCompile Include="Module.ixx">
      <Filter>SHAREDCODE</Filter>
    </ClCompile>
    <ClCompile Include="..\SHARED_CODE\MODULES\BOOST\BOOST_COMPUTE.ixx">
      <Filter>SHAREDCODE</Filter>
    </ClCompile>
    <ClCompile Include="MISC.cpp">
      <Filter>MODULES</Filter>
    </ClCompile>
  </ItemGroup>
  <ItemGroup>
    <None Include="packages.config" />
    <None Include="ClassDiagram.cd" />
    <None Include="ClassDiagram1.cd" />
    <None Include="cpp.hint" />
  </ItemGroup>
  <ItemGroup>
    <ClInclude Include="pch.h">
      <Filter>Header Files</Filter>
    </ClInclude>
    <ClInclude Include="Helpers.h">
      <Filter>Header Files</Filter>
    </ClInclude>
    <ClInclude Include="HeaderE\CORE\CORE.h">
      <Filter>Header Files\CORE</Filter>
    </ClInclude>
    <ClInclude Include="HeaderE\DATATYPES\D_TS_P_VECTOR3.h">
      <Filter>Header Files\DATATYPES</Filter>
    </ClInclude>
    <ClInclude Include="HeaderE\DATATYPES\D_DATATYPES.h">
      <Filter>Header Files\DATATYPES</Filter>
    </ClInclude>
    <ClInclude Include="HeaderE\CORE\C_OBJECT.h">
      <Filter>Header Files\CORE</Filter>
    </ClInclude>
    <ClInclude Include="ECS.h">
      <Filter>Header Files\ECS</Filter>
    </ClInclude>
    <ClInclude Include="RENDER.h">
      <Filter>Header Files\RENDER</Filter>
    </ClInclude>
    <ClInclude Include="GAMEOBJECT.h">
      <Filter>Header Files\ECS\ENTITYS</Filter>
    </ClInclude>
    <ClInclude Include="_ENTITY.h">
      <Filter>Header Files\ECS\ENTITYS</Filter>
    </ClInclude>
    <ClInclude Include="_COMPONENT.h">
      <Filter>Header Files\ECS\COMPONENTS</Filter>
    </ClInclude>
    <ClInclude Include="TRANSFORM.h">
      <Filter>Header Files\ECS\COMPONENTS</Filter>
    </ClInclude>
    <ClInclude Include="HeaderE\CORE\C_COMPONENT.h">
      <Filter>Header Files\CORE</Filter>
    </ClInclude>
    <ClInclude Include="RENDERSETUP.h">
      <Filter>Header Files\RENDER</Filter>
    </ClInclude>
    <ClInclude Include="MESSAGES.h">
      <Filter>Header Files\MESSAGES</Filter>
    </ClInclude>
    <ClInclude Include="MMESSAGE_BUS.h">
      <Filter>Header Files\MESSAGES</Filter>
    </ClInclude>
    <ClInclude Include="HeaderE\DATATYPES\D_MSG_MESSAGE.h">
      <Filter>Header Files\DATATYPES</Filter>
    </ClInclude>
    <ClInclude Include="PHYSICS.h">
      <Filter>Header Files\PHYSICS</Filter>
    </ClInclude>
    <ClInclude Include="HeaderE\DATATYPES\D_MESH.h">
      <Filter>Header Files\DATATYPES</Filter>
    </ClInclude>
    <ClInclude Include="MESH.h">
      <Filter>Header Files\ECS\COMPONENTS</Filter>
    </ClInclude>
    <ClInclude Include="RENDER_OBJECT_SPAWNING.h">
      <Filter>Header Files\RENDER</Filter>
    </ClInclude>
    <ClInclude Include="HeaderE\CORE\C_INPUT.h">
      <Filter>Header Files\CORE</Filter>
    </ClInclude>
    <ClInclude Include="HeaderE\CORE\C_STARTUP.h">
      <Filter>Header Files\CORE</Filter>
    </ClInclude>
    <ClInclude Include="HeaderE\DATATYPES\D_STARTUP_CONFIG.h">
      <Filter>Header Files\DATATYPES</Filter>
    </ClInclude>
    <ClInclude Include="CAMERA.h">
      <Filter>Header Files\ECS\COMPONENTS</Filter>
    </ClInclude>
    <ClInclude Include="RENDER_CAMERA.h">
      <Filter>Header Files\RENDER</Filter>
    </ClInclude>
    <ClInclude Include="RENDER_SHADER_UTILLS.h">
      <Filter>Header Files\RENDER</Filter>
    </ClInclude>
    <ClInclude Include="HeaderE\CORE\C_SCENE.h">
      <Filter>Header Files\CORE</Filter>
    </ClInclude>
    <ClInclude Include="HeaderE\CORE\C_BEHAVIOUR.h">
      <Filter>Header Files\CORE</Filter>
    </ClInclude>
    <ClInclude Include="HeaderE\CORE\C_CPUFEATURES.h">
      <Filter>Header Files\CORE</Filter>
    </ClInclude>
    <ClInclude Include="GLINCLUDES.h">
      <Filter>Header Files</Filter>
    </ClInclude>
    <ClInclude Include="RENDER_MATERIAL.h">
      <Filter>Header Files\RENDER</Filter>
    </ClInclude>
    <ClInclude Include="HeaderE\CORE\C_FILELOADER.h">
      <Filter>Header Files\CORE</Filter>
    </ClInclude>
    <ClInclude Include="TEST.h">
      <Filter>Header Files\SCRIPTS</Filter>
    </ClInclude>
    <ClInclude Include="PARRALEL_UPDATE.h">
      <Filter>Header Files\SCRIPTS\PARRALEL</Filter>
    </ClInclude>
    <ClInclude Include="HeaderE\CORE\C_THREADING.h">
      <Filter>Header Files\CORE</Filter>
    </ClInclude>
    <ClInclude Include="HeaderE\DATATYPES\D_CONFIG_FILE.h">
      <Filter>Header Files\DATATYPES</Filter>
    </ClInclude>
    <ClInclude Include="HeaderE\CORE\C_CONFIGLOADER.h">
      <Filter>Header Files\CORE</Filter>
    </ClInclude>
    <ClInclude Include="HeaderE\DATATYPES\D_CONFIGFILE.h">
      <Filter>Header Files\DATATYPES</Filter>
    </ClInclude>
    <ClInclude Include="PHYSICS_OBJECT.h">
      <Filter>Header Files\PHYSICS</Filter>
    </ClInclude>
    <ClInclude Include="PHYSICS_MANAGER.h">
      <Filter>Header Files\PHYSICS</Filter>
    </ClInclude>
    <ClInclude Include="HeaderE\DATATYPES\D_TS_P_QUATERION.h">
      <Filter>Header Files\DATATYPES</Filter>
    </ClInclude>
    <ClInclude Include="Empty.h">
      <Filter>Header Files\SCRIPTS</Filter>
    </ClInclude>
    <ClInclude Include="HeaderE\ALLOCATOR\ALLOCATOR.h">
      <Filter>Header Files\ALLOCATOR</Filter>
    </ClInclude>
    <ClInclude Include="HeaderE\DATATYPES\D_TS_P_VECOTR2.h">
      <Filter>Header Files\DATATYPES</Filter>
    </ClInclude>
    <ClInclude Include="TERRAIN.h">
      <Filter>Header Files\ECS\COMPONENTS</Filter>
    </ClInclude>
    <ClInclude Include="RENDER_DATATYPES.h">
      <Filter>Header Files\RENDER\RENDER_DATATYPES</Filter>
    </ClInclude>
    <ClInclude Include="HeaderE\DATATYPES\D_TERRAIN_DATA.h">
      <Filter>Header Files\DATATYPES</Filter>
    </ClInclude>
    <ClInclude Include="DEBUG_LOGGER.h">
      <Filter>Header Files\DEBUG</Filter>
    </ClInclude>
    <ClInclude Include="E_C_U_TEXT_FIELD.h">
      <Filter>Header Files\ECS\COMPONENTS\UI</Filter>
    </ClInclude>
    <ClInclude Include="E_C_U_BUTTON.h">
      <Filter>Header Files\ECS\COMPONENTS\UI</Filter>
    </ClInclude>
    <ClInclude Include="E_C_U_IMMAGE.h">
      <Filter>Header Files\ECS\COMPONENTS\UI</Filter>
    </ClInclude>
    <ClInclude Include="E_C_U_UI_TRANSFORM.h">
      <Filter>Header Files\ECS\COMPONENTS\UI</Filter>
    </ClInclude>
    <ClInclude Include="HeaderE\DATATYPES\D_RESSOURCE.h">
      <Filter>Header Files\DATATYPES</Filter>
    </ClInclude>
    <ClInclude Include="HeaderE\DATATYPES\D_DEMOGRAFICCLASS.h">
      <Filter>Header Files\DATATYPES</Filter>
    </ClInclude>
    <ClInclude Include="HeaderE\DATATYPES\D_EVENT.h">
      <Filter>Header Files\DATATYPES</Filter>
    </ClInclude>
    <ClInclude Include="_PHYSICSOBJEC.h">
      <Filter>Header Files\ECS\COMPONENTS</Filter>
    </ClInclude>
    <ClInclude Include="HeaderE\DATATYPES\D_RAY.h">
      <Filter>Header Files\DATATYPES</Filter>
    </ClInclude>
    <ClInclude Include="RAYCAST.h">
      <Filter>Header Files\PHYSICS</Filter>
    </ClInclude>
    <ClInclude Include="HeaderE\DATATYPES\D_TAG_LAYERS.h">
      <Filter>Header Files\DATATYPES</Filter>
    </ClInclude>
    <ClInclude Include="HeaderE\CORE\C_REFLECTION.h">
      <Filter>Header Files\CORE</Filter>
    </ClInclude>
    <ClInclude Include="Teleport.h">
      <Filter>Header Files\SCRIPTS</Filter>
    </ClInclude>
    <ClInclude Include="SCRIPT_COLLECT.h">
      <Filter>Header Files\SCRIPTS</Filter>
    </ClInclude>
    <ClInclude Include="EDITOR.h">
      <Filter>Header Files\EDITOR</Filter>
    </ClInclude>
    <ClInclude Include="DLL-ENGINE-LINK.h">
      <Filter>Header Files</Filter>
    </ClInclude>
    <ClInclude Include="C_SMART_POINTER.h">
      <Filter>Header Files\CORE</Filter>
    </ClInclude>
    <ClInclude Include="CUSTOM_STD.h">
      <Filter>Header Files\CORE</Filter>
    </ClInclude>
    <ClInclude Include="SLOT.h">
      <Filter>Header Files\DATATYPES</Filter>
    </ClInclude>
    <ClInclude Include="NEED.h">
      <Filter>Header Files\DATATYPES</Filter>
    </ClInclude>
    <ClInclude Include="D_MAT4.h">
      <Filter>Header Files\DATATYPES</Filter>
    </ClInclude>
    <ClInclude Include="D_TS_P_VECTOR4.h">
      <Filter>Header Files\DATATYPES</Filter>
    </ClInclude>
    <ClInclude Include="MODULE_IMPORTS.h">
      <Filter>Header Files</Filter>
    </ClInclude>
    <ClInclude Include="MISC.h">
      <Filter>MODULES</Filter>
    </ClInclude>
  </ItemGroup>
</Project>