<?xml version="1.0" encoding="utf-8"?>
<Project ToolsVersion="4.0" xmlns="http://schemas.microsoft.com/developer/msbuild/2003">
  <ItemGroup>
    <Filter Include="Source Files">
      <UniqueIdentifier>{4FC737F1-C7A5-4376-A066-2A32D752A2FF}</UniqueIdentifier>
      <Extensions>cpp;c;cc;cxx;c++;cppm;ixx;def;odl;idl;hpj;bat;asm;asmx</Extensions>
    </Filter>
    <Filter Include="Header Files">
      <UniqueIdentifier>{93995380-89BD-4b04-88EB-625FBE52EBFB}</UniqueIdentifier>
      <Extensions>h;hh;hpp;hxx;h++;hm;inl;inc;ipp;xsd</Extensions>
    </Filter>
    <Filter Include="Resource Files">
      <UniqueIdentifier>{67DA6AB6-F800-4c08-8B7A-83BB121AAD01}</UniqueIdentifier>
      <Extensions>rc;ico;cur;bmp;dlg;rc2;rct;bin;rgs;gif;jpg;jpeg;jpe;resx;tiff;tif;png;wav;mfcribbon-ms</Extensions>
    </Filter>
  </ItemGroup>
  <ItemGroup>
    <ClInclude Include="MODULE\UE_OPENGL_INTELLISENSE_FIX.h">
      <Filter>Header Files</Filter>
    </ClInclude>
    <ClInclude Include="MODULE\OPENGL\GLAD\STUPIDMACROS\GLAD_MACROS.h">
      <Filter>Header Files</Filter>
    </ClInclude>
    <ClInclude Include="MODULE\OPENGL\GLAD\GLAD_GLOBALS\GLAD_GLOBALS_INTERNAL.h">
      <Filter>Header Files</Filter>
    </ClInclude>
    <ClInclude Include="MODULE\OPENGL\GLAD\GLAD_CONSTANTS\CONSTANTS_PART_1\GLAD_CONSTANTS_PART_1_INTERNAL.h">
      <Filter>Header Files</Filter>
    </ClInclude>
    <ClInclude Include="MODULE\OPENGL\GLAD\GLAD_CONSTANTS\CONSTANTS_PART_2\CONSTANTS_PART_2_INTERNAL.h">
      <Filter>Header Files</Filter>
    </ClInclude>
    <ClInclude Include="MODULE\OPENGL\GLAD\GLAD_CONSTANTS\CONSTANTS_PART_3\GLAD_CONSTANTS_PART3_INTERNAL.h">
      <Filter>Header Files</Filter>
    </ClInclude>
    <ClInclude Include="MODULE\OPENGL\GLAD\GLAD_CONSTANTS\CONSTANTS_PART_4\GLAD_CONSTANTS_PART_4_INTERNAL.h">
      <Filter>Header Files</Filter>
    </ClInclude>
    <ClInclude Include="MODULE\OPENGL\GLAD\GLAD_CONSTANTS\CONSTANTS_PART_5\GLAD_CONSTANTS_PART_5_INTERNAL.h">
      <Filter>Header Files</Filter>
    </ClInclude>
    <ClInclude Include="MODULE\OPENGL\GLAD\GLAD_CONSTANTS\CONSTANTS_PART_6\GLAD_CONSTANTS_PART_6_INTERNAL.h">
      <Filter>Header Files</Filter>
    </ClInclude>
    <ClInclude Include="MODULE\OPENGL\GLAD\GLAD_CONSTANTS\CONSTANTS_PART_7\GLAD_CONSTANTS_PART_7.h">
      <Filter>Header Files</Filter>
    </ClInclude>
    <ClInclude Include="MODULE\OPENGL\GLAD\GLAD_CONSTANTS\CONSTANTS_PART_6\GLAD_CONSTANTS_PART_6_INTERNAL.h">
      <Filter>Header Files</Filter>
    </ClInclude>
    <ClInclude Include="MODULE\OPENGL\GLAD\OPENGL_VERSIONS\VERSION_ALL\OPENGL_VERSION_ALL_INTERNAL.h">
      <Filter>Header Files</Filter>
    </ClInclude>
    <ClInclude Include="MODULE\OPENGL\OPENGL_BACKEND\OPENGL_BACKEND_INTERNAL.h">
      <Filter>Header Files</Filter>
    </ClInclude>
    <ClInclude Include="MODULE\OPENGL\OPENGL_CONTEXT\OPENGL_CONTEXT_INTERNAL.h">
      <Filter>Header Files</Filter>
    </ClInclude>
    <ClInclude Include="MODULE\OPENGL\OPENGL_SHADER\OPENGL_SHADER_INTERNAL.h">
      <Filter>Header Files</Filter>
    </ClInclude>
    <ClInclude Include="MODULE\OPENGL\OPENGL_WINDOW\OPENGL_WINDOW_INTERNAL.h">
      <Filter>Header Files</Filter>
    </ClInclude>
    <ClInclude Include="MODULE\OPENGL\GLAD\GLAD_INTELLISENSE_FIX.h">
      <Filter>Header Files</Filter>
    </ClInclude>
    <ClInclude Include="SOURCE\OPENGL\OPENGL_WINDOW\GL_WINDOW_WIN32\GL_WINDOW_WIN32.h">
      <Filter>Header Files</Filter>
    </ClInclude>
  </ItemGroup>
  <ItemGroup>
    <ClCompile Include="dllmain.cpp">
      <Filter>Source Files</Filter>
    </ClCompile>
    <ClCompile Include="..\UPRISE_ENGINE_PROFILER\OPERATORS\PROFILER\OPERATOR_NEW\OPERATOR_NEW.cpp">
      <Filter>Source Files</Filter>
    </ClCompile>
    <ClCompile Include="MODULE\UPRISE_ENGINE_OPEN_GL_RENDER.ixx">
      <Filter>Source Files</Filter>
    </ClCompile>
    <ClCompile Include="MODULE\OPENGL\GLAD\GLAD_GLOBALS\GLAD_GLOBALS.ixx">
      <Filter>Source Files</Filter>
    </ClCompile>
    <ClCompile Include="MODULE\OPENGL\GLAD\GLAD.ixx">
      <Filter>Source Files</Filter>
    </ClCompile>
    <ClCompile Include="MODULE\OPENGL\GLAD\GLAD_CONSTANTS\CONSTANTS_PART_1\GLAD_CONSTANTS_PART_1.ixx">
      <Filter>Source Files</Filter>
    </ClCompile>
    <ClCompile Include="MODULE\OPENGL\GLAD\GLAD_CONSTANTS\CONSTANTS_PART_2\GLAD_CONSTANTS_PART2.ixx">
      <Filter>Source Files</Filter>
    </ClCompile>
    <ClCompile Include="MODULE\OPENGL\GLAD\GLAD_CONSTANTS\CONSTANTS_PART_3\GLAD_CONSTANTS_PART3.ixx">
      <Filter>Source Files</Filter>
    </ClCompile>
    <ClCompile Include="MODULE\OPENGL\GLAD\GLAD_CONSTANTS\CONSTANTS_PART_4\GLAD_CONSTANTS_PART_4.ixx">
      <Filter>Source Files</Filter>
    </ClCompile>
    <ClCompile Include="MODULE\OPENGL\GLAD\GLAD_CONSTANTS\CONSTANTS_PART_5\GLAD_CONSTANTS_PART_5.ixx">
      <Filter>Source Files</Filter>
    </ClCompile>
    <ClCompile Include="MODULE\OPENGL\GLAD\GLAD_CONSTANTS\CONSTANTS_PART_7\GLAD_CONSTANTS_PART_7.ixx">
      <Filter>Source Files</Filter>
    </ClCompile>
    <ClCompile Include="MODULE\OPENGL\GLAD\GLAD_CONSTANTS\CONSTANTS_PART_6\GLAD_CONSTANTS_PART_6.ixx">
      <Filter>Source Files</Filter>
    </ClCompile>
    <ClCompile Include="MODULE\OPENGL\GLAD\OPENGL_VERSIONS\VERSION_ALL\OPENGL_VERSION_ALL.ixx">
      <Filter>Source Files</Filter>
    </ClCompile>
    <ClCompile Include="MODULE\OPENGL\OPENGL_BACKEND\OPENGL_BAKCEND.ixx">
      <Filter>Source Files</Filter>
    </ClCompile>
    <ClCompile Include="MODULE\OPENGL\OPENGL_CONTEXT\OPENGL_CONTEXT.ixx">
      <Filter>Source Files</Filter>
    </ClCompile>
    <ClCompile Include="MODULE\OPENGL\OPENGL_SHADER\OPENGL_SHADER.ixx">
      <Filter>Source Files</Filter>
    </ClCompile>
    <ClCompile Include="MODULE\OPENGL\OPENGL_WINDOW\OPENGL_WINDOW.ixx">
      <Filter>Source Files</Filter>
    </ClCompile>
    <ClCompile Include="SOURCE\OPENGL\GLAD\glad.cpp">
      <Filter>Source Files</Filter>
    </ClCompile>
    <ClCompile Include="SOURCE\OPENGL\OPENGL_BACKEND\OPENGL_BACKEND.cpp">
      <Filter>Source Files</Filter>
    </ClCompile>
    <ClCompile Include="SOURCE\OPENGL\OPENGL_CONTEXT\OPENGL_CONTEXT.cpp">
      <Filter>Source Files</Filter>
    </ClCompile>
    <ClCompile Include="SOURCE\OPENGL\OPENGL_SHADER\OPENGL_SHADER.cpp">
      <Filter>Source Files</Filter>
    </ClCompile>
    <ClCompile Include="SOURCE\OPENGL\OPENGL_WINDOW\GL_WINDOW_WIN32\GL_WINDOW_WIN32.cpp">
      <Filter>Source Files</Filter>
    </ClCompile>
    <ClCompile Include="SOURCE\OPENGL\OPENGL_WINDOW\OPENGL_WINDOW.cpp">
      <Filter>Source Files</Filter>
    </ClCompile>
  </ItemGroup>
  <ItemGroup>
    <None Include="cpp.hint" />
  </ItemGroup>
</Project>