<?xml version="1.0" encoding="utf-8"?>
<Project ToolsVersion="4.0" xmlns="http://schemas.microsoft.com/developer/msbuild/2003">
  <ItemGroup>
    <Filter Include="Source Files">
      <UniqueIdentifier>{4FC737F1-C7A5-4376-A066-2A32D752A2FF}</UniqueIdentifier>
      <Extensions>cpp;c;cc;cxx;c++;cppm;ixx;def;odl;idl;hpj;bat;asm;asmx</Extensions>
    </Filter>
    <Filter Include="Header Files">
      <UniqueIdentifier>{93995380-89BD-4b04-88EB-625FBE52EBFB}</UniqueIdentifier>
      <Extensions>h;hh;hpp;hxx;h++;hm;inl;inc;ipp;xsd</Extensions>
    </Filter>
    <Filter Include="Resource Files">
      <UniqueIdentifier>{67DA6AB6-F800-4c08-8B7A-83BB121AAD01}</UniqueIdentifier>
      <Extensions>rc;ico;cur;bmp;dlg;rc2;rct;bin;rgs;gif;jpg;jpeg;jpe;resx;tiff;tif;png;wav;mfcribbon-ms</Extensions>
    </Filter>
  </ItemGroup>
  <ItemGroup>
    <ClInclude Include="framework.h">
      <Filter>Header Files</Filter>
    </ClInclude>
    <ClInclude Include="pch.h">
      <Filter>Header Files</Filter>
    </ClInclude>
    <ClInclude Include="DLL-ENGINE-LINK.h">
      <Filter>Header Files</Filter>
    </ClInclude>
    <ClInclude Include="Header\DATATYPES\D_TS_P_VECTOR3.h">
      <Filter>Header Files</Filter>
    </ClInclude>
    <ClInclude Include="Header\DATATYPES\D_CONFIG_FILE.h">
      <Filter>Header Files</Filter>
    </ClInclude>
    <ClInclude Include="Header\DATATYPES\D_CONFIGFILE.h">
      <Filter>Header Files</Filter>
    </ClInclude>
    <ClInclude Include="Header\DATATYPES\D_DATATYPES.h">
      <Filter>Header Files</Filter>
    </ClInclude>
    <ClInclude Include="Header\DATATYPES\D_DEMOGRAFICCLASS.h">
      <Filter>Header Files</Filter>
    </ClInclude>
    <ClInclude Include="Header\DATATYPES\D_EVENT.h">
      <Filter>Header Files</Filter>
    </ClInclude>
    <ClInclude Include="Header\DATATYPES\D_MESH.h">
      <Filter>Header Files</Filter>
    </ClInclude>
    <ClInclude Include="Header\DATATYPES\D_MSG_MESSAGE.h">
      <Filter>Header Files</Filter>
    </ClInclude>
    <ClInclude Include="Header\DATATYPES\D_RAY.h">
      <Filter>Header Files</Filter>
    </ClInclude>
    <ClInclude Include="Header\DATATYPES\D_RESSOURCE.h">
      <Filter>Header Files</Filter>
    </ClInclude>
    <ClInclude Include="Header\DATATYPES\D_STARTUP_CONFIG.h">
      <Filter>Header Files</Filter>
    </ClInclude>
    <ClInclude Include="Header\DATATYPES\D_TAG_LAYERS.h">
      <Filter>Header Files</Filter>
    </ClInclude>
    <ClInclude Include="Header\DATATYPES\D_TERRAIN_DATA.h">
      <Filter>Header Files</Filter>
    </ClInclude>
    <ClInclude Include="Header\DATATYPES\D_TS_P_QUATERION.h">
      <Filter>Header Files</Filter>
    </ClInclude>
    <ClInclude Include="Header\DATATYPES\D_TS_P_VECOTR2.h">
      <Filter>Header Files</Filter>
    </ClInclude>
    <ClInclude Include="Header\CORE\C_BEHAVIOUR.h">
      <Filter>Header Files</Filter>
    </ClInclude>
    <ClInclude Include="Header\CORE\C_COMPONENT.h">
      <Filter>Header Files</Filter>
    </ClInclude>
    <ClInclude Include="Header\CORE\C_CONFIGLOADER.h">
      <Filter>Header Files</Filter>
    </ClInclude>
    <ClInclude Include="Header\CORE\C_CPUFEATURES.h">
      <Filter>Header Files</Filter>
    </ClInclude>
    <ClInclude Include="Header\CORE\C_FILELOADER.h">
      <Filter>Header Files</Filter>
    </ClInclude>
    <ClInclude Include="Header\CORE\C_INPUT.h">
      <Filter>Header Files</Filter>
    </ClInclude>
    <ClInclude Include="Header\CORE\C_OBJECT.h">
      <Filter>Header Files</Filter>
    </ClInclude>
    <ClInclude Include="Header\CORE\C_REFLECTION.h">
      <Filter>Header Files</Filter>
    </ClInclude>
    <ClInclude Include="Header\CORE\C_SCENE.h">
      <Filter>Header Files</Filter>
    </ClInclude>
    <ClInclude Include="Header\CORE\C_STARTUP.h">
      <Filter>Header Files</Filter>
    </ClInclude>
    <ClInclude Include="Header\CORE\C_THREADING.h">
      <Filter>Header Files</Filter>
    </ClInclude>
    <ClInclude Include="Header\CORE\CORE.h">
      <Filter>Header Files</Filter>
    </ClInclude>
    <ClInclude Include="Header\DEBUG\DEBUG_LOGGER.h">
      <Filter>Header Files</Filter>
    </ClInclude>
    <ClInclude Include="Header\ECS\ECS.h">
      <Filter>Header Files</Filter>
    </ClInclude>
    <ClInclude Include="Header\ECS\COMPONENTS\UI\E_C_U_BUTTON.h">
      <Filter>Header Files</Filter>
    </ClInclude>
    <ClInclude Include="Header\ECS\COMPONENTS\UI\E_C_U_IMMAGE.h">
      <Filter>Header Files</Filter>
    </ClInclude>
    <ClInclude Include="Header\ECS\COMPONENTS\UI\E_C_U_TEXT_FIELD.h">
      <Filter>Header Files</Filter>
    </ClInclude>
    <ClInclude Include="Header\ECS\COMPONENTS\UI\E_C_U_UI_TRANSFORM.h">
      <Filter>Header Files</Filter>
    </ClInclude>
    <ClInclude Include="Header\ECS\COMPONENTS\_COMPONENT.h">
      <Filter>Header Files</Filter>
    </ClInclude>
    <ClInclude Include="Header\ECS\COMPONENTS\CAMERA.h">
      <Filter>Header Files</Filter>
    </ClInclude>
    <ClInclude Include="Header\ECS\COMPONENTS\MESH.h">
      <Filter>Header Files</Filter>
    </ClInclude>
    <ClInclude Include="Header\ECS\COMPONENTS\TERRAIN.h">
      <Filter>Header Files</Filter>
    </ClInclude>
    <ClInclude Include="Header\ECS\COMPONENTS\TRANSFORM.h">
      <Filter>Header Files</Filter>
    </ClInclude>
    <ClInclude Include="Header\ECS\ENTITYS\_ENTITY.h">
      <Filter>Header Files</Filter>
    </ClInclude>
    <ClInclude Include="Header\ECS\ENTITYS\GAMEOBJECT.h">
      <Filter>Header Files</Filter>
    </ClInclude>
    <ClInclude Include="Header\EDITOR\EDITOR.h">
      <Filter>Header Files</Filter>
    </ClInclude>
    <ClInclude Include="Header\MESSAGES\MESSAGES.h">
      <Filter>Header Files</Filter>
    </ClInclude>
    <ClInclude Include="Header\MESSAGES\MMESSAGE_BUS.h">
      <Filter>Header Files</Filter>
    </ClInclude>
    <ClInclude Include="Header\PHYSICS\PHYSICS.h">
      <Filter>Header Files</Filter>
    </ClInclude>
    <ClInclude Include="Header\PHYSICS\PHYSICS_MANAGER.h">
      <Filter>Header Files</Filter>
    </ClInclude>
    <ClInclude Include="Header\PHYSICS\PHYSICS_OBJECT.h">
      <Filter>Header Files</Filter>
    </ClInclude>
    <ClInclude Include="Header\PHYSICS\RAYCAST.h">
      <Filter>Header Files</Filter>
    </ClInclude>
    <ClInclude Include="Header\RENDER\RENDER_DATATYPES\RENDER_DATATYPES.h">
      <Filter>Header Files</Filter>
    </ClInclude>
    <ClInclude Include="Header\RENDER\RENDER.h">
      <Filter>Header Files</Filter>
    </ClInclude>
    <ClInclude Include="Header\RENDER\RENDER_CAMERA.h">
      <Filter>Header Files</Filter>
    </ClInclude>
    <ClInclude Include="Header\RENDER\RENDER_MATERIAL.h">
      <Filter>Header Files</Filter>
    </ClInclude>
    <ClInclude Include="Header\RENDER\RENDER_OBJECT_SPAWNING.h">
      <Filter>Header Files</Filter>
    </ClInclude>
    <ClInclude Include="Header\RENDER\RENDER_SHADER_UTILLS.h">
      <Filter>Header Files</Filter>
    </ClInclude>
    <ClInclude Include="Header\RENDER\RENDERSETUP.h">
      <Filter>Header Files</Filter>
    </ClInclude>
    <ClInclude Include="GLINCLUDES.h">
      <Filter>Header Files</Filter>
    </ClInclude>
    <ClInclude Include="scripts\Empty.h">
      <Filter>Header Files</Filter>
    </ClInclude>
    <ClInclude Include="scripts\Teleport.h">
      <Filter>Header Files</Filter>
    </ClInclude>
    <ClInclude Include="scripts\TEST_.h">
      <Filter>Header Files</Filter>
    </ClInclude>
    <ClInclude Include="Header\ECS\COMPONENTS\_PHYSICSOBJEC.h">
      <Filter>Header Files</Filter>
    </ClInclude>
    <ClInclude Include="Header\CORE\CUSTOM_STD.h">
      <Filter>Header Files</Filter>
    </ClInclude>
  </ItemGroup>
  <ItemGroup>
    <ClCompile Include="dllmain.cpp">
      <Filter>Source Files</Filter>
    </ClCompile>
    <ClCompile Include="pch.cpp">
      <Filter>Source Files</Filter>
    </ClCompile>
    <ClCompile Include="src\DATATYPES\D_CONFIGFILE.cpp">
      <Filter>Source Files</Filter>
    </ClCompile>
    <ClCompile Include="src\DATATYPES\D_MESH.cpp">
      <Filter>Source Files</Filter>
    </ClCompile>
    <ClCompile Include="src\DATATYPES\D_TERRAIN_DATA.cpp">
      <Filter>Source Files</Filter>
    </ClCompile>
    <ClCompile Include="src\DATATYPES\D_TS_P_QUATERION.cpp">
      <Filter>Source Files</Filter>
    </ClCompile>
    <ClCompile Include="src\DATATYPES\D_TS_P_VECOTR2.cpp">
      <Filter>Source Files</Filter>
    </ClCompile>
    <ClCompile Include="src\DATATYPES\D_TS_P_VECTOR3.cpp">
      <Filter>Source Files</Filter>
    </ClCompile>
    <ClCompile Include="src\CORE\C_BEHAVIOUR.cpp">
      <Filter>Source Files</Filter>
    </ClCompile>
    <ClCompile Include="src\CORE\C_COMPONENTS.cpp">
      <Filter>Source Files</Filter>
    </ClCompile>
    <ClCompile Include="src\CORE\C_CONFIGLOADER.cpp">
      <Filter>Source Files</Filter>
    </ClCompile>
    <ClCompile Include="src\CORE\C_CPUFEATURES.cpp">
      <Filter>Source Files</Filter>
    </ClCompile>
    <ClCompile Include="src\CORE\C_FILELOADER.cpp">
      <Filter>Source Files</Filter>
    </ClCompile>
    <ClCompile Include="src\CORE\C_INPUT.cpp">
      <Filter>Source Files</Filter>
    </ClCompile>
    <ClCompile Include="src\CORE\C_OBJECT.cpp">
      <Filter>Source Files</Filter>
    </ClCompile>
    <ClCompile Include="src\CORE\C_SCENE.cpp">
      <Filter>Source Files</Filter>
    </ClCompile>
    <ClCompile Include="src\CORE\C_STARTUP.cpp">
      <Filter>Source Files</Filter>
    </ClCompile>
    <ClCompile Include="src\CORE\C_THREADING.cpp">
      <Filter>Source Files</Filter>
    </ClCompile>
    <ClCompile Include="src\CORE\CORE.cpp">
      <Filter>Source Files</Filter>
    </ClCompile>
    <ClCompile Include="src\DEBUG\DEBUG_LOGGER.cpp">
      <Filter>Source Files</Filter>
    </ClCompile>
    <ClCompile Include="src\ECS\COMPONENTS\MESH.cpp">
      <Filter>Source Files</Filter>
    </ClCompile>
    <ClCompile Include="src\ECS\COMPONENTS\TERRAIN.cpp">
      <Filter>Source Files</Filter>
    </ClCompile>
    <ClCompile Include="src\ECS\COMPONENTS\TRANSFORM.cpp">
      <Filter>Source Files</Filter>
    </ClCompile>
    <ClCompile Include="src\ECS\ENTITYS\GAMEOBJECT.cpp">
      <Filter>Source Files</Filter>
    </ClCompile>
    <ClCompile Include="src\MESSAGES\MESSAGE_BUS.cpp">
      <Filter>Source Files</Filter>
    </ClCompile>
    <ClCompile Include="src\PHYSICS\PHYSICS_MANAGER.cpp">
      <Filter>Source Files</Filter>
    </ClCompile>
    <ClCompile Include="src\PHYSICS\PHYSICS_OBJECT.cpp">
      <Filter>Source Files</Filter>
    </ClCompile>
    <ClCompile Include="src\PHYSICS\RAYCAST.cpp">
      <Filter>Source Files</Filter>
    </ClCompile>
    <ClCompile Include="src\RENDER\RENDER_CAMERA.cpp">
      <Filter>Source Files</Filter>
    </ClCompile>
    <ClCompile Include="src\RENDER\RENDER_DATATYPES.cpp">
      <Filter>Source Files</Filter>
    </ClCompile>
    <ClCompile Include="src\RENDER\RENDER_MATERIAL.cpp">
      <Filter>Source Files</Filter>
    </ClCompile>
    <ClCompile Include="src\RENDER\RENDER_SHADER_UTILLS.cpp">
      <Filter>Source Files</Filter>
    </ClCompile>
    <ClCompile Include="src\RENDER\RenderSetup.cpp">
      <Filter>Source Files</Filter>
    </ClCompile>
    <ClCompile Include="src\RENDER\sth.cpp">
      <Filter>Source Files</Filter>
    </ClCompile>
    <ClCompile Include="src\glad.c">
      <Filter>Source Files</Filter>
    </ClCompile>
    <ClCompile Include="src\TracyClient.cpp">
      <Filter>Source Files</Filter>
    </ClCompile>
    <ClCompile Include="src\IMGUI\imgui.cpp">
      <Filter>Source Files</Filter>
    </ClCompile>
    <ClCompile Include="src\IMGUI\imgui_demo.cpp">
      <Filter>Source Files</Filter>
    </ClCompile>
    <ClCompile Include="src\IMGUI\imgui_draw.cpp">
      <Filter>Source Files</Filter>
    </ClCompile>
    <ClCompile Include="src\IMGUI\imgui_impl_glfw.cpp">
      <Filter>Source Files</Filter>
    </ClCompile>
    <ClCompile Include="src\IMGUI\imgui_impl_opengl3.cpp">
      <Filter>Source Files</Filter>
    </ClCompile>
    <ClCompile Include="src\IMGUI\imgui_stdlib.cpp">
      <Filter>Source Files</Filter>
    </ClCompile>
    <ClCompile Include="src\IMGUI\imgui_tables.cpp">
      <Filter>Source Files</Filter>
    </ClCompile>
    <ClCompile Include="src\IMGUI\imgui_widgets.cpp">
      <Filter>Source Files</Filter>
    </ClCompile>
    <ClCompile Include="src\DATATYPES\STARTUP_CONFIG.cpp">
      <Filter>Source Files</Filter>
    </ClCompile>
    <ClCompile Include="src\SCRIPTS\CAMERA.cpp">
      <Filter>Source Files</Filter>
    </ClCompile>
    <ClCompile Include="src\SCRIPTS\Empty.cpp">
      <Filter>Source Files</Filter>
    </ClCompile>
    <ClCompile Include="src\SCRIPTS\TEST.cpp">
      <Filter>Source Files</Filter>
    </ClCompile>
    <ClCompile Include="DLL-ENGINE-LINK.cpp">
      <Filter>Source Files</Filter>
    </ClCompile>
  </ItemGroup>
</Project>