<?xml version="1.0" encoding="utf-8"?>
<Project ToolsVersion="4.0" xmlns="http://schemas.microsoft.com/developer/msbuild/2003">
  <ItemGroup>
    <Filter Include="Source Files">
      <UniqueIdentifier>{4FC737F1-C7A5-4376-A066-2A32D752A2FF}</UniqueIdentifier>
      <Extensions>cpp;c;cc;cxx;c++;cppm;ixx;def;odl;idl;hpj;bat;asm;asmx</Extensions>
    </Filter>
    <Filter Include="Header Files">
      <UniqueIdentifier>{93995380-89BD-4b04-88EB-625FBE52EBFB}</UniqueIdentifier>
      <Extensions>h;hh;hpp;hxx;h++;hm;inl;inc;ipp;xsd</Extensions>
    </Filter>
    <Filter Include="Resource Files">
      <UniqueIdentifier>{67DA6AB6-F800-4c08-8B7A-83BB121AAD01}</UniqueIdentifier>
      <Extensions>rc;ico;cur;bmp;dlg;rc2;rct;bin;rgs;gif;jpg;jpeg;jpe;resx;tiff;tif;png;wav;mfcribbon-ms</Extensions>
    </Filter>
    <Filter Include="Modules">
      <UniqueIdentifier>{b2f547f4-48c3-4395-ba7f-781f2760e170}</UniqueIdentifier>
    </Filter>
    <Filter Include="Source Files\TypeRegistrars">
      <UniqueIdentifier>{bc3cc0a7-8b2d-4280-a697-aa272e9482c9}</UniqueIdentifier>
    </Filter>
  </ItemGroup>
  <ItemGroup>
    <ClCompile Include="dllmain.cpp">
      <Filter>Source Files</Filter>
    </ClCompile>
    <ClCompile Include="SERIALIZED_OBJECT.ixx">
      <Filter>Modules</Filter>
    </ClCompile>
    <ClCompile Include="UE_SERIALISATION.ixx">
      <Filter>Source Files</Filter>
    </ClCompile>
    <ClCompile Include="SERIALIZED_TYPE_INFO.ixx">
      <Filter>Modules</Filter>
    </ClCompile>
    <ClCompile Include="RTTI_STORAGE.ixx">
      <Filter>Modules</Filter>
    </ClCompile>
    <ClCompile Include="RTTI_STORAGE.cpp">
      <Filter>Source Files</Filter>
    </ClCompile>
    <ClCompile Include="TYPE_REGISTERING.cpp">
      <Filter>Source Files</Filter>
    </ClCompile>
    <ClCompile Include="TypRegistrarstd.cpp">
      <Filter>Source Files\TypeRegistrars</Filter>
    </ClCompile>
    <ClCompile Include="TypeRegistrarInbuild.cpp">
      <Filter>Source Files\TypeRegistrars</Filter>
    </ClCompile>
    <ClCompile Include="TYPE_TRAITS.ixx">
      <Filter>Modules</Filter>
    </ClCompile>
    <ClCompile Include="SERIALIZED_TYPE_INFO.cpp">
      <Filter>Source Files</Filter>
    </ClCompile>
    <ClCompile Include="INTERFACES.ixx">
      <Filter>Modules</Filter>
    </ClCompile>
  </ItemGroup>
  <ItemGroup>
    <ClInclude Include="SERIALIZED_OBJECT.h">
      <Filter>Header Files</Filter>
    </ClInclude>
  </ItemGroup>
</Project>