<?xml version="1.0" encoding="utf-8"?>
<Project ToolsVersion="4.0" xmlns="http://schemas.microsoft.com/developer/msbuild/2003">
  <ItemGroup>
    <Filter Include="Source Files">
      <UniqueIdentifier>{4FC737F1-C7A5-4376-A066-2A32D752A2FF}</UniqueIdentifier>
      <Extensions>cpp;c;cc;cxx;c++;cppm;ixx;def;odl;idl;hpj;bat;asm;asmx</Extensions>
    </Filter>
    <Filter Include="Header Files">
      <UniqueIdentifier>{93995380-89BD-4b04-88EB-625FBE52EBFB}</UniqueIdentifier>
      <Extensions>h;hh;hpp;hxx;h++;hm;inl;inc;ipp;xsd</Extensions>
    </Filter>
    <Filter Include="Resource Files">
      <UniqueIdentifier>{67DA6AB6-F800-4c08-8B7A-83BB121AAD01}</UniqueIdentifier>
      <Extensions>rc;ico;cur;bmp;dlg;rc2;rct;bin;rgs;gif;jpg;jpeg;jpe;resx;tiff;tif;png;wav;mfcribbon-ms</Extensions>
    </Filter>
    <Filter Include="Header Files\OPERATORS">
      <UniqueIdentifier>{a953b408-2af0-4918-b2a1-cd765b1b65af}</UniqueIdentifier>
    </Filter>
    <Filter Include="Header Files\EVENTS">
      <UniqueIdentifier>{9d099e43-f10b-4d33-8054-8acdfbc770e1}</UniqueIdentifier>
    </Filter>
    <Filter Include="Header Files\OBJECTS">
      <UniqueIdentifier>{b2ef9f19-f823-4daf-9078-fcd37983d7db}</UniqueIdentifier>
    </Filter>
    <Filter Include="Source Files\OBJECTS">
      <UniqueIdentifier>{e0bc9aaf-b974-4ea8-a3df-7eb1dba50a7a}</UniqueIdentifier>
    </Filter>
    <Filter Include="Source Files\OPERATORS">
      <UniqueIdentifier>{1f0f4f92-d0bb-4832-9526-fb6ce407c40e}</UniqueIdentifier>
    </Filter>
    <Filter Include="Source Files\EVENTS">
      <UniqueIdentifier>{ff44ec8c-e07b-42c0-9a05-dc815481672d}</UniqueIdentifier>
    </Filter>
  </ItemGroup>
  <ItemGroup>
    <ClInclude Include="EVENT_QEUE.h">
      <Filter>Header Files</Filter>
    </ClInclude>
    <ClInclude Include="PROFILE_STREAM.h">
      <Filter>Header Files</Filter>
    </ClInclude>
    <ClInclude Include="PROFILER.h">
      <Filter>Header Files</Filter>
    </ClInclude>
    <ClInclude Include="PROFILER_INIT.h">
      <Filter>Header Files</Filter>
    </ClInclude>
    <ClInclude Include="OPERATOR_DELETE.h">
      <Filter>Header Files\OPERATORS</Filter>
    </ClInclude>
    <ClInclude Include="OPERATOR_NEW.h">
      <Filter>Header Files\OPERATORS</Filter>
    </ClInclude>
    <ClInclude Include="EVENT_BASE.h">
      <Filter>Header Files\EVENTS</Filter>
    </ClInclude>
    <ClInclude Include="SCOPED_TIME_EVENT.h">
      <Filter>Header Files\EVENTS</Filter>
    </ClInclude>
    <ClInclude Include="ALLOC_OBJECT.h">
      <Filter>Header Files\OBJECTS</Filter>
    </ClInclude>
    <ClInclude Include="DEALLOC_OBJECT.h">
      <Filter>Header Files\OBJECTS</Filter>
    </ClInclude>
    <ClInclude Include="SCOPED_TIMER_OBJECT.h">
      <Filter>Header Files\OBJECTS</Filter>
    </ClInclude>
    <ClInclude Include="DEALLOC.h">
      <Filter>Header Files\EVENTS</Filter>
    </ClInclude>
    <ClInclude Include="ALLOC.h">
      <Filter>Header Files\EVENTS</Filter>
    </ClInclude>
  </ItemGroup>
  <ItemGroup>
    <ClCompile Include="dllmain.cpp">
      <Filter>Source Files</Filter>
    </ClCompile>
    <ClCompile Include="EVENT_QEUE.cpp">
      <Filter>Source Files</Filter>
    </ClCompile>
    <ClCompile Include="PROFILE_STREAM.cpp">
      <Filter>Source Files</Filter>
    </ClCompile>
    <ClCompile Include="PROFILER.cpp">
      <Filter>Source Files</Filter>
    </ClCompile>
    <ClCompile Include="PROFILER_INIT.cpp">
      <Filter>Source Files</Filter>
    </ClCompile>
    <ClCompile Include="ALLOC_OBJECT.cpp">
      <Filter>Source Files\OBJECTS</Filter>
    </ClCompile>
    <ClCompile Include="DEALLOC_OBJECT.cpp">
      <Filter>Source Files\OBJECTS</Filter>
    </ClCompile>
    <ClCompile Include="PROF_EVENT.cpp">
      <Filter>Source Files\EVENTS</Filter>
    </ClCompile>
    <ClCompile Include="SCOPED_TIME_EVENT.cpp">
      <Filter>Source Files\EVENTS</Filter>
    </ClCompile>
    <ClCompile Include="SCOPED_TIME.cpp">
      <Filter>Source Files\OBJECTS</Filter>
    </ClCompile>
  </ItemGroup>
</Project>