<?xml version="1.0" encoding="utf-8"?>
<Project ToolsVersion="4.0" xmlns="http://schemas.microsoft.com/developer/msbuild/2003">
  <ItemGroup>
    <Filter Include="Source Files">
      <UniqueIdentifier>{4FC737F1-C7A5-4376-A066-2A32D752A2FF}</UniqueIdentifier>
      <Extensions>cpp;c;cc;cxx;c++;cppm;ixx;def;odl;idl;hpj;bat;asm;asmx</Extensions>
    </Filter>
    <Filter Include="Header Files">
      <UniqueIdentifier>{93995380-89BD-4b04-88EB-625FBE52EBFB}</UniqueIdentifier>
      <Extensions>h;hh;hpp;hxx;h++;hm;inl;inc;ipp;xsd</Extensions>
    </Filter>
    <Filter Include="Resource Files">
      <UniqueIdentifier>{67DA6AB6-F800-4c08-8B7A-83BB121AAD01}</UniqueIdentifier>
      <Extensions>rc;ico;cur;bmp;dlg;rc2;rct;bin;rgs;gif;jpg;jpeg;jpe;resx;tiff;tif;png;wav;mfcribbon-ms</Extensions>
    </Filter>
  </ItemGroup>
  <ItemGroup>
    <ClInclude Include="framework.h">
      <Filter>Header Files</Filter>
    </ClInclude>
    <ClInclude Include="pch.h">
      <Filter>Header Files</Filter>
    </ClInclude>
    <ClInclude Include="OPERATORS\PROFILER\OPERATOR_NEW\OPERATOR_NEW.h">
      <Filter>Header Files</Filter>
    </ClInclude>
    <ClInclude Include="OPERATORS\PROFILER\OPERATOR_DELETE\OPERATOR_DELETE.h">
      <Filter>Header Files</Filter>
    </ClInclude>
    <ClInclude Include="HEADER\PROFILER\PROFILER\PROFILER.h">
      <Filter>Header Files</Filter>
    </ClInclude>
    <ClInclude Include="HEADER\PROFILER\EVENT_QEUE\EVENT_QEUE.h">
      <Filter>Header Files</Filter>
    </ClInclude>
    <ClInclude Include="HEADER\PROFILER\PROFILE_STREAM\PROFILE_STREAM.h">
      <Filter>Header Files</Filter>
    </ClInclude>
    <ClInclude Include="HEADER\PROFILER\PROFILE_EVENTS\PROF_EVENT\PROF_EVENT.h">
      <Filter>Header Files</Filter>
    </ClInclude>
    <ClInclude Include="HEADER\PROFILER\PROFILE_EVENTS\ALLOC\ALLOC.h">
      <Filter>Header Files</Filter>
    </ClInclude>
    <ClInclude Include="HEADER\PROFILER\PROFILER_OBJECTS\ALLOC\ALLOC_OBJECT.h">
      <Filter>Header Files</Filter>
    </ClInclude>
    <ClInclude Include="HEADER\PROFILER\PROFILER_INIT\PROFILER_INIT.h">
      <Filter>Header Files</Filter>
    </ClInclude>
    <ClInclude Include="HEADER\PROFILER\PROFILE_EVENTS\DEALLOC\DEALLOC.h">
      <Filter>Header Files</Filter>
    </ClInclude>
    <ClInclude Include="HEADER\PROFILER\PROFILER_OBJECTS\DEALLOC\DEALLOC_OBJECT.h">
      <Filter>Header Files</Filter>
    </ClInclude>
    <ClInclude Include="HEADER\PROFILER\PROFILER_OBJECTS\TIMERS\SCOPED\SCOPED_TIME.h">
      <Filter>Header Files</Filter>
    </ClInclude>
    <ClInclude Include="HEADER\PROFILER\PROFILE_EVENTS\TIMERS\SCOPED\SCOPED_TIME_EVENT.h">
      <Filter>Header Files</Filter>
    </ClInclude>
  </ItemGroup>
  <ItemGroup>
    <ClCompile Include="dllmain.cpp">
      <Filter>Source Files</Filter>
    </ClCompile>
    <ClCompile Include="pch.cpp">
      <Filter>Source Files</Filter>
    </ClCompile>
    <ClCompile Include="..\..\SHARED_CODE\MODULES\REF_WRAPPER.ixx">
      <Filter>Source Files</Filter>
    </ClCompile>
    <ClCompile Include="SOURCE\PROFILER\EVENT_QEUE\EVENT_QEUE.cpp">
      <Filter>Source Files</Filter>
    </ClCompile>
    <ClCompile Include="SOURCE\PROFILER\PROFILE_STREAM\PROFILE_STREAM.cpp">
      <Filter>Source Files</Filter>
    </ClCompile>
    <ClCompile Include="SOURCE\PROFILER\PROFILER\PROFILER.cpp">
      <Filter>Source Files</Filter>
    </ClCompile>
    <ClCompile Include="SOURCE\PROFILER\PROFILER_OBJECTS\ALLOC\ALLOC_OBJECT.cpp">
      <Filter>Source Files</Filter>
    </ClCompile>
    <ClCompile Include="SOURCE\PROFILER\PROFILER_INIT\PROFILER_INIT.cpp">
      <Filter>Source Files</Filter>
    </ClCompile>
    <ClCompile Include="SOURCE\PROFILER\PROFILER_OBJECTS\DEALLOC\DEALLOC_OBJECT.cpp">
      <Filter>Source Files</Filter>
    </ClCompile>
    <ClCompile Include="SOURCE\PROFILER\PROFILER_OBJECTS\TIMERS\SCOPED\SCOPED_TIME.cpp">
      <Filter>Source Files</Filter>
    </ClCompile>
    <ClCompile Include="SOURCE\PROFILER\PROFILE_EVENTS\TIMERS\SCOPED\SCOPED_TIME_EVENT.cpp">
      <Filter>Source Files</Filter>
    </ClCompile>
    <ClCompile Include="SOURCE\PROFILER\PROFILE_EVENTS\PROF_EVENT\PROF_EVENT.cpp">
      <Filter>Source Files</Filter>
    </ClCompile>
  </ItemGroup>
</Project>