<?xml version="1.0" encoding="utf-8"?>
<Project ToolsVersion="4.0" xmlns="http://schemas.microsoft.com/developer/msbuild/2003">
  <ItemGroup>
    <Filter Include="Source Files">
      <UniqueIdentifier>{4FC737F1-C7A5-4376-A066-2A32D752A2FF}</UniqueIdentifier>
      <Extensions>cpp;c;cc;cxx;c++;cppm;ixx;def;odl;idl;hpj;bat;asm;asmx</Extensions>
    </Filter>
    <Filter Include="Header Files">
      <UniqueIdentifier>{93995380-89BD-4b04-88EB-625FBE52EBFB}</UniqueIdentifier>
      <Extensions>h;hh;hpp;hxx;h++;hm;inl;inc;ipp;xsd</Extensions>
    </Filter>
    <Filter Include="Resource Files">
      <UniqueIdentifier>{67DA6AB6-F800-4c08-8B7A-83BB121AAD01}</UniqueIdentifier>
      <Extensions>rc;ico;cur;bmp;dlg;rc2;rct;bin;rgs;gif;jpg;jpeg;jpe;resx;tiff;tif;png;wav;mfcribbon-ms</Extensions>
    </Filter>
  </ItemGroup>
  <ItemGroup>
    <ClInclude Include="framework.h">
      <Filter>Header Files</Filter>
    </ClInclude>
    <ClInclude Include="pch.h">
      <Filter>Header Files</Filter>
    </ClInclude>
    <ClInclude Include="CORE.h">
      <Filter>Header Files</Filter>
    </ClInclude>
    <ClInclude Include="HEADER_UNUSED_MOVED_TO_MODULES\DATATYPES\M_STRING\STRING.h">
      <Filter>Header Files</Filter>
    </ClInclude>
    <ClInclude Include="HEADER_UNUSED_MOVED_TO_MODULES\CORE\M_COMPONENT\COMPONENT.h">
      <Filter>Header Files</Filter>
    </ClInclude>
    <ClInclude Include="HEADER_UNUSED_MOVED_TO_MODULES\CORE\M_CPUID\CPUID.h">
      <Filter>Header Files</Filter>
    </ClInclude>
    <ClInclude Include="HEADER_UNUSED_MOVED_TO_MODULES\CORE\M_OBJECT\OBJECT.h">
      <Filter>Header Files</Filter>
    </ClInclude>
    <ClInclude Include="HEADER_UNUSED_MOVED_TO_MODULES\CORE\THREADING\THREAD\THREAD.h">
      <Filter>Header Files</Filter>
    </ClInclude>
    <ClInclude Include="HEADER_UNUSED_MOVED_TO_MODULES\DATATYPES\M_ARRAY\ARRAY.h">
      <Filter>Header Files</Filter>
    </ClInclude>
    <ClInclude Include="HEADER_UNUSED_MOVED_TO_MODULES\DATATYPES\M_LAYER\LAYER.h">
      <Filter>Header Files</Filter>
    </ClInclude>
    <ClInclude Include="HEADER_UNUSED_MOVED_TO_MODULES\DATATYPES\M_MAT4\Mat4.h">
      <Filter>Header Files</Filter>
    </ClInclude>
    <ClInclude Include="HEADER_UNUSED_MOVED_TO_MODULES\DATATYPES\MUTEXES\MUTEX\MUTEX.h">
      <Filter>Header Files</Filter>
    </ClInclude>
    <ClInclude Include="HEADER_UNUSED_MOVED_TO_MODULES\DATATYPES\MUTEXES\SPINLOCK\FAIR_LOCK\FAIR_LOCK.h">
      <Filter>Header Files</Filter>
    </ClInclude>
    <ClInclude Include="HEADER_UNUSED_MOVED_TO_MODULES\DATATYPES\MUTEXES\SPINLOCK\UNFAIR_LOCK\UNFAIR_LOCK.h">
      <Filter>Header Files</Filter>
    </ClInclude>
    <ClInclude Include="HEADER_UNUSED_MOVED_TO_MODULES\DATATYPES\M_QUTERION\QUATERION.h">
      <Filter>Header Files</Filter>
    </ClInclude>
    <ClInclude Include="HEADER_UNUSED_MOVED_TO_MODULES\DATATYPES\M_TAG\TAG.h">
      <Filter>Header Files</Filter>
    </ClInclude>
    <ClInclude Include="HEADER_UNUSED_MOVED_TO_MODULES\DATATYPES\THREADING\ASYNC_RESULT\ASYNC_RETURN.h">
      <Filter>Header Files</Filter>
    </ClInclude>
    <ClInclude Include="HEADER_UNUSED_MOVED_TO_MODULES\DATATYPES\M_UUID\UUID.h">
      <Filter>Header Files</Filter>
    </ClInclude>
    <ClInclude Include="HEADER_UNUSED_MOVED_TO_MODULES\DATATYPES\M_VECTOR\VECTOR2\VECTOR2.h">
      <Filter>Header Files</Filter>
    </ClInclude>
    <ClInclude Include="HEADER_UNUSED_MOVED_TO_MODULES\DATATYPES\M_VECTOR\VECTOR3\FAST\VECTOR3_F.h">
      <Filter>Header Files</Filter>
    </ClInclude>
    <ClInclude Include="HEADER_UNUSED_MOVED_TO_MODULES\DATATYPES\M_VECTOR\VECTOR4\VECTOR4.h">
      <Filter>Header Files</Filter>
    </ClInclude>
    <ClInclude Include="HEADER_UNUSED_MOVED_TO_MODULES\DATATYPES\M_STRING\SMALL\SMALL_STRING.h">
      <Filter>Header Files</Filter>
    </ClInclude>
    <ClInclude Include="HEADER_UNUSED_MOVED_TO_MODULES\CORE\M_REF_WRAPPERS\CONTROLL_BLOCKS\GC_CONTROLBLOCK\GC_CONTROL_BLOCK.h">
      <Filter>Header Files</Filter>
    </ClInclude>
    <ClInclude Include="HEADER_UNUSED_MOVED_TO_MODULES\CORE\M_REF_WRAPPERS\CONTROLL_BLOCKS\CONTROL_BASE\CONTROL_BASE.h">
      <Filter>Header Files</Filter>
    </ClInclude>
    <ClInclude Include="HEADER_UNUSED_MOVED_TO_MODULES\CORE\M_REF_WRAPPERS\OWNED_REF\OWNED_REF.h">
      <Filter>Header Files</Filter>
    </ClInclude>
    <ClInclude Include="HEADER_UNUSED_MOVED_TO_MODULES\CORE\M_REF_WRAPPERS\WRAPPER_BASE\WRAPPER_BASE.h">
      <Filter>Header Files</Filter>
    </ClInclude>
    <ClInclude Include="MODULE\UE_CORE_INTELLISENSE_FIX.h">
      <Filter>Header Files</Filter>
    </ClInclude>
    <ClInclude Include="MODULE\CORE\BEHAVIOUR\BEHAVIOUR_INTERNAL.h">
      <Filter>Header Files</Filter>
    </ClInclude>
    <ClInclude Include="MODULE\CORE\REF_WRAPPERS\CONTROLL_BLOCKS\CONTROL_BASE\CONTROL_BASE_INTERNAL.h">
      <Filter>Header Files</Filter>
    </ClInclude>
    <ClInclude Include="MODULE\CORE\REF_WRAPPERS\CONTROLL_BLOCKS\GC_CONTROLBLOCK\GC_CONTROLBLOCK_INTERNAL.h">
      <Filter>Header Files</Filter>
    </ClInclude>
    <ClInclude Include="MODULE\CORE\REF_WRAPPERS\CONTROLL_BLOCKS\OWNED_CONTROLBLOCK\OWNED_CONTROLBLOCK_INTERNAL.h">
      <Filter>Header Files</Filter>
    </ClInclude>
    <ClInclude Include="MODULE\CORE\REF_WRAPPERS\CONTROLL_BLOCKS\SHARED_CONTROL_BLOCK\SHARED_CONTROL_BLOCK_INTERNAL.h">
      <Filter>Header Files</Filter>
    </ClInclude>
    <ClInclude Include="MODULE\CORE\REF_WRAPPERS\WEAK_REF\WEAK_REF_INTERNAL.h">
      <Filter>Header Files</Filter>
    </ClInclude>
    <ClInclude Include="MODULE\CORE\REF_WRAPPERS\WRAPPER_BASE\WRAPPER_BASE_INTERNAL.h">
      <Filter>Header Files</Filter>
    </ClInclude>
    <ClInclude Include="MODULE\CORE\REF_WRAPPERS\SHARED_REF\SHARED_REF_INTERNAL.h">
      <Filter>Header Files</Filter>
    </ClInclude>
    <ClInclude Include="MODULE\CORE\REF_WRAPPERS\OWNED_REF\OWNED_REF_INTERNAL.h">
      <Filter>Header Files</Filter>
    </ClInclude>
    <ClInclude Include="MODULE\CORE\CONCEPTS\ALIGN\CONCEPT_ALIGN_INTERNAL.h">
      <Filter>Header Files</Filter>
    </ClInclude>
    <ClInclude Include="MODULE\CORE\CONCEPTS\SIZE\CONCEPT_SIZE_INTERNAL.h">
      <Filter>Header Files</Filter>
    </ClInclude>
    <ClInclude Include="MODULE\CORE\CPUID\CPUID_INTERNAL.h">
      <Filter>Header Files</Filter>
    </ClInclude>
    <ClInclude Include="MODULE\CORE\OBJECT\OBJECT_INTERNAL.h">
      <Filter>Header Files</Filter>
    </ClInclude>
    <ClInclude Include="MODULE\CORE\SIMD_UTILLS\__M128\__M128_UTILLS_INTERNAL.h">
      <Filter>Header Files</Filter>
    </ClInclude>
    <ClInclude Include="MODULE\DATATYPES\UUID\UUID_INTERNAL.h">
      <Filter>Header Files</Filter>
    </ClInclude>
    <ClInclude Include="MODULE\CORE\COMPONENT\COMPONENT_INTERNAL.h">
      <Filter>Header Files</Filter>
    </ClInclude>
    <ClInclude Include="MODULE\DATATYPES\ARRAY\ARRAY_INTERNAL.h">
      <Filter>Header Files</Filter>
    </ClInclude>
    <ClInclude Include="MODULE\DATATYPES\LAYER\LAYER_INTERNAL.h">
      <Filter>Header Files</Filter>
    </ClInclude>
    <ClInclude Include="MODULE\DATATYPES\MAT4\MAT4_INTERNAL.h">
      <Filter>Header Files</Filter>
    </ClInclude>
    <ClInclude Include="MODULE\DATATYPES\VECTOR\VECTOR2\VECTOR2_INTERNAL.h">
      <Filter>Header Files</Filter>
    </ClInclude>
    <ClInclude Include="MODULE\DATATYPES\VECTOR\VECTOR3\VECTOR3_INTERNAL.h">
      <Filter>Header Files</Filter>
    </ClInclude>
    <ClInclude Include="MODULE\DATATYPES\VECTOR\VECTOR4\VECTOR4_INTERNAL.h">
      <Filter>Header Files</Filter>
    </ClInclude>
    <ClInclude Include="MODULE\DATATYPES\QUATERNION\QUATERNION_INTERNAL.h">
      <Filter>Header Files</Filter>
    </ClInclude>
    <ClInclude Include="MODULE\DATATYPES\STRING\STRING_INTERNAL.h">
      <Filter>Header Files</Filter>
    </ClInclude>
    <ClInclude Include="MODULE\DATATYPES\TAG\TAG_INTERNAL.h">
      <Filter>Header Files</Filter>
    </ClInclude>
  </ItemGroup>
  <ItemGroup>
    <ClCompile Include="dllmain.cpp">
      <Filter>Source Files</Filter>
    </ClCompile>
    <ClCompile Include="pch.cpp">
      <Filter>Source Files</Filter>
    </ClCompile>
    <ClCompile Include="..\UPRISE_ENGINE_PROFILER\OPERATORS\PROFILER\OPERATOR_NEW\OPERATOR_NEW.cpp">
      <Filter>Source Files</Filter>
    </ClCompile>
    <ClCompile Include="MODULE\UPRISE_ENGINE_CORE.ixx">
      <Filter>Source Files</Filter>
    </ClCompile>
    <ClCompile Include="MODULE\BUILD_MODULE.cpp">
      <Filter>Source Files</Filter>
    </ClCompile>
    <ClCompile Include="SOURCE\CORE\BEHAVIOUR\BEHAVIOUR.cpp">
      <Filter>Source Files</Filter>
    </ClCompile>
    <ClCompile Include="SOURCE\CORE\COMPONENT\COMPONENT.cpp">
      <Filter>Source Files</Filter>
    </ClCompile>
    <ClCompile Include="SOURCE\CORE\CPUID\CPUID.cpp">
      <Filter>Source Files</Filter>
    </ClCompile>
    <ClCompile Include="SOURCE\CORE\OBJECT\Object.cpp">
      <Filter>Source Files</Filter>
    </ClCompile>
    <ClCompile Include="SOURCE\DATATYPES\LAYER\LAYER.cpp">
      <Filter>Source Files</Filter>
    </ClCompile>
    <ClCompile Include="SOURCE\DATATYPES\TAG\TAG.cpp">
      <Filter>Source Files</Filter>
    </ClCompile>
    <ClCompile Include="SOURCE\DATATYPES\UUID\UUID.cpp">
      <Filter>Source Files</Filter>
    </ClCompile>
    <ClCompile Include="MODULE\CORE\BEHAVIOUR\BEHAVIOUR.ixx">
      <Filter>Source Files</Filter>
    </ClCompile>
    <ClCompile Include="MODULE\CORE\REF_WRAPPERS\CONTROLL_BLOCKS\CONTROL_BASE\CONTROL_BASE.ixx">
      <Filter>Source Files</Filter>
    </ClCompile>
    <ClCompile Include="MODULE\CORE\REF_WRAPPERS\CONTROLL_BLOCKS\GC_CONTROLBLOCK\GC_CONTROLBLOCK.ixx">
      <Filter>Source Files</Filter>
    </ClCompile>
    <ClCompile Include="MODULE\CORE\REF_WRAPPERS\WEAK_REF\WEAK_REF.ixx">
      <Filter>Source Files</Filter>
    </ClCompile>
    <ClCompile Include="MODULE\CORE\REF_WRAPPERS\WRAPPER_BASE\WRAPPER_BASE.ixx">
      <Filter>Source Files</Filter>
    </ClCompile>
    <ClCompile Include="MODULE\CORE\SIMD_UTILLS\__M128\__M128_UTILLS.ixx">
      <Filter>Source Files</Filter>
    </ClCompile>
    <ClCompile Include="MODULE\CORE\CONCEPTS\ALIGN\CONCEPT_ALIGN.ixx">
      <Filter>Source Files</Filter>
    </ClCompile>
    <ClCompile Include="MODULE\CORE\CONCEPTS\SIZE\CONCEPT_SIZE.ixx">
      <Filter>Source Files</Filter>
    </ClCompile>
    <ClCompile Include="MODULE\CORE\REF_WRAPPERS\SHARED_REF\SHARED_REF.ixx">
      <Filter>Source Files</Filter>
    </ClCompile>
    <ClCompile Include="MODULE\CORE\OBJECT\OBJECT.ixx">
      <Filter>Source Files</Filter>
    </ClCompile>
    <ClCompile Include="MODULE\DATATYPES\UUID\UUID.ixx">
      <Filter>Source Files</Filter>
    </ClCompile>
    <ClCompile Include="MODULE\CORE\REF_WRAPPERS\CONTROLL_BLOCKS\OWNED_CONTROLBLOCK\OWNED_CONTROLBLOCK.ixx">
      <Filter>Source Files</Filter>
    </ClCompile>
    <ClCompile Include="MODULE\CORE\REF_WRAPPERS\OWNED_REF\OWNED_REF.ixx">
      <Filter>Source Files</Filter>
    </ClCompile>
    <ClCompile Include="MODULE\CORE\CPUID\CPUID.ixx">
      <Filter>Source Files</Filter>
    </ClCompile>
    <ClCompile Include="MODULE\CORE\REF_WRAPPERS\CONTROLL_BLOCKS\SHARED_CONTROL_BLOCK\SHARED_CONTROL_BLOCK.ixx">
      <Filter>Source Files</Filter>
    </ClCompile>
    <ClCompile Include="MODULE\CORE\COMPONENT\COMPONENT.ixx">
      <Filter>Source Files</Filter>
    </ClCompile>
    <ClCompile Include="MODULE\DATATYPES\ARRAY\ARRAY.ixx">
      <Filter>Source Files</Filter>
    </ClCompile>
    <ClCompile Include="MODULE\DATATYPES\LAYER\LAYER.ixx">
      <Filter>Source Files</Filter>
    </ClCompile>
    <ClCompile Include="MODULE\DATATYPES\MAT4\MAT4.ixx">
      <Filter>Source Files</Filter>
    </ClCompile>
    <ClCompile Include="MODULE\DATATYPES\VECTOR\VECTOR2\VECTOR2.ixx">
      <Filter>Source Files</Filter>
    </ClCompile>
    <ClCompile Include="MODULE\DATATYPES\VECTOR\VECTOR3\VECTOR3.ixx">
      <Filter>Source Files</Filter>
    </ClCompile>
    <ClCompile Include="MODULE\DATATYPES\VECTOR\VECTOR4\VECTOR4.ixx">
      <Filter>Source Files</Filter>
    </ClCompile>
    <ClCompile Include="MODULE\DATATYPES\QUATERNION\QUATERNION.ixx">
      <Filter>Source Files</Filter>
    </ClCompile>
    <ClCompile Include="MODULE\DATATYPES\STRING\STRING.ixx">
      <Filter>Source Files</Filter>
    </ClCompile>
    <ClCompile Include="MODULE\DATATYPES\TAG\TAG.ixx">
      <Filter>Source Files</Filter>
    </ClCompile>
  </ItemGroup>
  <ItemGroup>
    <None Include="cpp.hint" />
    <None Include="ClassDiagram.cd" />
  </ItemGroup>
</Project>