<?xml version="1.0" encoding="utf-8"?>
<Project ToolsVersion="4.0" xmlns="http://schemas.microsoft.com/developer/msbuild/2003">
  <ItemGroup>
    <Filter Include="Source Files">
      <UniqueIdentifier>{4FC737F1-C7A5-4376-A066-2A32D752A2FF}</UniqueIdentifier>
      <Extensions>cpp;c;cc;cxx;c++;cppm;ixx;def;odl;idl;hpj;bat;asm;asmx</Extensions>
    </Filter>
    <Filter Include="Header Files">
      <UniqueIdentifier>{93995380-89BD-4b04-88EB-625FBE52EBFB}</UniqueIdentifier>
      <Extensions>h;hh;hpp;hxx;h++;hm;inl;inc;ipp;xsd</Extensions>
    </Filter>
    <Filter Include="Resource Files">
      <UniqueIdentifier>{67DA6AB6-F800-4c08-8B7A-83BB121AAD01}</UniqueIdentifier>
      <Extensions>rc;ico;cur;bmp;dlg;rc2;rct;bin;rgs;gif;jpg;jpeg;jpe;resx;tiff;tif;png;wav;mfcribbon-ms</Extensions>
    </Filter>
  </ItemGroup>
  <ItemGroup>
    <ClInclude Include="framework.h">
      <Filter>Header Files</Filter>
    </ClInclude>
    <ClInclude Include="pch.h">
      <Filter>Header Files</Filter>
    </ClInclude>
    <ClInclude Include="HEADER\DATATYPES\VECTOR\VECTOR4\VECTOR4.h">
      <Filter>Header Files</Filter>
    </ClInclude>
    <ClInclude Include="HEADER\DATATYPES\VECTOR\VECTOR3\FAST\VECTOR3_F.h">
      <Filter>Header Files</Filter>
    </ClInclude>
    <ClInclude Include="HEADER\DATATYPES\ARRAY\ARRAY.h">
      <Filter>Header Files</Filter>
    </ClInclude>
    <ClInclude Include="HEADER\DATATYPES\VECTOR\VECTOR2\VECTOR2.h">
      <Filter>Header Files</Filter>
    </ClInclude>
    <ClInclude Include="HEADER\DATATYPES\QUTERION\QUATERION.h">
      <Filter>Header Files</Filter>
    </ClInclude>
    <ClInclude Include="HEADER\DATATYPES\TAG\TAG.h">
      <Filter>Header Files</Filter>
    </ClInclude>
    <ClInclude Include="HEADER\DATATYPES\LAYER\LAYER.h">
      <Filter>Header Files</Filter>
    </ClInclude>
    <ClInclude Include="HEADER\CORE\BEHAVIOUR\BEHAVIOUR.h">
      <Filter>Header Files</Filter>
    </ClInclude>
    <ClInclude Include="HEADER\CORE\COMPONENT\COMPONENT.h">
      <Filter>Header Files</Filter>
    </ClInclude>
    <ClInclude Include="HEADER\CORE\OBJECT\OBJECT.h">
      <Filter>Header Files</Filter>
    </ClInclude>
    <ClInclude Include="HEADER\CORE\CPUID\CPUID.h">
      <Filter>Header Files</Filter>
    </ClInclude>
    <ClInclude Include="HEADER\DATATYPES\MAT4\Mat4.h">
      <Filter>Header Files</Filter>
    </ClInclude>
    <ClInclude Include="CORE.h">
      <Filter>Header Files</Filter>
    </ClInclude>
    <ClInclude Include="HEADER\DATATYPES\UUID\UUID.h">
      <Filter>Header Files</Filter>
    </ClInclude>
    <ClInclude Include="SOURCE\DATATYPES\UUID\UUID_INT\UUID_INT.h">
      <Filter>Header Files</Filter>
    </ClInclude>
  </ItemGroup>
  <ItemGroup>
    <ClCompile Include="dllmain.cpp">
      <Filter>Source Files</Filter>
    </ClCompile>
    <ClCompile Include="pch.cpp">
      <Filter>Source Files</Filter>
    </ClCompile>
    <ClCompile Include="SOURCE\CORE\BEHAVIOUR\BEHAVIOUR.cpp">
      <Filter>Source Files</Filter>
    </ClCompile>
    <ClCompile Include="..\..\SHARED_CODE\MODULES\Smart_ptr.ixx">
      <Filter>Source Files</Filter>
    </ClCompile>
    <ClCompile Include="SOURCE\CORE\OBJECT\Object.cpp">
      <Filter>Source Files</Filter>
    </ClCompile>
    <ClCompile Include="..\..\SHARED_CODE\MODULES\REF_WRAPPER.ixx">
      <Filter>Source Files</Filter>
    </ClCompile>
    <ClCompile Include="SOURCE\CORE\COMPONENT\COMPONENT.cpp">
      <Filter>Source Files</Filter>
    </ClCompile>
    <ClCompile Include="SOURCE\CORE\CPUID\CPUID.cpp">
      <Filter>Source Files</Filter>
    </ClCompile>
    <ClCompile Include="SOURCE\DATATYPES\LAYER\LAYER.cpp">
      <Filter>Source Files</Filter>
    </ClCompile>
    <ClCompile Include="SOURCE\DATATYPES\TAG\TAG.cpp">
      <Filter>Source Files</Filter>
    </ClCompile>
    <ClCompile Include="SOURCE\DATATYPES\UUID\UUID.cpp">
      <Filter>Source Files</Filter>
    </ClCompile>
    <ClCompile Include="SOURCE\DATATYPES\UUID\UUID_INT\UUID_INT.cpp">
      <Filter>Source Files</Filter>
    </ClCompile>
  </ItemGroup>
  <ItemGroup>
    <None Include="ClassDiagram.cd" />
    <None Include="cpp.hint" />
  </ItemGroup>
</Project>