<?xml version="1.0" encoding="utf-8"?>
<Project ToolsVersion="4.0" xmlns="http://schemas.microsoft.com/developer/msbuild/2003">
  <ItemGroup>
    <Filter Include="Source Files">
      <UniqueIdentifier>{4FC737F1-C7A5-4376-A066-2A32D752A2FF}</UniqueIdentifier>
      <Extensions>cpp;c;cc;cxx;c++;cppm;ixx;def;odl;idl;hpj;bat;asm;asmx</Extensions>
    </Filter>
    <Filter Include="Header Files">
      <UniqueIdentifier>{93995380-89BD-4b04-88EB-625FBE52EBFB}</UniqueIdentifier>
      <Extensions>h;hh;hpp;hxx;h++;hm;inl;inc;ipp;xsd</Extensions>
    </Filter>
    <Filter Include="Resource Files">
      <UniqueIdentifier>{67DA6AB6-F800-4c08-8B7A-83BB121AAD01}</UniqueIdentifier>
      <Extensions>rc;ico;cur;bmp;dlg;rc2;rct;bin;rgs;gif;jpg;jpeg;jpe;resx;tiff;tif;png;wav;mfcribbon-ms</Extensions>
    </Filter>
    <Filter Include="Header Files\CORE">
      <UniqueIdentifier>{859f74d9-a446-4206-8e20-c116750baa4e}</UniqueIdentifier>
    </Filter>
    <Filter Include="Header Files\DATATYPES">
      <UniqueIdentifier>{aeb8267a-5ac2-4f91-8dd0-de9fcfb2f73b}</UniqueIdentifier>
    </Filter>
    <Filter Include="Header Files\CORE\CONCEPTS">
      <UniqueIdentifier>{e4b8b4e1-11b6-4a97-a882-41beef36085b}</UniqueIdentifier>
    </Filter>
    <Filter Include="Header Files\DATATYPES\VECTOR">
      <UniqueIdentifier>{f58bca23-1b3f-49c5-be1d-12dec55dda26}</UniqueIdentifier>
    </Filter>
    <Filter Include="Header Files\DATATYPES\MAT">
      <UniqueIdentifier>{800cdf6f-eaae-4343-ac48-697279bdee87}</UniqueIdentifier>
    </Filter>
    <Filter Include="Header Files\CORE\INTERFACES">
      <UniqueIdentifier>{19288f08-dad7-4887-b21a-c3c8c47460da}</UniqueIdentifier>
    </Filter>
  </ItemGroup>
  <ItemGroup>
    <ClInclude Include="CONCEPT_SIZE_INTERNAL.h">
      <Filter>Header Files\CORE\CONCEPTS</Filter>
    </ClInclude>
    <ClInclude Include="CONCEPT_ALIGN_INTERNAL.h">
      <Filter>Header Files\CORE\CONCEPTS</Filter>
    </ClInclude>
    <ClInclude Include="CPUID.h">
      <Filter>Header Files\CORE</Filter>
    </ClInclude>
    <ClInclude Include="QUATERNION.h">
      <Filter>Header Files\DATATYPES</Filter>
    </ClInclude>
    <ClInclude Include="UUID.h">
      <Filter>Header Files\DATATYPES</Filter>
    </ClInclude>
    <ClInclude Include="UTILITIES.h">
      <Filter>Header Files\CORE</Filter>
    </ClInclude>
    <ClInclude Include="VECTOR.h">
      <Filter>Header Files\DATATYPES\VECTOR</Filter>
    </ClInclude>
    <ClInclude Include="VECTOR2.h">
      <Filter>Header Files\DATATYPES\VECTOR</Filter>
    </ClInclude>
    <ClInclude Include="VECTOR4.h">
      <Filter>Header Files\DATATYPES\VECTOR</Filter>
    </ClInclude>
    <ClInclude Include="VECTOR3.h">
      <Filter>Header Files\DATATYPES\VECTOR</Filter>
    </ClInclude>
    <ClInclude Include="MAT.h">
      <Filter>Header Files\DATATYPES\MAT</Filter>
    </ClInclude>
    <ClInclude Include="INTERFACES.h">
      <Filter>Header Files\CORE\INTERFACES</Filter>
    </ClInclude>
    <ClInclude Include="MAT4.h">
      <Filter>Header Files\DATATYPES\MAT</Filter>
    </ClInclude>
  </ItemGroup>
  <ItemGroup>
    <ClCompile Include="dllmain.cpp">
      <Filter>Source Files</Filter>
    </ClCompile>
    <ClCompile Include="CPUID.cpp">
      <Filter>Source Files</Filter>
    </ClCompile>
    <ClCompile Include="UUID.cpp">
      <Filter>Source Files</Filter>
    </ClCompile>
  </ItemGroup>
  <ItemGroup>
    <None Include="cpp.hint" />
  </ItemGroup>
</Project>